// !$*UTF8*$!
{
	archiveVersion = 1;
	classes = {
	};
	objectVersion = 46;
	objects = {

/* Begin PBXBuildFile section */
		CD3C3069171D80540033AB22 /* VideoViewController.m in Sources */ = {isa = PBXBuildFile; fileRef = CD3C3067171D80540033AB22 /* VideoViewController.m */; };
		CD3C306A171D80540033AB22 /* VideoViewController.xib in Resources */ = {isa = PBXBuildFile; fileRef = CD3C3068171D80540033AB22 /* VideoViewController.xib */; };
		CD3C306C171D89F10033AB22 /* MoreViewController.xib in Resources */ = {isa = PBXBuildFile; fileRef = CD3C306B171D89F10033AB22 /* MoreViewController.xib */; };
		CD3C306E171D8A060033AB22 /* MoreViewController.m in Resources */ = {isa = PBXBuildFile; fileRef = CD3C306D171D8A060033AB22 /* MoreViewController.m */; };
		CD3C3070171E43940033AB22 /* MoreViewController.m in Sources */ = {isa = PBXBuildFile; fileRef = CD3C306D171D8A060033AB22 /* MoreViewController.m */; };
		CD3C3073171ED2550033AB22 /* flake.png in Resources */ = {isa = PBXBuildFile; fileRef = CD3C3071171ED2550033AB22 /* flake.png */; };
		CD3C3074171ED2550033AB22 /* headless.png in Resources */ = {isa = PBXBuildFile; fileRef = CD3C3072171ED2550033AB22 /* headless.png */; };
		CD3C3077171F7F170033AB22 /* FlakeHighRes.png in Resources */ = {isa = PBXBuildFile; fileRef = CD3C3075171F7F170033AB22 /* FlakeHighRes.png */; };
		CD3C3078171F7F170033AB22 /* SnowBrainsLogoNoHead.png in Resources */ = {isa = PBXBuildFile; fileRef = CD3C3076171F7F170033AB22 /* SnowBrainsLogoNoHead.png */; };
		CD3C31231720232D0033AB22 /* Alaska.png in Resources */ = {isa = PBXBuildFile; fileRef = CD3C30DF172023200033AB22 /* Alaska.png */; };
		CD3C31241720232D0033AB22 /* Alaska@2x.png in Resources */ = {isa = PBXBuildFile; fileRef = CD3C30E0172023200033AB22 /* Alaska@2x.png */; };
		CD3C31251720232D0033AB22 /* AlaskaSelected.png in Resources */ = {isa = PBXBuildFile; fileRef = CD3C30E1172023200033AB22 /* AlaskaSelected.png */; };
		CD3C31261720232D0033AB22 /* AlaskaSelected@2x.png in Resources */ = {isa = PBXBuildFile; fileRef = CD3C30E2172023200033AB22 /* AlaskaSelected@2x.png */; };
		CD3C31271720232D0033AB22 /* Alps.png in Resources */ = {isa = PBXBuildFile; fileRef = CD3C30E3172023210033AB22 /* Alps.png */; };
		CD3C31281720232D0033AB22 /* Alps@2x.png in Resources */ = {isa = PBXBuildFile; fileRef = CD3C30E4172023210033AB22 /* Alps@2x.png */; };
		CD3C31291720232D0033AB22 /* AlpsSelected.png in Resources */ = {isa = PBXBuildFile; fileRef = CD3C30E5172023210033AB22 /* AlpsSelected.png */; };
		CD3C312A1720232D0033AB22 /* AlpsSelected@2x.png in Resources */ = {isa = PBXBuildFile; fileRef = CD3C30E6172023210033AB22 /* AlpsSelected@2x.png */; };
		CD3C312B1720232D0033AB22 /* Brains.png in Resources */ = {isa = PBXBuildFile; fileRef = CD3C30E7172023210033AB22 /* Brains.png */; };
		CD3C312C1720232D0033AB22 /* Brains@2x.png in Resources */ = {isa = PBXBuildFile; fileRef = CD3C30E8172023210033AB22 /* Brains@2x.png */; };
		CD3C312D1720232D0033AB22 /* BrainsSelected.png in Resources */ = {isa = PBXBuildFile; fileRef = CD3C30E9172023210033AB22 /* BrainsSelected.png */; };
		CD3C312E1720232D0033AB22 /* BrainsSelected@2x.png in Resources */ = {isa = PBXBuildFile; fileRef = CD3C30EA172023210033AB22 /* BrainsSelected@2x.png */; };
		CD3C312F1720232D0033AB22 /* Gear.png in Resources */ = {isa = PBXBuildFile; fileRef = CD3C30EB172023210033AB22 /* Gear.png */; };
		CD3C31301720232D0033AB22 /* Gear@2x.png in Resources */ = {isa = PBXBuildFile; fileRef = CD3C30EC172023220033AB22 /* Gear@2x.png */; };
		CD3C31311720232D0033AB22 /* GearSelected.png in Resources */ = {isa = PBXBuildFile; fileRef = CD3C30ED172023220033AB22 /* GearSelected.png */; };
		CD3C31321720232D0033AB22 /* GearSelected@2x.png in Resources */ = {isa = PBXBuildFile; fileRef = CD3C30EE172023220033AB22 /* GearSelected@2x.png */; };
		CD3C31331720232D0033AB22 /* Home.png in Resources */ = {isa = PBXBuildFile; fileRef = CD3C30EF172023220033AB22 /* Home.png */; };
		CD3C31341720232D0033AB22 /* Home@2x.png in Resources */ = {isa = PBXBuildFile; fileRef = CD3C30F0172023240033AB22 /* Home@2x.png */; };
		CD3C31351720232D0033AB22 /* HomeSelected.png in Resources */ = {isa = PBXBuildFile; fileRef = CD3C30F1172023240033AB22 /* HomeSelected.png */; };
		CD3C31361720232D0033AB22 /* HomeSelected@2x.png in Resources */ = {isa = PBXBuildFile; fileRef = CD3C30F2172023240033AB22 /* HomeSelected@2x.png */; };
		CD3C31371720232D0033AB22 /* Jackson.png in Resources */ = {isa = PBXBuildFile; fileRef = CD3C30F3172023240033AB22 /* Jackson.png */; };
		CD3C31381720232D0033AB22 /* Jackson@2x.png in Resources */ = {isa = PBXBuildFile; fileRef = CD3C30F4172023240033AB22 /* Jackson@2x.png */; };
		CD3C31391720232D0033AB22 /* JacksonSelected.png in Resources */ = {isa = PBXBuildFile; fileRef = CD3C30F5172023240033AB22 /* JacksonSelected.png */; };
		CD3C313A1720232D0033AB22 /* JacksonSelected@2x.png in Resources */ = {isa = PBXBuildFile; fileRef = CD3C30F6172023240033AB22 /* JacksonSelected@2x.png */; };
		CD3C313B1720232D0033AB22 /* Japan.png in Resources */ = {isa = PBXBuildFile; fileRef = CD3C30F7172023240033AB22 /* Japan.png */; };
		CD3C313C1720232D0033AB22 /* Japan@2x.png in Resources */ = {isa = PBXBuildFile; fileRef = CD3C30F8172023240033AB22 /* Japan@2x.png */; };
		CD3C313D1720232D0033AB22 /* JapanSelected.png in Resources */ = {isa = PBXBuildFile; fileRef = CD3C30F9172023240033AB22 /* JapanSelected.png */; };
		CD3C313E1720232D0033AB22 /* JapanSelected@2x.png in Resources */ = {isa = PBXBuildFile; fileRef = CD3C30FA172023240033AB22 /* JapanSelected@2x.png */; };
		CD3C313F1720232D0033AB22 /* Locations.png in Resources */ = {isa = PBXBuildFile; fileRef = CD3C30FB172023240033AB22 /* Locations.png */; };
		CD3C31401720232D0033AB22 /* Locations@2x.png in Resources */ = {isa = PBXBuildFile; fileRef = CD3C30FC172023250033AB22 /* Locations@2x.png */; };
		CD3C31411720232D0033AB22 /* LocationsSelected.png in Resources */ = {isa = PBXBuildFile; fileRef = CD3C30FD172023250033AB22 /* LocationsSelected.png */; };
		CD3C31421720232D0033AB22 /* LocationsSelected@2x.png in Resources */ = {isa = PBXBuildFile; fileRef = CD3C30FE172023250033AB22 /* LocationsSelected@2x.png */; };
		CD3C31431720232D0033AB22 /* Mammoth.png in Resources */ = {isa = PBXBuildFile; fileRef = CD3C30FF172023250033AB22 /* Mammoth.png */; };
		CD3C31441720232D0033AB22 /* Mammoth@2x.png in Resources */ = {isa = PBXBuildFile; fileRef = CD3C3100172023250033AB22 /* Mammoth@2x.png */; };
		CD3C31451720232D0033AB22 /* MammothSelected.png in Resources */ = {isa = PBXBuildFile; fileRef = CD3C3101172023250033AB22 /* MammothSelected.png */; };
		CD3C31461720232D0033AB22 /* MammothSelected@2x.png in Resources */ = {isa = PBXBuildFile; fileRef = CD3C3102172023250033AB22 /* MammothSelected@2x.png */; };
		CD3C31471720232D0033AB22 /* More.png in Resources */ = {isa = PBXBuildFile; fileRef = CD3C3103172023260033AB22 /* More.png */; };
		CD3C31481720232D0033AB22 /* More@2x.png in Resources */ = {isa = PBXBuildFile; fileRef = CD3C3104172023260033AB22 /* More@2x.png */; };
		CD3C31491720232D0033AB22 /* MoreSelected.png in Resources */ = {isa = PBXBuildFile; fileRef = CD3C3105172023260033AB22 /* MoreSelected.png */; };
		CD3C314A1720232D0033AB22 /* MoreSelected@2x.png in Resources */ = {isa = PBXBuildFile; fileRef = CD3C3106172023260033AB22 /* MoreSelected@2x.png */; };
		CD3C314B1720232D0033AB22 /* PNW.png in Resources */ = {isa = PBXBuildFile; fileRef = CD3C3107172023260033AB22 /* PNW.png */; };
		CD3C314C1720232D0033AB22 /* PNW@2x.png in Resources */ = {isa = PBXBuildFile; fileRef = CD3C3108172023270033AB22 /* PNW@2x.png */; };
		CD3C314D1720232D0033AB22 /* PNWSelected.png in Resources */ = {isa = PBXBuildFile; fileRef = CD3C3109172023270033AB22 /* PNWSelected.png */; };
		CD3C314E1720232D0033AB22 /* PNWSelected@2x.png in Resources */ = {isa = PBXBuildFile; fileRef = CD3C310A172023270033AB22 /* PNWSelected@2x.png */; };
		CD3C314F1720232D0033AB22 /* SouthAmerica.png in Resources */ = {isa = PBXBuildFile; fileRef = CD3C310B172023270033AB22 /* SouthAmerica.png */; };
		CD3C31501720232D0033AB22 /* SouthAmerica@2x.png in Resources */ = {isa = PBXBuildFile; fileRef = CD3C310C172023270033AB22 /* SouthAmerica@2x.png */; };
		CD3C31511720232D0033AB22 /* SouthAmericaSelected.png in Resources */ = {isa = PBXBuildFile; fileRef = CD3C310D172023270033AB22 /* SouthAmericaSelected.png */; };
		CD3C31521720232D0033AB22 /* SouthAmericaSelected@2x.png in Resources */ = {isa = PBXBuildFile; fileRef = CD3C310E172023270033AB22 /* SouthAmericaSelected@2x.png */; };
		CD3C31531720232D0033AB22 /* Squaw.png in Resources */ = {isa = PBXBuildFile; fileRef = CD3C310F172023270033AB22 /* Squaw.png */; };
		CD3C31541720232D0033AB22 /* Squaw@2x.png in Resources */ = {isa = PBXBuildFile; fileRef = CD3C3110172023270033AB22 /* Squaw@2x.png */; };
		CD3C31551720232D0033AB22 /* SquawSelected.png in Resources */ = {isa = PBXBuildFile; fileRef = CD3C3111172023280033AB22 /* SquawSelected.png */; };
		CD3C31561720232D0033AB22 /* SquawSelected@2x.png in Resources */ = {isa = PBXBuildFile; fileRef = CD3C3112172023280033AB22 /* SquawSelected@2x.png */; };
		CD3C31571720232D0033AB22 /* Utah.png in Resources */ = {isa = PBXBuildFile; fileRef = CD3C3113172023280033AB22 /* Utah.png */; };
		CD3C31581720232D0033AB22 /* Utah@2x.png in Resources */ = {isa = PBXBuildFile; fileRef = CD3C3114172023280033AB22 /* Utah@2x.png */; };
		CD3C31591720232D0033AB22 /* UtahSelected.png in Resources */ = {isa = PBXBuildFile; fileRef = CD3C3115172023290033AB22 /* UtahSelected.png */; };
		CD3C315A1720232D0033AB22 /* UtahSelected@2x.png in Resources */ = {isa = PBXBuildFile; fileRef = CD3C3116172023290033AB22 /* UtahSelected@2x.png */; };
		CD3C315B1720232D0033AB22 /* Video.png in Resources */ = {isa = PBXBuildFile; fileRef = CD3C3117172023290033AB22 /* Video.png */; };
		CD3C315C1720232D0033AB22 /* Video@2x.png in Resources */ = {isa = PBXBuildFile; fileRef = CD3C3118172023290033AB22 /* Video@2x.png */; };
		CD3C315D1720232D0033AB22 /* VideoSelected.png in Resources */ = {isa = PBXBuildFile; fileRef = CD3C31191720232A0033AB22 /* VideoSelected.png */; };
		CD3C315E1720232D0033AB22 /* VideoSelected@2x.png in Resources */ = {isa = PBXBuildFile; fileRef = CD3C311A1720232A0033AB22 /* VideoSelected@2x.png */; };
		CD3C315F1720232D0033AB22 /* Weather.png in Resources */ = {isa = PBXBuildFile; fileRef = CD3C311B1720232A0033AB22 /* Weather.png */; };
		CD3C31601720232D0033AB22 /* Weather@2x.png in Resources */ = {isa = PBXBuildFile; fileRef = CD3C311C1720232A0033AB22 /* Weather@2x.png */; };
		CD3C31611720232D0033AB22 /* WeatherSelected.png in Resources */ = {isa = PBXBuildFile; fileRef = CD3C311D1720232A0033AB22 /* WeatherSelected.png */; };
		CD3C31621720232D0033AB22 /* WeatherSelected@2x.png in Resources */ = {isa = PBXBuildFile; fileRef = CD3C311E1720232A0033AB22 /* WeatherSelected@2x.png */; };
		CD3C31631720232D0033AB22 /* Whistler.png in Resources */ = {isa = PBXBuildFile; fileRef = CD3C311F1720232A0033AB22 /* Whistler.png */; };
		CD3C31641720232D0033AB22 /* Whistler@2x.png in Resources */ = {isa = PBXBuildFile; fileRef = CD3C31201720232C0033AB22 /* Whistler@2x.png */; };
		CD3C31651720232D0033AB22 /* WhistlerSelected.png in Resources */ = {isa = PBXBuildFile; fileRef = CD3C31211720232C0033AB22 /* WhistlerSelected.png */; };
		CD3C31661720232D0033AB22 /* WhistlerSelected@2x.png in Resources */ = {isa = PBXBuildFile; fileRef = CD3C31221720232C0033AB22 /* WhistlerSelected@2x.png */; };
		CD4F3E1717153337008A250D /* UIKit.framework in Frameworks */ = {isa = PBXBuildFile; fileRef = CD4F3E1617153337008A250D /* UIKit.framework */; };
		CD4F3E1917153337008A250D /* Foundation.framework in Frameworks */ = {isa = PBXBuildFile; fileRef = CD4F3E1817153337008A250D /* Foundation.framework */; };
		CD4F3E1B17153337008A250D /* CoreGraphics.framework in Frameworks */ = {isa = PBXBuildFile; fileRef = CD4F3E1A17153337008A250D /* CoreGraphics.framework */; };
		CD4F3E781716C474008A250D /* QuartzCore.framework in Frameworks */ = {isa = PBXBuildFile; fileRef = CD4F3E771716C474008A250D /* QuartzCore.framework */; };
		CD4F3E951717B971008A250D /* AppDelegate.m in Sources */ = {isa = PBXBuildFile; fileRef = CD4F3E8D1717B971008A250D /* AppDelegate.m */; };
		CD4F3E961717B971008A250D /* MainStoryboard_iPhone.storyboard in Resources */ = {isa = PBXBuildFile; fileRef = CD4F3E8E1717B971008A250D /* MainStoryboard_iPhone.storyboard */; };
		CD4F3E971717B971008A250D /* main.m in Sources */ = {isa = PBXBuildFile; fileRef = CD4F3E901717B971008A250D /* main.m */; };
		CD4F3E981717B971008A250D /* PullToRefreshView.m in Sources */ = {isa = PBXBuildFile; fileRef = CD4F3E921717B971008A250D /* PullToRefreshView.m */; };
		CD4F3E991717B971008A250D /* ViewController.m in Sources */ = {isa = PBXBuildFile; fileRef = CD4F3E941717B971008A250D /* ViewController.m */; };
		CD4F3EAC1717B9C1008A250D /* InfoPlist.strings in Resources */ = {isa = PBXBuildFile; fileRef = CD4F3E9A1717B9C0008A250D /* InfoPlist.strings */; };
		CD4F3EAE1717B9C1008A250D /* arrow.png in Resources */ = {isa = PBXBuildFile; fileRef = CD4F3E9E1717B9C1008A250D /* arrow.png */; };
		CD4F3EAF1717B9C1008A250D /* arrow@2x.png in Resources */ = {isa = PBXBuildFile; fileRef = CD4F3E9F1717B9C1008A250D /* arrow@2x.png */; };
		CD4F3EB01717B9C1008A250D /* brainsHeaderBackground.png in Resources */ = {isa = PBXBuildFile; fileRef = CD4F3EA01717B9C1008A250D /* brainsHeaderBackground.png */; };
		CD4F3EB11717B9C1008A250D /* brainsHeaderForeground.png in Resources */ = {isa = PBXBuildFile; fileRef = CD4F3EA11717B9C1008A250D /* brainsHeaderForeground.png */; };
		CD4F3EB21717B9C1008A250D /* brainsLogo.png in Resources */ = {isa = PBXBuildFile; fileRef = CD4F3EA21717B9C1008A250D /* brainsLogo.png */; };
		CD4F3EB31717B9C1008A250D /* buttonBackground.png in Resources */ = {isa = PBXBuildFile; fileRef = CD4F3EA31717B9C1008A250D /* buttonBackground.png */; };
		CD4F3EB41717B9C1008A250D /* homeDefault.png in Resources */ = {isa = PBXBuildFile; fileRef = CD4F3EA41717B9C1008A250D /* homeDefault.png */; };
		CD4F3EB61717B9C1008A250D /* SnowBrains_57x57.png in Resources */ = {isa = PBXBuildFile; fileRef = CD4F3EA61717B9C1008A250D /* SnowBrains_57x57.png */; };
		CD4F3EB71717B9C1008A250D /* SnowBrains_114x114.png in Resources */ = {isa = PBXBuildFile; fileRef = CD4F3EA71717B9C1008A250D /* SnowBrains_114x114.png */; };
		CD4F3EB81717B9C1008A250D /* SnowBrains.png in Resources */ = {isa = PBXBuildFile; fileRef = CD4F3EA81717B9C1008A250D /* SnowBrains.png */; };
		CD4F3EB91717B9C1008A250D /* SnowBrainsSplas_640x960.png in Resources */ = {isa = PBXBuildFile; fileRef = CD4F3EA91717B9C1008A250D /* SnowBrainsSplas_640x960.png */; };
		CD4F3EBA1717B9C1008A250D /* SnowBrainsSplash_320x480.png in Resources */ = {isa = PBXBuildFile; fileRef = CD4F3EAA1717B9C1008A250D /* SnowBrainsSplash_320x480.png */; };
		CD4F3EBB1717B9C1008A250D /* SnowBrainsSplash_640x1136.png in Resources */ = {isa = PBXBuildFile; fileRef = CD4F3EAB1717B9C1008A250D /* SnowBrainsSplash_640x1136.png */; };
		CD4F3EBD1717B9ED008A250D /* Default.png in Resources */ = {isa = PBXBuildFile; fileRef = CD4F3EBC1717B9ED008A250D /* Default.png */; };
		CD4F3EBF1717B9F6008A250D /* Default@2x.png in Resources */ = {isa = PBXBuildFile; fileRef = CD4F3EBE1717B9F6008A250D /* Default@2x.png */; };
		CD4F3EC11717B9FD008A250D /* Default-568h@2x.png in Resources */ = {isa = PBXBuildFile; fileRef = CD4F3EC01717B9FD008A250D /* Default-568h@2x.png */; };
		CD4F3ECB171BC55C008A250D /* LocationViewController.m in Sources */ = {isa = PBXBuildFile; fileRef = CD4F3EC9171BC55C008A250D /* LocationViewController.m */; };
		CD4F3ECC171BC55C008A250D /* LocationViewController.xib in Resources */ = {isa = PBXBuildFile; fileRef = CD4F3ECA171BC55C008A250D /* LocationViewController.xib */; };
		CD8D8A611726175F002AF83D /* MFSideMenu.m in Sources */ = {isa = PBXBuildFile; fileRef = CD8D8A5E1726175F002AF83D /* MFSideMenu.m */; };
		CD8D8A621726175F002AF83D /* UINavigationController+MFSideMenu.m in Sources */ = {isa = PBXBuildFile; fileRef = CD8D8A601726175F002AF83D /* UINavigationController+MFSideMenu.m */; };
		CDEF45CE171D2E5A00688181 /* CustomPopoverBackgroundView.m in Sources */ = {isa = PBXBuildFile; fileRef = CDEF45CD171D2E5A00688181 /* CustomPopoverBackgroundView.m */; };
		CDEF45D1171D30F200688181 /* arrowPop.png in Resources */ = {isa = PBXBuildFile; fileRef = CDEF45CF171D30F200688181 /* arrowPop.png */; };
		CDEF45D2171D30F200688181 /* popover-bg.png in Resources */ = {isa = PBXBuildFile; fileRef = CDEF45D0171D30F200688181 /* popover-bg.png */; };
		CDF6E0FE1724FAF300E7E714 /* forwardSwipe.png in Resources */ = {isa = PBXBuildFile; fileRef = CDF6E0FC1724FAF300E7E714 /* forwardSwipe.png */; };
		CDF6E0FF1724FAF300E7E714 /* forwardSwipe@2x.png in Resources */ = {isa = PBXBuildFile; fileRef = CDF6E0FD1724FAF300E7E714 /* forwardSwipe@2x.png */; };
		CDF6E10D1724FB1000E7E714 /* BrainVideo.png in Resources */ = {isa = PBXBuildFile; fileRef = CDF6E1001724FB1000E7E714 /* BrainVideo.png */; };
		CDF6E10E1724FB1000E7E714 /* BrainVideo@2x.png in Resources */ = {isa = PBXBuildFile; fileRef = CDF6E1011724FB1000E7E714 /* BrainVideo@2x.png */; };
		CDF6E10F1724FB1000E7E714 /* BrainVideoSelected.png in Resources */ = {isa = PBXBuildFile; fileRef = CDF6E1021724FB1000E7E714 /* BrainVideoSelected.png */; };
		CDF6E1101724FB1000E7E714 /* BrainVideoSelected@2x.png in Resources */ = {isa = PBXBuildFile; fileRef = CDF6E1031724FB1000E7E714 /* BrainVideoSelected@2x.png */; };
		CDF6E1111724FB1000E7E714 /* NonBrainVids.png in Resources */ = {isa = PBXBuildFile; fileRef = CDF6E1041724FB1000E7E714 /* NonBrainVids.png */; };
		CDF6E1121724FB1000E7E714 /* NonBrainVids@2x.png in Resources */ = {isa = PBXBuildFile; fileRef = CDF6E1051724FB1000E7E714 /* NonBrainVids@2x.png */; };
		CDF6E1131724FB1000E7E714 /* NonBrainVidsSelected.png in Resources */ = {isa = PBXBuildFile; fileRef = CDF6E1061724FB1000E7E714 /* NonBrainVidsSelected.png */; };
		CDF6E1141724FB1000E7E714 /* NonBrainVidsSelected@2x.png in Resources */ = {isa = PBXBuildFile; fileRef = CDF6E1071724FB1000E7E714 /* NonBrainVidsSelected@2x.png */; };
		CDF6E1161724FB1000E7E714 /* Trailers.png in Resources */ = {isa = PBXBuildFile; fileRef = CDF6E1091724FB1000E7E714 /* Trailers.png */; };
		CDF6E1171724FB1000E7E714 /* Trailers@2x.png in Resources */ = {isa = PBXBuildFile; fileRef = CDF6E10A1724FB1000E7E714 /* Trailers@2x.png */; };
		CDF6E1181724FB1000E7E714 /* TrailersSelected.png in Resources */ = {isa = PBXBuildFile; fileRef = CDF6E10B1724FB1000E7E714 /* TrailersSelected.png */; };
		CDF6E1191724FB1000E7E714 /* TrailersSelected@2x.png in Resources */ = {isa = PBXBuildFile; fileRef = CDF6E10C1724FB1000E7E714 /* TrailersSelected@2x.png */; };
		CDF6E11C1724FC5700E7E714 /* backwardSwipe.png in Resources */ = {isa = PBXBuildFile; fileRef = CDF6E11A1724FC5700E7E714 /* backwardSwipe.png */; };
		CDF6E11D1724FC5700E7E714 /* backwardSwipe@2x.png in Resources */ = {isa = PBXBuildFile; fileRef = CDF6E11B1724FC5700E7E714 /* backwardSwipe@2x.png */; };
/* End PBXBuildFile section */

/* Begin PBXFileReference section */
		CD3C3066171D80540033AB22 /* VideoViewController.h */ = {isa = PBXFileReference; fileEncoding = 4; lastKnownFileType = sourcecode.c.h; name = VideoViewController.h; path = snowBrains/VideoViewController.h; sourceTree = SOURCE_ROOT; };
		CD3C3067171D80540033AB22 /* VideoViewController.m */ = {isa = PBXFileReference; fileEncoding = 4; lastKnownFileType = sourcecode.c.objc; name = VideoViewController.m; path = snowBrains/VideoViewController.m; sourceTree = SOURCE_ROOT; };
		CD3C3068171D80540033AB22 /* VideoViewController.xib */ = {isa = PBXFileReference; fileEncoding = 4; lastKnownFileType = file.xib; name = VideoViewController.xib; path = snowBrains/VideoViewController.xib; sourceTree = SOURCE_ROOT; };
		CD3C306B171D89F10033AB22 /* MoreViewController.xib */ = {isa = PBXFileReference; fileEncoding = 4; lastKnownFileType = file.xib; name = MoreViewController.xib; path = snowBrains/MoreViewController.xib; sourceTree = SOURCE_ROOT; };
		CD3C306D171D8A060033AB22 /* MoreViewController.m */ = {isa = PBXFileReference; fileEncoding = 4; lastKnownFileType = sourcecode.c.objc; name = MoreViewController.m; path = snowBrains/MoreViewController.m; sourceTree = SOURCE_ROOT; };
		CD3C306F171E2C040033AB22 /* MoreViewController.h */ = {isa = PBXFileReference; fileEncoding = 4; lastKnownFileType = sourcecode.c.h; name = MoreViewController.h; path = snowBrains/MoreViewController.h; sourceTree = SOURCE_ROOT; };
		CD3C3071171ED2550033AB22 /* flake.png */ = {isa = PBXFileReference; lastKnownFileType = image.png; name = flake.png; path = "snowBrains/supporting files/flake.png"; sourceTree = SOURCE_ROOT; };
		CD3C3072171ED2550033AB22 /* headless.png */ = {isa = PBXFileReference; lastKnownFileType = image.png; name = headless.png; path = "snowBrains/supporting files/headless.png"; sourceTree = SOURCE_ROOT; };
		CD3C3075171F7F170033AB22 /* FlakeHighRes.png */ = {isa = PBXFileReference; lastKnownFileType = image.png; name = FlakeHighRes.png; path = "snowBrains/supporting files/FlakeHighRes.png"; sourceTree = SOURCE_ROOT; };
		CD3C3076171F7F170033AB22 /* SnowBrainsLogoNoHead.png */ = {isa = PBXFileReference; lastKnownFileType = image.png; name = SnowBrainsLogoNoHead.png; path = "snowBrains/supporting files/SnowBrainsLogoNoHead.png"; sourceTree = SOURCE_ROOT; };
		CD3C30DF172023200033AB22 /* Alaska.png */ = {isa = PBXFileReference; lastKnownFileType = image.png; name = Alaska.png; path = "snowBrains/supporting files/Alaska.png"; sourceTree = SOURCE_ROOT; };
		CD3C30E0172023200033AB22 /* Alaska@2x.png */ = {isa = PBXFileReference; lastKnownFileType = image.png; name = "Alaska@2x.png"; path = "snowBrains/supporting files/Alaska@2x.png"; sourceTree = SOURCE_ROOT; };
		CD3C30E1172023200033AB22 /* AlaskaSelected.png */ = {isa = PBXFileReference; lastKnownFileType = image.png; name = AlaskaSelected.png; path = "snowBrains/supporting files/AlaskaSelected.png"; sourceTree = SOURCE_ROOT; };
		CD3C30E2172023200033AB22 /* AlaskaSelected@2x.png */ = {isa = PBXFileReference; lastKnownFileType = image.png; name = "AlaskaSelected@2x.png"; path = "snowBrains/supporting files/AlaskaSelected@2x.png"; sourceTree = SOURCE_ROOT; };
		CD3C30E3172023210033AB22 /* Alps.png */ = {isa = PBXFileReference; lastKnownFileType = image.png; name = Alps.png; path = "snowBrains/supporting files/Alps.png"; sourceTree = SOURCE_ROOT; };
		CD3C30E4172023210033AB22 /* Alps@2x.png */ = {isa = PBXFileReference; lastKnownFileType = image.png; name = "Alps@2x.png"; path = "snowBrains/supporting files/Alps@2x.png"; sourceTree = SOURCE_ROOT; };
		CD3C30E5172023210033AB22 /* AlpsSelected.png */ = {isa = PBXFileReference; lastKnownFileType = image.png; name = AlpsSelected.png; path = "snowBrains/supporting files/AlpsSelected.png"; sourceTree = SOURCE_ROOT; };
		CD3C30E6172023210033AB22 /* AlpsSelected@2x.png */ = {isa = PBXFileReference; lastKnownFileType = image.png; name = "AlpsSelected@2x.png"; path = "snowBrains/supporting files/AlpsSelected@2x.png"; sourceTree = SOURCE_ROOT; };
		CD3C30E7172023210033AB22 /* Brains.png */ = {isa = PBXFileReference; lastKnownFileType = image.png; name = Brains.png; path = "snowBrains/supporting files/Brains.png"; sourceTree = SOURCE_ROOT; };
		CD3C30E8172023210033AB22 /* Brains@2x.png */ = {isa = PBXFileReference; lastKnownFileType = image.png; name = "Brains@2x.png"; path = "snowBrains/supporting files/Brains@2x.png"; sourceTree = SOURCE_ROOT; };
		CD3C30E9172023210033AB22 /* BrainsSelected.png */ = {isa = PBXFileReference; lastKnownFileType = image.png; name = BrainsSelected.png; path = "snowBrains/supporting files/BrainsSelected.png"; sourceTree = SOURCE_ROOT; };
		CD3C30EA172023210033AB22 /* BrainsSelected@2x.png */ = {isa = PBXFileReference; lastKnownFileType = image.png; name = "BrainsSelected@2x.png"; path = "snowBrains/supporting files/BrainsSelected@2x.png"; sourceTree = SOURCE_ROOT; };
		CD3C30EB172023210033AB22 /* Gear.png */ = {isa = PBXFileReference; lastKnownFileType = image.png; name = Gear.png; path = "snowBrains/supporting files/Gear.png"; sourceTree = SOURCE_ROOT; };
		CD3C30EC172023220033AB22 /* Gear@2x.png */ = {isa = PBXFileReference; lastKnownFileType = image.png; name = "Gear@2x.png"; path = "snowBrains/supporting files/Gear@2x.png"; sourceTree = SOURCE_ROOT; };
		CD3C30ED172023220033AB22 /* GearSelected.png */ = {isa = PBXFileReference; lastKnownFileType = image.png; name = GearSelected.png; path = "snowBrains/supporting files/GearSelected.png"; sourceTree = SOURCE_ROOT; };
		CD3C30EE172023220033AB22 /* GearSelected@2x.png */ = {isa = PBXFileReference; lastKnownFileType = image.png; name = "GearSelected@2x.png"; path = "snowBrains/supporting files/GearSelected@2x.png"; sourceTree = SOURCE_ROOT; };
		CD3C30EF172023220033AB22 /* Home.png */ = {isa = PBXFileReference; lastKnownFileType = image.png; name = Home.png; path = "snowBrains/supporting files/Home.png"; sourceTree = SOURCE_ROOT; };
		CD3C30F0172023240033AB22 /* Home@2x.png */ = {isa = PBXFileReference; lastKnownFileType = image.png; name = "Home@2x.png"; path = "snowBrains/supporting files/Home@2x.png"; sourceTree = SOURCE_ROOT; };
		CD3C30F1172023240033AB22 /* HomeSelected.png */ = {isa = PBXFileReference; lastKnownFileType = image.png; name = HomeSelected.png; path = "snowBrains/supporting files/HomeSelected.png"; sourceTree = SOURCE_ROOT; };
		CD3C30F2172023240033AB22 /* HomeSelected@2x.png */ = {isa = PBXFileReference; lastKnownFileType = image.png; name = "HomeSelected@2x.png"; path = "snowBrains/supporting files/HomeSelected@2x.png"; sourceTree = SOURCE_ROOT; };
		CD3C30F3172023240033AB22 /* Jackson.png */ = {isa = PBXFileReference; lastKnownFileType = image.png; name = Jackson.png; path = "snowBrains/supporting files/Jackson.png"; sourceTree = SOURCE_ROOT; };
		CD3C30F4172023240033AB22 /* Jackson@2x.png */ = {isa = PBXFileReference; lastKnownFileType = image.png; name = "Jackson@2x.png"; path = "snowBrains/supporting files/Jackson@2x.png"; sourceTree = SOURCE_ROOT; };
		CD3C30F5172023240033AB22 /* JacksonSelected.png */ = {isa = PBXFileReference; lastKnownFileType = image.png; name = JacksonSelected.png; path = "snowBrains/supporting files/JacksonSelected.png"; sourceTree = SOURCE_ROOT; };
		CD3C30F6172023240033AB22 /* JacksonSelected@2x.png */ = {isa = PBXFileReference; lastKnownFileType = image.png; name = "JacksonSelected@2x.png"; path = "snowBrains/supporting files/JacksonSelected@2x.png"; sourceTree = SOURCE_ROOT; };
		CD3C30F7172023240033AB22 /* Japan.png */ = {isa = PBXFileReference; lastKnownFileType = image.png; name = Japan.png; path = "snowBrains/supporting files/Japan.png"; sourceTree = SOURCE_ROOT; };
		CD3C30F8172023240033AB22 /* Japan@2x.png */ = {isa = PBXFileReference; lastKnownFileType = image.png; name = "Japan@2x.png"; path = "snowBrains/supporting files/Japan@2x.png"; sourceTree = SOURCE_ROOT; };
		CD3C30F9172023240033AB22 /* JapanSelected.png */ = {isa = PBXFileReference; lastKnownFileType = image.png; name = JapanSelected.png; path = "snowBrains/supporting files/JapanSelected.png"; sourceTree = SOURCE_ROOT; };
		CD3C30FA172023240033AB22 /* JapanSelected@2x.png */ = {isa = PBXFileReference; lastKnownFileType = image.png; name = "JapanSelected@2x.png"; path = "snowBrains/supporting files/JapanSelected@2x.png"; sourceTree = SOURCE_ROOT; };
		CD3C30FB172023240033AB22 /* Locations.png */ = {isa = PBXFileReference; lastKnownFileType = image.png; name = Locations.png; path = "snowBrains/supporting files/Locations.png"; sourceTree = SOURCE_ROOT; };
		CD3C30FC172023250033AB22 /* Locations@2x.png */ = {isa = PBXFileReference; lastKnownFileType = image.png; name = "Locations@2x.png"; path = "snowBrains/supporting files/Locations@2x.png"; sourceTree = SOURCE_ROOT; };
		CD3C30FD172023250033AB22 /* LocationsSelected.png */ = {isa = PBXFileReference; lastKnownFileType = image.png; name = LocationsSelected.png; path = "snowBrains/supporting files/LocationsSelected.png"; sourceTree = SOURCE_ROOT; };
		CD3C30FE172023250033AB22 /* LocationsSelected@2x.png */ = {isa = PBXFileReference; lastKnownFileType = image.png; name = "LocationsSelected@2x.png"; path = "snowBrains/supporting files/LocationsSelected@2x.png"; sourceTree = SOURCE_ROOT; };
		CD3C30FF172023250033AB22 /* Mammoth.png */ = {isa = PBXFileReference; lastKnownFileType = image.png; name = Mammoth.png; path = "snowBrains/supporting files/Mammoth.png"; sourceTree = SOURCE_ROOT; };
		CD3C3100172023250033AB22 /* Mammoth@2x.png */ = {isa = PBXFileReference; lastKnownFileType = image.png; name = "Mammoth@2x.png"; path = "snowBrains/supporting files/Mammoth@2x.png"; sourceTree = SOURCE_ROOT; };
		CD3C3101172023250033AB22 /* MammothSelected.png */ = {isa = PBXFileReference; lastKnownFileType = image.png; name = MammothSelected.png; path = "snowBrains/supporting files/MammothSelected.png"; sourceTree = SOURCE_ROOT; };
		CD3C3102172023250033AB22 /* MammothSelected@2x.png */ = {isa = PBXFileReference; lastKnownFileType = image.png; name = "MammothSelected@2x.png"; path = "snowBrains/supporting files/MammothSelected@2x.png"; sourceTree = SOURCE_ROOT; };
		CD3C3103172023260033AB22 /* More.png */ = {isa = PBXFileReference; lastKnownFileType = image.png; name = More.png; path = "snowBrains/supporting files/More.png"; sourceTree = SOURCE_ROOT; };
		CD3C3104172023260033AB22 /* More@2x.png */ = {isa = PBXFileReference; lastKnownFileType = image.png; name = "More@2x.png"; path = "snowBrains/supporting files/More@2x.png"; sourceTree = SOURCE_ROOT; };
		CD3C3105172023260033AB22 /* MoreSelected.png */ = {isa = PBXFileReference; lastKnownFileType = image.png; name = MoreSelected.png; path = "snowBrains/supporting files/MoreSelected.png"; sourceTree = SOURCE_ROOT; };
		CD3C3106172023260033AB22 /* MoreSelected@2x.png */ = {isa = PBXFileReference; lastKnownFileType = image.png; name = "MoreSelected@2x.png"; path = "snowBrains/supporting files/MoreSelected@2x.png"; sourceTree = SOURCE_ROOT; };
		CD3C3107172023260033AB22 /* PNW.png */ = {isa = PBXFileReference; lastKnownFileType = image.png; name = PNW.png; path = "snowBrains/supporting files/PNW.png"; sourceTree = SOURCE_ROOT; };
		CD3C3108172023270033AB22 /* PNW@2x.png */ = {isa = PBXFileReference; lastKnownFileType = image.png; name = "PNW@2x.png"; path = "snowBrains/supporting files/PNW@2x.png"; sourceTree = SOURCE_ROOT; };
		CD3C3109172023270033AB22 /* PNWSelected.png */ = {isa = PBXFileReference; lastKnownFileType = image.png; name = PNWSelected.png; path = "snowBrains/supporting files/PNWSelected.png"; sourceTree = SOURCE_ROOT; };
		CD3C310A172023270033AB22 /* PNWSelected@2x.png */ = {isa = PBXFileReference; lastKnownFileType = image.png; name = "PNWSelected@2x.png"; path = "snowBrains/supporting files/PNWSelected@2x.png"; sourceTree = SOURCE_ROOT; };
		CD3C310B172023270033AB22 /* SouthAmerica.png */ = {isa = PBXFileReference; lastKnownFileType = image.png; name = SouthAmerica.png; path = "snowBrains/supporting files/SouthAmerica.png"; sourceTree = SOURCE_ROOT; };
		CD3C310C172023270033AB22 /* SouthAmerica@2x.png */ = {isa = PBXFileReference; lastKnownFileType = image.png; name = "SouthAmerica@2x.png"; path = "snowBrains/supporting files/SouthAmerica@2x.png"; sourceTree = SOURCE_ROOT; };
		CD3C310D172023270033AB22 /* SouthAmericaSelected.png */ = {isa = PBXFileReference; lastKnownFileType = image.png; name = SouthAmericaSelected.png; path = "snowBrains/supporting files/SouthAmericaSelected.png"; sourceTree = SOURCE_ROOT; };
		CD3C310E172023270033AB22 /* SouthAmericaSelected@2x.png */ = {isa = PBXFileReference; lastKnownFileType = image.png; name = "SouthAmericaSelected@2x.png"; path = "snowBrains/supporting files/SouthAmericaSelected@2x.png"; sourceTree = SOURCE_ROOT; };
		CD3C310F172023270033AB22 /* Squaw.png */ = {isa = PBXFileReference; lastKnownFileType = image.png; name = Squaw.png; path = "snowBrains/supporting files/Squaw.png"; sourceTree = SOURCE_ROOT; };
		CD3C3110172023270033AB22 /* Squaw@2x.png */ = {isa = PBXFileReference; lastKnownFileType = image.png; name = "Squaw@2x.png"; path = "snowBrains/supporting files/Squaw@2x.png"; sourceTree = SOURCE_ROOT; };
		CD3C3111172023280033AB22 /* SquawSelected.png */ = {isa = PBXFileReference; lastKnownFileType = image.png; name = SquawSelected.png; path = "snowBrains/supporting files/SquawSelected.png"; sourceTree = SOURCE_ROOT; };
		CD3C3112172023280033AB22 /* SquawSelected@2x.png */ = {isa = PBXFileReference; lastKnownFileType = image.png; name = "SquawSelected@2x.png"; path = "snowBrains/supporting files/SquawSelected@2x.png"; sourceTree = SOURCE_ROOT; };
		CD3C3113172023280033AB22 /* Utah.png */ = {isa = PBXFileReference; lastKnownFileType = image.png; name = Utah.png; path = "snowBrains/supporting files/Utah.png"; sourceTree = SOURCE_ROOT; };
		CD3C3114172023280033AB22 /* Utah@2x.png */ = {isa = PBXFileReference; lastKnownFileType = image.png; name = "Utah@2x.png"; path = "snowBrains/supporting files/Utah@2x.png"; sourceTree = SOURCE_ROOT; };
		CD3C3115172023290033AB22 /* UtahSelected.png */ = {isa = PBXFileReference; lastKnownFileType = image.png; name = UtahSelected.png; path = "snowBrains/supporting files/UtahSelected.png"; sourceTree = SOURCE_ROOT; };
		CD3C3116172023290033AB22 /* UtahSelected@2x.png */ = {isa = PBXFileReference; lastKnownFileType = image.png; name = "UtahSelected@2x.png"; path = "snowBrains/supporting files/UtahSelected@2x.png"; sourceTree = SOURCE_ROOT; };
		CD3C3117172023290033AB22 /* Video.png */ = {isa = PBXFileReference; lastKnownFileType = image.png; name = Video.png; path = "snowBrains/supporting files/Video.png"; sourceTree = SOURCE_ROOT; };
		CD3C3118172023290033AB22 /* Video@2x.png */ = {isa = PBXFileReference; lastKnownFileType = image.png; name = "Video@2x.png"; path = "snowBrains/supporting files/Video@2x.png"; sourceTree = SOURCE_ROOT; };
		CD3C31191720232A0033AB22 /* VideoSelected.png */ = {isa = PBXFileReference; lastKnownFileType = image.png; name = VideoSelected.png; path = "snowBrains/supporting files/VideoSelected.png"; sourceTree = SOURCE_ROOT; };
		CD3C311A1720232A0033AB22 /* VideoSelected@2x.png */ = {isa = PBXFileReference; lastKnownFileType = image.png; name = "VideoSelected@2x.png"; path = "snowBrains/supporting files/VideoSelected@2x.png"; sourceTree = SOURCE_ROOT; };
		CD3C311B1720232A0033AB22 /* Weather.png */ = {isa = PBXFileReference; lastKnownFileType = image.png; name = Weather.png; path = "snowBrains/supporting files/Weather.png"; sourceTree = SOURCE_ROOT; };
		CD3C311C1720232A0033AB22 /* Weather@2x.png */ = {isa = PBXFileReference; lastKnownFileType = image.png; name = "Weather@2x.png"; path = "snowBrains/supporting files/Weather@2x.png"; sourceTree = SOURCE_ROOT; };
		CD3C311D1720232A0033AB22 /* WeatherSelected.png */ = {isa = PBXFileReference; lastKnownFileType = image.png; name = WeatherSelected.png; path = "snowBrains/supporting files/WeatherSelected.png"; sourceTree = SOURCE_ROOT; };
		CD3C311E1720232A0033AB22 /* WeatherSelected@2x.png */ = {isa = PBXFileReference; lastKnownFileType = image.png; name = "WeatherSelected@2x.png"; path = "snowBrains/supporting files/WeatherSelected@2x.png"; sourceTree = SOURCE_ROOT; };
		CD3C311F1720232A0033AB22 /* Whistler.png */ = {isa = PBXFileReference; lastKnownFileType = image.png; name = Whistler.png; path = "snowBrains/supporting files/Whistler.png"; sourceTree = SOURCE_ROOT; };
		CD3C31201720232C0033AB22 /* Whistler@2x.png */ = {isa = PBXFileReference; lastKnownFileType = image.png; name = "Whistler@2x.png"; path = "snowBrains/supporting files/Whistler@2x.png"; sourceTree = SOURCE_ROOT; };
		CD3C31211720232C0033AB22 /* WhistlerSelected.png */ = {isa = PBXFileReference; lastKnownFileType = image.png; name = WhistlerSelected.png; path = "snowBrains/supporting files/WhistlerSelected.png"; sourceTree = SOURCE_ROOT; };
		CD3C31221720232C0033AB22 /* WhistlerSelected@2x.png */ = {isa = PBXFileReference; lastKnownFileType = image.png; name = "WhistlerSelected@2x.png"; path = "snowBrains/supporting files/WhistlerSelected@2x.png"; sourceTree = SOURCE_ROOT; };
		CD4F3E1317153337008A250D /* snowBrains.app */ = {isa = PBXFileReference; explicitFileType = wrapper.application; includeInIndex = 0; path = snowBrains.app; sourceTree = BUILT_PRODUCTS_DIR; };
		CD4F3E1617153337008A250D /* UIKit.framework */ = {isa = PBXFileReference; lastKnownFileType = wrapper.framework; name = UIKit.framework; path = System/Library/Frameworks/UIKit.framework; sourceTree = SDKROOT; };
		CD4F3E1817153337008A250D /* Foundation.framework */ = {isa = PBXFileReference; lastKnownFileType = wrapper.framework; name = Foundation.framework; path = System/Library/Frameworks/Foundation.framework; sourceTree = SDKROOT; };
		CD4F3E1A17153337008A250D /* CoreGraphics.framework */ = {isa = PBXFileReference; lastKnownFileType = wrapper.framework; name = CoreGraphics.framework; path = System/Library/Frameworks/CoreGraphics.framework; sourceTree = SDKROOT; };
		CD4F3E771716C474008A250D /* QuartzCore.framework */ = {isa = PBXFileReference; lastKnownFileType = wrapper.framework; name = QuartzCore.framework; path = System/Library/Frameworks/QuartzCore.framework; sourceTree = SDKROOT; };
		CD4F3E8C1717B971008A250D /* AppDelegate.h */ = {isa = PBXFileReference; fileEncoding = 4; lastKnownFileType = sourcecode.c.h; name = AppDelegate.h; path = snowBrains/AppDelegate.h; sourceTree = SOURCE_ROOT; };
		CD4F3E8D1717B971008A250D /* AppDelegate.m */ = {isa = PBXFileReference; fileEncoding = 4; lastKnownFileType = sourcecode.c.objc; name = AppDelegate.m; path = snowBrains/AppDelegate.m; sourceTree = SOURCE_ROOT; };
		CD4F3E8F1717B971008A250D /* en */ = {isa = PBXFileReference; lastKnownFileType = file.storyboard; name = en; path = snowBrains/en.lproj/MainStoryboard_iPhone.storyboard; sourceTree = SOURCE_ROOT; };
		CD4F3E901717B971008A250D /* main.m */ = {isa = PBXFileReference; fileEncoding = 4; lastKnownFileType = sourcecode.c.objc; name = main.m; path = snowBrains/main.m; sourceTree = SOURCE_ROOT; };
		CD4F3E911717B971008A250D /* PullToRefreshView.h */ = {isa = PBXFileReference; fileEncoding = 4; lastKnownFileType = sourcecode.c.h; name = PullToRefreshView.h; path = snowBrains/PullToRefreshView.h; sourceTree = SOURCE_ROOT; };
		CD4F3E921717B971008A250D /* PullToRefreshView.m */ = {isa = PBXFileReference; fileEncoding = 4; lastKnownFileType = sourcecode.c.objc; name = PullToRefreshView.m; path = snowBrains/PullToRefreshView.m; sourceTree = SOURCE_ROOT; };
		CD4F3E931717B971008A250D /* ViewController.h */ = {isa = PBXFileReference; fileEncoding = 4; lastKnownFileType = sourcecode.c.h; name = ViewController.h; path = snowBrains/ViewController.h; sourceTree = SOURCE_ROOT; };
		CD4F3E941717B971008A250D /* ViewController.m */ = {isa = PBXFileReference; fileEncoding = 4; lastKnownFileType = sourcecode.c.objc; name = ViewController.m; path = snowBrains/ViewController.m; sourceTree = SOURCE_ROOT; };
		CD4F3E9B1717B9C0008A250D /* en */ = {isa = PBXFileReference; lastKnownFileType = text.plist.strings; name = en; path = snowBrains/en.lproj/InfoPlist.strings; sourceTree = SOURCE_ROOT; };
		CD4F3E9C1717B9C1008A250D /* snowBrains-Info.plist */ = {isa = PBXFileReference; fileEncoding = 4; lastKnownFileType = text.plist.xml; name = "snowBrains-Info.plist"; path = "snowBrains/snowBrains-Info.plist"; sourceTree = SOURCE_ROOT; };
		CD4F3E9D1717B9C1008A250D /* snowBrains-Prefix.pch */ = {isa = PBXFileReference; fileEncoding = 4; lastKnownFileType = sourcecode.c.h; name = "snowBrains-Prefix.pch"; path = "snowBrains/snowBrains-Prefix.pch"; sourceTree = SOURCE_ROOT; };
		CD4F3E9E1717B9C1008A250D /* arrow.png */ = {isa = PBXFileReference; lastKnownFileType = image.png; name = arrow.png; path = "snowBrains/supporting files/arrow.png"; sourceTree = SOURCE_ROOT; };
		CD4F3E9F1717B9C1008A250D /* arrow@2x.png */ = {isa = PBXFileReference; lastKnownFileType = image.png; name = "arrow@2x.png"; path = "snowBrains/supporting files/arrow@2x.png"; sourceTree = SOURCE_ROOT; };
		CD4F3EA01717B9C1008A250D /* brainsHeaderBackground.png */ = {isa = PBXFileReference; lastKnownFileType = image.png; name = brainsHeaderBackground.png; path = "snowBrains/supporting files/brainsHeaderBackground.png"; sourceTree = SOURCE_ROOT; };
		CD4F3EA11717B9C1008A250D /* brainsHeaderForeground.png */ = {isa = PBXFileReference; lastKnownFileType = image.png; name = brainsHeaderForeground.png; path = "snowBrains/supporting files/brainsHeaderForeground.png"; sourceTree = SOURCE_ROOT; };
		CD4F3EA21717B9C1008A250D /* brainsLogo.png */ = {isa = PBXFileReference; lastKnownFileType = image.png; name = brainsLogo.png; path = "snowBrains/supporting files/brainsLogo.png"; sourceTree = SOURCE_ROOT; };
		CD4F3EA31717B9C1008A250D /* buttonBackground.png */ = {isa = PBXFileReference; lastKnownFileType = image.png; name = buttonBackground.png; path = "snowBrains/supporting files/buttonBackground.png"; sourceTree = SOURCE_ROOT; };
		CD4F3EA41717B9C1008A250D /* homeDefault.png */ = {isa = PBXFileReference; lastKnownFileType = image.png; name = homeDefault.png; path = "snowBrains/supporting files/homeDefault.png"; sourceTree = SOURCE_ROOT; };
		CD4F3EA61717B9C1008A250D /* SnowBrains_57x57.png */ = {isa = PBXFileReference; lastKnownFileType = image.png; name = SnowBrains_57x57.png; path = "snowBrains/supporting files/SnowBrains_57x57.png"; sourceTree = SOURCE_ROOT; };
		CD4F3EA71717B9C1008A250D /* SnowBrains_114x114.png */ = {isa = PBXFileReference; lastKnownFileType = image.png; name = SnowBrains_114x114.png; path = "snowBrains/supporting files/SnowBrains_114x114.png"; sourceTree = SOURCE_ROOT; };
		CD4F3EA81717B9C1008A250D /* SnowBrains.png */ = {isa = PBXFileReference; lastKnownFileType = image.png; name = SnowBrains.png; path = "snowBrains/supporting files/SnowBrains.png"; sourceTree = SOURCE_ROOT; };
		CD4F3EA91717B9C1008A250D /* SnowBrainsSplas_640x960.png */ = {isa = PBXFileReference; lastKnownFileType = image.png; name = SnowBrainsSplas_640x960.png; path = "snowBrains/supporting files/SnowBrainsSplas_640x960.png"; sourceTree = SOURCE_ROOT; };
		CD4F3EAA1717B9C1008A250D /* SnowBrainsSplash_320x480.png */ = {isa = PBXFileReference; lastKnownFileType = image.png; name = SnowBrainsSplash_320x480.png; path = "snowBrains/supporting files/SnowBrainsSplash_320x480.png"; sourceTree = SOURCE_ROOT; };
		CD4F3EAB1717B9C1008A250D /* SnowBrainsSplash_640x1136.png */ = {isa = PBXFileReference; lastKnownFileType = image.png; name = SnowBrainsSplash_640x1136.png; path = "snowBrains/supporting files/SnowBrainsSplash_640x1136.png"; sourceTree = SOURCE_ROOT; };
		CD4F3EBC1717B9ED008A250D /* Default.png */ = {isa = PBXFileReference; lastKnownFileType = image.png; path = Default.png; sourceTree = "<group>"; };
		CD4F3EBE1717B9F6008A250D /* Default@2x.png */ = {isa = PBXFileReference; lastKnownFileType = image.png; path = "Default@2x.png"; sourceTree = "<group>"; };
		CD4F3EC01717B9FD008A250D /* Default-568h@2x.png */ = {isa = PBXFileReference; lastKnownFileType = image.png; path = "Default-568h@2x.png"; sourceTree = "<group>"; };
		CD4F3EC8171BC55B008A250D /* LocationViewController.h */ = {isa = PBXFileReference; fileEncoding = 4; lastKnownFileType = sourcecode.c.h; name = LocationViewController.h; path = snowBrains/LocationViewController.h; sourceTree = SOURCE_ROOT; };
		CD4F3EC9171BC55C008A250D /* LocationViewController.m */ = {isa = PBXFileReference; fileEncoding = 4; lastKnownFileType = sourcecode.c.objc; name = LocationViewController.m; path = snowBrains/LocationViewController.m; sourceTree = SOURCE_ROOT; };
		CD4F3ECA171BC55C008A250D /* LocationViewController.xib */ = {isa = PBXFileReference; fileEncoding = 4; lastKnownFileType = file.xib; name = LocationViewController.xib; path = snowBrains/LocationViewController.xib; sourceTree = SOURCE_ROOT; };
		CD8D8A5D1726175F002AF83D /* MFSideMenu.h */ = {isa = PBXFileReference; fileEncoding = 4; lastKnownFileType = sourcecode.c.h; path = MFSideMenu.h; sourceTree = "<group>"; };
		CD8D8A5E1726175F002AF83D /* MFSideMenu.m */ = {isa = PBXFileReference; fileEncoding = 4; lastKnownFileType = sourcecode.c.objc; path = MFSideMenu.m; sourceTree = "<group>"; };
		CD8D8A5F1726175F002AF83D /* UINavigationController+MFSideMenu.h */ = {isa = PBXFileReference; fileEncoding = 4; lastKnownFileType = sourcecode.c.h; path = "UINavigationController+MFSideMenu.h"; sourceTree = "<group>"; };
		CD8D8A601726175F002AF83D /* UINavigationController+MFSideMenu.m */ = {isa = PBXFileReference; fileEncoding = 4; lastKnownFileType = sourcecode.c.objc; path = "UINavigationController+MFSideMenu.m"; sourceTree = "<group>"; };
		CDEF45CC171D2E5A00688181 /* CustomPopoverBackgroundView.h */ = {isa = PBXFileReference; fileEncoding = 4; lastKnownFileType = sourcecode.c.h; name = CustomPopoverBackgroundView.h; path = snowBrains/CustomPopoverBackgroundView.h; sourceTree = SOURCE_ROOT; };
		CDEF45CD171D2E5A00688181 /* CustomPopoverBackgroundView.m */ = {isa = PBXFileReference; fileEncoding = 4; lastKnownFileType = sourcecode.c.objc; name = CustomPopoverBackgroundView.m; path = snowBrains/CustomPopoverBackgroundView.m; sourceTree = SOURCE_ROOT; };
		CDEF45CF171D30F200688181 /* arrowPop.png */ = {isa = PBXFileReference; lastKnownFileType = image.png; name = arrowPop.png; path = "snowBrains/supporting files/arrowPop.png"; sourceTree = SOURCE_ROOT; };
		CDEF45D0171D30F200688181 /* popover-bg.png */ = {isa = PBXFileReference; lastKnownFileType = image.png; name = "popover-bg.png"; path = "snowBrains/supporting files/popover-bg.png"; sourceTree = SOURCE_ROOT; };
		CDF6E0FC1724FAF300E7E714 /* forwardSwipe.png */ = {isa = PBXFileReference; lastKnownFileType = image.png; name = forwardSwipe.png; path = "snowBrains/supporting files/forwardSwipe.png"; sourceTree = SOURCE_ROOT; };
		CDF6E0FD1724FAF300E7E714 /* forwardSwipe@2x.png */ = {isa = PBXFileReference; lastKnownFileType = image.png; name = "forwardSwipe@2x.png"; path = "snowBrains/supporting files/forwardSwipe@2x.png"; sourceTree = SOURCE_ROOT; };
		CDF6E1001724FB1000E7E714 /* BrainVideo.png */ = {isa = PBXFileReference; lastKnownFileType = image.png; name = BrainVideo.png; path = "snowBrains/supporting files/BrainVideo.png"; sourceTree = SOURCE_ROOT; };
		CDF6E1011724FB1000E7E714 /* BrainVideo@2x.png */ = {isa = PBXFileReference; lastKnownFileType = image.png; name = "BrainVideo@2x.png"; path = "snowBrains/supporting files/BrainVideo@2x.png"; sourceTree = SOURCE_ROOT; };
		CDF6E1021724FB1000E7E714 /* BrainVideoSelected.png */ = {isa = PBXFileReference; lastKnownFileType = image.png; name = BrainVideoSelected.png; path = "snowBrains/supporting files/BrainVideoSelected.png"; sourceTree = SOURCE_ROOT; };
		CDF6E1031724FB1000E7E714 /* BrainVideoSelected@2x.png */ = {isa = PBXFileReference; lastKnownFileType = image.png; name = "BrainVideoSelected@2x.png"; path = "snowBrains/supporting files/BrainVideoSelected@2x.png"; sourceTree = SOURCE_ROOT; };
		CDF6E1041724FB1000E7E714 /* NonBrainVids.png */ = {isa = PBXFileReference; lastKnownFileType = image.png; name = NonBrainVids.png; path = "snowBrains/supporting files/NonBrainVids.png"; sourceTree = SOURCE_ROOT; };
		CDF6E1051724FB1000E7E714 /* NonBrainVids@2x.png */ = {isa = PBXFileReference; lastKnownFileType = image.png; name = "NonBrainVids@2x.png"; path = "snowBrains/supporting files/NonBrainVids@2x.png"; sourceTree = SOURCE_ROOT; };
		CDF6E1061724FB1000E7E714 /* NonBrainVidsSelected.png */ = {isa = PBXFileReference; lastKnownFileType = image.png; name = NonBrainVidsSelected.png; path = "snowBrains/supporting files/NonBrainVidsSelected.png"; sourceTree = SOURCE_ROOT; };
		CDF6E1071724FB1000E7E714 /* NonBrainVidsSelected@2x.png */ = {isa = PBXFileReference; lastKnownFileType = image.png; name = "NonBrainVidsSelected@2x.png"; path = "snowBrains/supporting files/NonBrainVidsSelected@2x.png"; sourceTree = SOURCE_ROOT; };
		CDF6E1091724FB1000E7E714 /* Trailers.png */ = {isa = PBXFileReference; lastKnownFileType = image.png; name = Trailers.png; path = "snowBrains/supporting files/Trailers.png"; sourceTree = SOURCE_ROOT; };
		CDF6E10A1724FB1000E7E714 /* Trailers@2x.png */ = {isa = PBXFileReference; lastKnownFileType = image.png; name = "Trailers@2x.png"; path = "snowBrains/supporting files/Trailers@2x.png"; sourceTree = SOURCE_ROOT; };
		CDF6E10B1724FB1000E7E714 /* TrailersSelected.png */ = {isa = PBXFileReference; lastKnownFileType = image.png; name = TrailersSelected.png; path = "snowBrains/supporting files/TrailersSelected.png"; sourceTree = SOURCE_ROOT; };
		CDF6E10C1724FB1000E7E714 /* TrailersSelected@2x.png */ = {isa = PBXFileReference; lastKnownFileType = image.png; name = "TrailersSelected@2x.png"; path = "snowBrains/supporting files/TrailersSelected@2x.png"; sourceTree = SOURCE_ROOT; };
		CDF6E11A1724FC5700E7E714 /* backwardSwipe.png */ = {isa = PBXFileReference; lastKnownFileType = image.png; name = backwardSwipe.png; path = "snowBrains/supporting files/backwardSwipe.png"; sourceTree = SOURCE_ROOT; };
		CDF6E11B1724FC5700E7E714 /* backwardSwipe@2x.png */ = {isa = PBXFileReference; lastKnownFileType = image.png; name = "backwardSwipe@2x.png"; path = "snowBrains/supporting files/backwardSwipe@2x.png"; sourceTree = SOURCE_ROOT; };
/* End PBXFileReference section */

/* Begin PBXFrameworksBuildPhase section */
		CD4F3E1017153337008A250D /* Frameworks */ = {
			isa = PBXFrameworksBuildPhase;
			buildActionMask = 2147483647;
			files = (
				CD4F3E781716C474008A250D /* QuartzCore.framework in Frameworks */,
				CD4F3E1717153337008A250D /* UIKit.framework in Frameworks */,
				CD4F3E1917153337008A250D /* Foundation.framework in Frameworks */,
				CD4F3E1B17153337008A250D /* CoreGraphics.framework in Frameworks */,
			);
			runOnlyForDeploymentPostprocessing = 0;
		};
/* End PBXFrameworksBuildPhase section */

/* Begin PBXGroup section */
		CD3C3167172023600033AB22 /* menuItems */ = {
			isa = PBXGroup;
			children = (
				CDF6E1001724FB1000E7E714 /* BrainVideo.png */,
				CDF6E1011724FB1000E7E714 /* BrainVideo@2x.png */,
				CDF6E1021724FB1000E7E714 /* BrainVideoSelected.png */,
				CDF6E1031724FB1000E7E714 /* BrainVideoSelected@2x.png */,
				CDF6E1041724FB1000E7E714 /* NonBrainVids.png */,
				CDF6E1051724FB1000E7E714 /* NonBrainVids@2x.png */,
				CDF6E1061724FB1000E7E714 /* NonBrainVidsSelected.png */,
				CDF6E1071724FB1000E7E714 /* NonBrainVidsSelected@2x.png */,
				CDF6E1091724FB1000E7E714 /* Trailers.png */,
				CDF6E10A1724FB1000E7E714 /* Trailers@2x.png */,
				CDF6E10B1724FB1000E7E714 /* TrailersSelected.png */,
				CDF6E10C1724FB1000E7E714 /* TrailersSelected@2x.png */,
				CD3C30DF172023200033AB22 /* Alaska.png */,
				CD3C30E0172023200033AB22 /* Alaska@2x.png */,
				CD3C30E1172023200033AB22 /* AlaskaSelected.png */,
				CD3C30E2172023200033AB22 /* AlaskaSelected@2x.png */,
				CD3C30E3172023210033AB22 /* Alps.png */,
				CD3C30E4172023210033AB22 /* Alps@2x.png */,
				CD3C30E5172023210033AB22 /* AlpsSelected.png */,
				CD3C30E6172023210033AB22 /* AlpsSelected@2x.png */,
				CD3C30E7172023210033AB22 /* Brains.png */,
				CD3C30E8172023210033AB22 /* Brains@2x.png */,
				CD3C30E9172023210033AB22 /* BrainsSelected.png */,
				CD3C30EA172023210033AB22 /* BrainsSelected@2x.png */,
				CD3C30EB172023210033AB22 /* Gear.png */,
				CD3C30EC172023220033AB22 /* Gear@2x.png */,
				CD3C30ED172023220033AB22 /* GearSelected.png */,
				CD3C30EE172023220033AB22 /* GearSelected@2x.png */,
				CD3C30EF172023220033AB22 /* Home.png */,
				CD3C30F0172023240033AB22 /* Home@2x.png */,
				CD3C30F1172023240033AB22 /* HomeSelected.png */,
				CD3C30F2172023240033AB22 /* HomeSelected@2x.png */,
				CD3C30F3172023240033AB22 /* Jackson.png */,
				CD3C30F4172023240033AB22 /* Jackson@2x.png */,
				CD3C30F5172023240033AB22 /* JacksonSelected.png */,
				CD3C30F6172023240033AB22 /* JacksonSelected@2x.png */,
				CD3C30F7172023240033AB22 /* Japan.png */,
				CD3C30F8172023240033AB22 /* Japan@2x.png */,
				CD3C30F9172023240033AB22 /* JapanSelected.png */,
				CD3C30FA172023240033AB22 /* JapanSelected@2x.png */,
				CD3C30FB172023240033AB22 /* Locations.png */,
				CD3C30FC172023250033AB22 /* Locations@2x.png */,
				CD3C30FD172023250033AB22 /* LocationsSelected.png */,
				CD3C30FE172023250033AB22 /* LocationsSelected@2x.png */,
				CD3C30FF172023250033AB22 /* Mammoth.png */,
				CD3C3100172023250033AB22 /* Mammoth@2x.png */,
				CD3C3101172023250033AB22 /* MammothSelected.png */,
				CD3C3102172023250033AB22 /* MammothSelected@2x.png */,
				CD3C3103172023260033AB22 /* More.png */,
				CD3C3104172023260033AB22 /* More@2x.png */,
				CD3C3105172023260033AB22 /* MoreSelected.png */,
				CD3C3106172023260033AB22 /* MoreSelected@2x.png */,
				CD3C3107172023260033AB22 /* PNW.png */,
				CD3C3108172023270033AB22 /* PNW@2x.png */,
				CD3C3109172023270033AB22 /* PNWSelected.png */,
				CD3C310A172023270033AB22 /* PNWSelected@2x.png */,
				CD3C310B172023270033AB22 /* SouthAmerica.png */,
				CD3C310C172023270033AB22 /* SouthAmerica@2x.png */,
				CD3C310D172023270033AB22 /* SouthAmericaSelected.png */,
				CD3C310E172023270033AB22 /* SouthAmericaSelected@2x.png */,
				CD3C310F172023270033AB22 /* Squaw.png */,
				CD3C3110172023270033AB22 /* Squaw@2x.png */,
				CD3C3111172023280033AB22 /* SquawSelected.png */,
				CD3C3112172023280033AB22 /* SquawSelected@2x.png */,
				CD3C3113172023280033AB22 /* Utah.png */,
				CD3C3114172023280033AB22 /* Utah@2x.png */,
				CD3C3115172023290033AB22 /* UtahSelected.png */,
				CD3C3116172023290033AB22 /* UtahSelected@2x.png */,
				CD3C3117172023290033AB22 /* Video.png */,
				CD3C3118172023290033AB22 /* Video@2x.png */,
				CD3C31191720232A0033AB22 /* VideoSelected.png */,
				CD3C311A1720232A0033AB22 /* VideoSelected@2x.png */,
				CD3C311B1720232A0033AB22 /* Weather.png */,
				CD3C311C1720232A0033AB22 /* Weather@2x.png */,
				CD3C311D1720232A0033AB22 /* WeatherSelected.png */,
				CD3C311E1720232A0033AB22 /* WeatherSelected@2x.png */,
				CD3C311F1720232A0033AB22 /* Whistler.png */,
				CD3C31201720232C0033AB22 /* Whistler@2x.png */,
				CD3C31211720232C0033AB22 /* WhistlerSelected.png */,
				CD3C31221720232C0033AB22 /* WhistlerSelected@2x.png */,
			);
			name = menuItems;
			sourceTree = "<group>";
		};
		CD4F3E0A17153337008A250D = {
			isa = PBXGroup;
			children = (
				CD4F3EBC1717B9ED008A250D /* Default.png */,
				CD4F3EBE1717B9F6008A250D /* Default@2x.png */,
				CD4F3EC01717B9FD008A250D /* Default-568h@2x.png */,
				CD4F3E1C17153337008A250D /* snowBrains */,
				CD4F3E1517153337008A250D /* Frameworks */,
				CD4F3E1417153337008A250D /* Products */,
			);
			sourceTree = "<group>";
		};
		CD4F3E1417153337008A250D /* Products */ = {
			isa = PBXGroup;
			children = (
				CD4F3E1317153337008A250D /* snowBrains.app */,
			);
			name = Products;
			sourceTree = "<group>";
		};
		CD4F3E1517153337008A250D /* Frameworks */ = {
			isa = PBXGroup;
			children = (
				CD4F3E771716C474008A250D /* QuartzCore.framework */,
				CD4F3E1617153337008A250D /* UIKit.framework */,
				CD4F3E1817153337008A250D /* Foundation.framework */,
				CD4F3E1A17153337008A250D /* CoreGraphics.framework */,
			);
			name = Frameworks;
			sourceTree = "<group>";
		};
		CD4F3E1C17153337008A250D /* snowBrains */ = {
			isa = PBXGroup;
			children = (
				CD8D8A5C1726175F002AF83D /* MFSideMenu */,
				CD4F3E8C1717B971008A250D /* AppDelegate.h */,
				CD4F3E8D1717B971008A250D /* AppDelegate.m */,
				CD4F3E8E1717B971008A250D /* MainStoryboard_iPhone.storyboard */,
				CD4F3E901717B971008A250D /* main.m */,
				CD4F3E911717B971008A250D /* PullToRefreshView.h */,
				CD4F3E921717B971008A250D /* PullToRefreshView.m */,
				CD4F3E931717B971008A250D /* ViewController.h */,
				CD4F3E941717B971008A250D /* ViewController.m */,
				CDEF45CC171D2E5A00688181 /* CustomPopoverBackgroundView.h */,
				CDEF45CD171D2E5A00688181 /* CustomPopoverBackgroundView.m */,
				CD4F3EC8171BC55B008A250D /* LocationViewController.h */,
				CD4F3EC9171BC55C008A250D /* LocationViewController.m */,
				CD4F3ECA171BC55C008A250D /* LocationViewController.xib */,
				CD3C306F171E2C040033AB22 /* MoreViewController.h */,
				CD3C306D171D8A060033AB22 /* MoreViewController.m */,
				CD3C306B171D89F10033AB22 /* MoreViewController.xib */,
				CD3C3066171D80540033AB22 /* VideoViewController.h */,
				CD3C3067171D80540033AB22 /* VideoViewController.m */,
				CD3C3068171D80540033AB22 /* VideoViewController.xib */,
				CD4F3E1D17153337008A250D /* Supporting Files */,
			);
			name = snowBrains;
			path = webapp;
			sourceTree = "<group>";
		};
		CD4F3E1D17153337008A250D /* Supporting Files */ = {
			isa = PBXGroup;
			children = (
				CD3C3167172023600033AB22 /* menuItems */,
				CD3C3075171F7F170033AB22 /* FlakeHighRes.png */,
				CD3C3076171F7F170033AB22 /* SnowBrainsLogoNoHead.png */,
				CD3C3071171ED2550033AB22 /* flake.png */,
				CDF6E0FC1724FAF300E7E714 /* forwardSwipe.png */,
				CDF6E0FD1724FAF300E7E714 /* forwardSwipe@2x.png */,
				CDF6E11A1724FC5700E7E714 /* backwardSwipe.png */,
				CDF6E11B1724FC5700E7E714 /* backwardSwipe@2x.png */,
				CD3C3072171ED2550033AB22 /* headless.png */,
				CDEF45CF171D30F200688181 /* arrowPop.png */,
				CDEF45D0171D30F200688181 /* popover-bg.png */,
				CD4F3E9A1717B9C0008A250D /* InfoPlist.strings */,
				CD4F3E9C1717B9C1008A250D /* snowBrains-Info.plist */,
				CD4F3E9D1717B9C1008A250D /* snowBrains-Prefix.pch */,
				CD4F3E9E1717B9C1008A250D /* arrow.png */,
				CD4F3E9F1717B9C1008A250D /* arrow@2x.png */,
				CD4F3EA01717B9C1008A250D /* brainsHeaderBackground.png */,
				CD4F3EA11717B9C1008A250D /* brainsHeaderForeground.png */,
				CD4F3EA21717B9C1008A250D /* brainsLogo.png */,
				CD4F3EA31717B9C1008A250D /* buttonBackground.png */,
				CD4F3EA41717B9C1008A250D /* homeDefault.png */,
				CD4F3EA61717B9C1008A250D /* SnowBrains_57x57.png */,
				CD4F3EA71717B9C1008A250D /* SnowBrains_114x114.png */,
				CD4F3EA81717B9C1008A250D /* SnowBrains.png */,
				CD4F3EA91717B9C1008A250D /* SnowBrainsSplas_640x960.png */,
				CD4F3EAA1717B9C1008A250D /* SnowBrainsSplash_320x480.png */,
				CD4F3EAB1717B9C1008A250D /* SnowBrainsSplash_640x1136.png */,
			);
			name = "Supporting Files";
			sourceTree = "<group>";
		};
		CD8D8A5C1726175F002AF83D /* MFSideMenu */ = {
			isa = PBXGroup;
			children = (
				CD8D8A5D1726175F002AF83D /* MFSideMenu.h */,
				CD8D8A5E1726175F002AF83D /* MFSideMenu.m */,
				CD8D8A5F1726175F002AF83D /* UINavigationController+MFSideMenu.h */,
				CD8D8A601726175F002AF83D /* UINavigationController+MFSideMenu.m */,
			);
			name = MFSideMenu;
			path = snowBrains/MFSideMenu;
			sourceTree = "<group>";
		};
/* End PBXGroup section */

/* Begin PBXNativeTarget section */
		CD4F3E1217153337008A250D /* snowBrains */ = {
			isa = PBXNativeTarget;
			buildConfigurationList = CD4F3E3917153337008A250D /* Build configuration list for PBXNativeTarget "snowBrains" */;
			buildPhases = (
				CD4F3E0F17153337008A250D /* Sources */,
				CD4F3E1017153337008A250D /* Frameworks */,
				CD4F3E1117153337008A250D /* Resources */,
			);
			buildRules = (
			);
			dependencies = (
			);
			name = snowBrains;
			productName = webapp;
			productReference = CD4F3E1317153337008A250D /* snowBrains.app */;
			productType = "com.apple.product-type.application";
		};
/* End PBXNativeTarget section */

/* Begin PBXProject section */
		CD4F3E0B17153337008A250D /* Project object */ = {
			isa = PBXProject;
			attributes = {
				LastUpgradeCheck = 0460;
				ORGANIZATIONNAME = Patrick;
			};
			buildConfigurationList = CD4F3E0E17153337008A250D /* Build configuration list for PBXProject "snowBrains" */;
			compatibilityVersion = "Xcode 3.2";
			developmentRegion = English;
			hasScannedForEncodings = 0;
			knownRegions = (
				en,
			);
			mainGroup = CD4F3E0A17153337008A250D;
			productRefGroup = CD4F3E1417153337008A250D /* Products */;
			projectDirPath = "";
			projectRoot = "";
			targets = (
				CD4F3E1217153337008A250D /* snowBrains */,
			);
		};
/* End PBXProject section */

/* Begin PBXResourcesBuildPhase section */
		CD4F3E1117153337008A250D /* Resources */ = {
			isa = PBXResourcesBuildPhase;
			buildActionMask = 2147483647;
			files = (
				CD4F3E961717B971008A250D /* MainStoryboard_iPhone.storyboard in Resources */,
				CD4F3EAC1717B9C1008A250D /* InfoPlist.strings in Resources */,
				CD4F3EAE1717B9C1008A250D /* arrow.png in Resources */,
				CD4F3EAF1717B9C1008A250D /* arrow@2x.png in Resources */,
				CD4F3EB01717B9C1008A250D /* brainsHeaderBackground.png in Resources */,
				CD4F3EB11717B9C1008A250D /* brainsHeaderForeground.png in Resources */,
				CD4F3EB21717B9C1008A250D /* brainsLogo.png in Resources */,
				CD4F3EB31717B9C1008A250D /* buttonBackground.png in Resources */,
				CD4F3EB41717B9C1008A250D /* homeDefault.png in Resources */,
				CD4F3EB61717B9C1008A250D /* SnowBrains_57x57.png in Resources */,
				CD4F3EB71717B9C1008A250D /* SnowBrains_114x114.png in Resources */,
				CD4F3EB81717B9C1008A250D /* SnowBrains.png in Resources */,
				CD4F3EB91717B9C1008A250D /* SnowBrainsSplas_640x960.png in Resources */,
				CD4F3EBA1717B9C1008A250D /* SnowBrainsSplash_320x480.png in Resources */,
				CD4F3EBB1717B9C1008A250D /* SnowBrainsSplash_640x1136.png in Resources */,
				CD4F3EBD1717B9ED008A250D /* Default.png in Resources */,
				CD4F3EBF1717B9F6008A250D /* Default@2x.png in Resources */,
				CD4F3EC11717B9FD008A250D /* Default-568h@2x.png in Resources */,
				CD4F3ECC171BC55C008A250D /* LocationViewController.xib in Resources */,
				CDEF45D1171D30F200688181 /* arrowPop.png in Resources */,
				CDEF45D2171D30F200688181 /* popover-bg.png in Resources */,
				CD3C306A171D80540033AB22 /* VideoViewController.xib in Resources */,
				CD3C306C171D89F10033AB22 /* MoreViewController.xib in Resources */,
				CD3C306E171D8A060033AB22 /* MoreViewController.m in Resources */,
				CD3C3073171ED2550033AB22 /* flake.png in Resources */,
				CD3C3074171ED2550033AB22 /* headless.png in Resources */,
				CD3C3077171F7F170033AB22 /* FlakeHighRes.png in Resources */,
				CD3C3078171F7F170033AB22 /* SnowBrainsLogoNoHead.png in Resources */,
				CD3C31231720232D0033AB22 /* Alaska.png in Resources */,
				CD3C31241720232D0033AB22 /* Alaska@2x.png in Resources */,
				CD3C31251720232D0033AB22 /* AlaskaSelected.png in Resources */,
				CD3C31261720232D0033AB22 /* AlaskaSelected@2x.png in Resources */,
				CD3C31271720232D0033AB22 /* Alps.png in Resources */,
				CD3C31281720232D0033AB22 /* Alps@2x.png in Resources */,
				CD3C31291720232D0033AB22 /* AlpsSelected.png in Resources */,
				CD3C312A1720232D0033AB22 /* AlpsSelected@2x.png in Resources */,
				CD3C312B1720232D0033AB22 /* Brains.png in Resources */,
				CD3C312C1720232D0033AB22 /* Brains@2x.png in Resources */,
				CD3C312D1720232D0033AB22 /* BrainsSelected.png in Resources */,
				CD3C312E1720232D0033AB22 /* BrainsSelected@2x.png in Resources */,
				CD3C312F1720232D0033AB22 /* Gear.png in Resources */,
				CD3C31301720232D0033AB22 /* Gear@2x.png in Resources */,
				CD3C31311720232D0033AB22 /* GearSelected.png in Resources */,
				CD3C31321720232D0033AB22 /* GearSelected@2x.png in Resources */,
				CD3C31331720232D0033AB22 /* Home.png in Resources */,
				CD3C31341720232D0033AB22 /* Home@2x.png in Resources */,
				CD3C31351720232D0033AB22 /* HomeSelected.png in Resources */,
				CD3C31361720232D0033AB22 /* HomeSelected@2x.png in Resources */,
				CD3C31371720232D0033AB22 /* Jackson.png in Resources */,
				CD3C31381720232D0033AB22 /* Jackson@2x.png in Resources */,
				CD3C31391720232D0033AB22 /* JacksonSelected.png in Resources */,
				CD3C313A1720232D0033AB22 /* JacksonSelected@2x.png in Resources */,
				CD3C313B1720232D0033AB22 /* Japan.png in Resources */,
				CD3C313C1720232D0033AB22 /* Japan@2x.png in Resources */,
				CD3C313D1720232D0033AB22 /* JapanSelected.png in Resources */,
				CD3C313E1720232D0033AB22 /* JapanSelected@2x.png in Resources */,
				CD3C313F1720232D0033AB22 /* Locations.png in Resources */,
				CD3C31401720232D0033AB22 /* Locations@2x.png in Resources */,
				CD3C31411720232D0033AB22 /* LocationsSelected.png in Resources */,
				CD3C31421720232D0033AB22 /* LocationsSelected@2x.png in Resources */,
				CD3C31431720232D0033AB22 /* Mammoth.png in Resources */,
				CD3C31441720232D0033AB22 /* Mammoth@2x.png in Resources */,
				CD3C31451720232D0033AB22 /* MammothSelected.png in Resources */,
				CD3C31461720232D0033AB22 /* MammothSelected@2x.png in Resources */,
				CD3C31471720232D0033AB22 /* More.png in Resources */,
				CD3C31481720232D0033AB22 /* More@2x.png in Resources */,
				CD3C31491720232D0033AB22 /* MoreSelected.png in Resources */,
				CD3C314A1720232D0033AB22 /* MoreSelected@2x.png in Resources */,
				CD3C314B1720232D0033AB22 /* PNW.png in Resources */,
				CD3C314C1720232D0033AB22 /* PNW@2x.png in Resources */,
				CD3C314D1720232D0033AB22 /* PNWSelected.png in Resources */,
				CD3C314E1720232D0033AB22 /* PNWSelected@2x.png in Resources */,
				CD3C314F1720232D0033AB22 /* SouthAmerica.png in Resources */,
				CD3C31501720232D0033AB22 /* SouthAmerica@2x.png in Resources */,
				CD3C31511720232D0033AB22 /* SouthAmericaSelected.png in Resources */,
				CD3C31521720232D0033AB22 /* SouthAmericaSelected@2x.png in Resources */,
				CD3C31531720232D0033AB22 /* Squaw.png in Resources */,
				CD3C31541720232D0033AB22 /* Squaw@2x.png in Resources */,
				CD3C31551720232D0033AB22 /* SquawSelected.png in Resources */,
				CD3C31561720232D0033AB22 /* SquawSelected@2x.png in Resources */,
				CD3C31571720232D0033AB22 /* Utah.png in Resources */,
				CD3C31581720232D0033AB22 /* Utah@2x.png in Resources */,
				CD3C31591720232D0033AB22 /* UtahSelected.png in Resources */,
				CD3C315A1720232D0033AB22 /* UtahSelected@2x.png in Resources */,
				CD3C315B1720232D0033AB22 /* Video.png in Resources */,
				CD3C315C1720232D0033AB22 /* Video@2x.png in Resources */,
				CD3C315D1720232D0033AB22 /* VideoSelected.png in Resources */,
				CD3C315E1720232D0033AB22 /* VideoSelected@2x.png in Resources */,
				CD3C315F1720232D0033AB22 /* Weather.png in Resources */,
				CD3C31601720232D0033AB22 /* Weather@2x.png in Resources */,
				CD3C31611720232D0033AB22 /* WeatherSelected.png in Resources */,
				CD3C31621720232D0033AB22 /* WeatherSelected@2x.png in Resources */,
				CD3C31631720232D0033AB22 /* Whistler.png in Resources */,
				CD3C31641720232D0033AB22 /* Whistler@2x.png in Resources */,
				CD3C31651720232D0033AB22 /* WhistlerSelected.png in Resources */,
				CD3C31661720232D0033AB22 /* WhistlerSelected@2x.png in Resources */,
				CDF6E0FE1724FAF300E7E714 /* forwardSwipe.png in Resources */,
				CDF6E0FF1724FAF300E7E714 /* forwardSwipe@2x.png in Resources */,
				CDF6E10D1724FB1000E7E714 /* BrainVideo.png in Resources */,
				CDF6E10E1724FB1000E7E714 /* BrainVideo@2x.png in Resources */,
				CDF6E10F1724FB1000E7E714 /* BrainVideoSelected.png in Resources */,
				CDF6E1101724FB1000E7E714 /* BrainVideoSelected@2x.png in Resources */,
				CDF6E1111724FB1000E7E714 /* NonBrainVids.png in Resources */,
				CDF6E1121724FB1000E7E714 /* NonBrainVids@2x.png in Resources */,
				CDF6E1131724FB1000E7E714 /* NonBrainVidsSelected.png in Resources */,
				CDF6E1141724FB1000E7E714 /* NonBrainVidsSelected@2x.png in Resources */,
				CDF6E1161724FB1000E7E714 /* Trailers.png in Resources */,
				CDF6E1171724FB1000E7E714 /* Trailers@2x.png in Resources */,
				CDF6E1181724FB1000E7E714 /* TrailersSelected.png in Resources */,
				CDF6E1191724FB1000E7E714 /* TrailersSelected@2x.png in Resources */,
				CDF6E11C1724FC5700E7E714 /* backwardSwipe.png in Resources */,
				CDF6E11D1724FC5700E7E714 /* backwardSwipe@2x.png in Resources */,
			);
			runOnlyForDeploymentPostprocessing = 0;
		};
/* End PBXResourcesBuildPhase section */

/* Begin PBXSourcesBuildPhase section */
		CD4F3E0F17153337008A250D /* Sources */ = {
			isa = PBXSourcesBuildPhase;
			buildActionMask = 2147483647;
			files = (
				CD3C3070171E43940033AB22 /* MoreViewController.m in Sources */,
				CD4F3E951717B971008A250D /* AppDelegate.m in Sources */,
				CD4F3E971717B971008A250D /* main.m in Sources */,
				CD4F3E981717B971008A250D /* PullToRefreshView.m in Sources */,
				CD4F3E991717B971008A250D /* ViewController.m in Sources */,
				CD4F3ECB171BC55C008A250D /* LocationViewController.m in Sources */,
				CDEF45CE171D2E5A00688181 /* CustomPopoverBackgroundView.m in Sources */,
				CD3C3069171D80540033AB22 /* VideoViewController.m in Sources */,
				CD8D8A611726175F002AF83D /* MFSideMenu.m in Sources */,
				CD8D8A621726175F002AF83D /* UINavigationController+MFSideMenu.m in Sources */,
			);
			runOnlyForDeploymentPostprocessing = 0;
		};
/* End PBXSourcesBuildPhase section */

/* Begin PBXVariantGroup section */
		CD4F3E8E1717B971008A250D /* MainStoryboard_iPhone.storyboard */ = {
			isa = PBXVariantGroup;
			children = (
				CD4F3E8F1717B971008A250D /* en */,
			);
			name = MainStoryboard_iPhone.storyboard;
			sourceTree = "<group>";
		};
		CD4F3E9A1717B9C0008A250D /* InfoPlist.strings */ = {
			isa = PBXVariantGroup;
			children = (
				CD4F3E9B1717B9C0008A250D /* en */,
			);
			name = InfoPlist.strings;
			sourceTree = "<group>";
		};
/* End PBXVariantGroup section */

/* Begin XCBuildConfiguration section */
		CD4F3E3717153337008A250D /* Debug */ = {
			isa = XCBuildConfiguration;
			buildSettings = {
				ALWAYS_SEARCH_USER_PATHS = NO;
				CLANG_CXX_LANGUAGE_STANDARD = "gnu++0x";
				CLANG_CXX_LIBRARY = "libc++";
				CLANG_ENABLE_OBJC_ARC = YES;
				CLANG_WARN_CONSTANT_CONVERSION = YES;
				CLANG_WARN_EMPTY_BODY = YES;
				CLANG_WARN_ENUM_CONVERSION = YES;
				CLANG_WARN_INT_CONVERSION = YES;
				CLANG_WARN__DUPLICATE_METHOD_MATCH = YES;
				"CODE_SIGN_IDENTITY[sdk=iphoneos*]" = "iPhone Developer";
				COPY_PHASE_STRIP = NO;
				GCC_C_LANGUAGE_STANDARD = gnu99;
				GCC_DYNAMIC_NO_PIC = NO;
				GCC_OPTIMIZATION_LEVEL = 0;
				GCC_PREPROCESSOR_DEFINITIONS = (
					"DEBUG=1",
					"$(inherited)",
				);
				GCC_SYMBOLS_PRIVATE_EXTERN = NO;
				GCC_WARN_ABOUT_RETURN_TYPE = YES;
				GCC_WARN_UNINITIALIZED_AUTOS = YES;
				GCC_WARN_UNUSED_VARIABLE = YES;
				IPHONEOS_DEPLOYMENT_TARGET = 6.1;
				ONLY_ACTIVE_ARCH = YES;
				SDKROOT = iphoneos;
				TARGETED_DEVICE_FAMILY = "1,2";
			};
			name = Debug;
		};
		CD4F3E3817153337008A250D /* Release */ = {
			isa = XCBuildConfiguration;
			buildSettings = {
				ALWAYS_SEARCH_USER_PATHS = NO;
				CLANG_CXX_LANGUAGE_STANDARD = "gnu++0x";
				CLANG_CXX_LIBRARY = "libc++";
				CLANG_ENABLE_OBJC_ARC = YES;
				CLANG_WARN_CONSTANT_CONVERSION = YES;
				CLANG_WARN_EMPTY_BODY = YES;
				CLANG_WARN_ENUM_CONVERSION = YES;
				CLANG_WARN_INT_CONVERSION = YES;
				CLANG_WARN__DUPLICATE_METHOD_MATCH = YES;
				"CODE_SIGN_IDENTITY[sdk=iphoneos*]" = "iPhone Developer";
				COPY_PHASE_STRIP = YES;
				GCC_C_LANGUAGE_STANDARD = gnu99;
				GCC_WARN_ABOUT_RETURN_TYPE = YES;
				GCC_WARN_UNINITIALIZED_AUTOS = YES;
				GCC_WARN_UNUSED_VARIABLE = YES;
				IPHONEOS_DEPLOYMENT_TARGET = 6.1;
				OTHER_CFLAGS = "-DNS_BLOCK_ASSERTIONS=1";
				SDKROOT = iphoneos;
				TARGETED_DEVICE_FAMILY = "1,2";
				VALIDATE_PRODUCT = YES;
			};
			name = Release;
		};
		CD4F3E3A17153337008A250D /* Debug */ = {
			isa = XCBuildConfiguration;
			buildSettings = {
				GCC_PRECOMPILE_PREFIX_HEADER = YES;
				GCC_PREFIX_HEADER = "snowBrains/snowBrains-Prefix.pch";
				INFOPLIST_FILE = "snowBrains/snowBrains-Info.plist";
				IPHONEOS_DEPLOYMENT_TARGET = 5.1;
				PRODUCT_NAME = snowBrains;
				TARGETED_DEVICE_FAMILY = 1;
				WRAPPER_EXTENSION = app;
			};
			name = Debug;
		};
		CD4F3E3B17153337008A250D /* Release */ = {
			isa = XCBuildConfiguration;
			buildSettings = {
				GCC_PRECOMPILE_PREFIX_HEADER = YES;
				GCC_PREFIX_HEADER = "snowBrains/snowBrains-Prefix.pch";
				INFOPLIST_FILE = "snowBrains/snowBrains-Info.plist";
				IPHONEOS_DEPLOYMENT_TARGET = 5.1;
				PRODUCT_NAME = snowBrains;
				TARGETED_DEVICE_FAMILY = 1;
				WRAPPER_EXTENSION = app;
			};
			name = Release;
		};
/* End XCBuildConfiguration section */

/* Begin XCConfigurationList section */
		CD4F3E0E17153337008A250D /* Build configuration list for PBXProject "snowBrains" */ = {
			isa = XCConfigurationList;
			buildConfigurations = (
				CD4F3E3717153337008A250D /* Debug */,
				CD4F3E3817153337008A250D /* Release */,
			);
			defaultConfigurationIsVisible = 0;
			defaultConfigurationName = Release;
		};
		CD4F3E3917153337008A250D /* Build configuration list for PBXNativeTarget "snowBrains" */ = {
			isa = XCConfigurationList;
			buildConfigurations = (
				CD4F3E3A17153337008A250D /* Debug */,
				CD4F3E3B17153337008A250D /* Release */,
			);
			defaultConfigurationIsVisible = 0;
			defaultConfigurationName = Release;
		};
/* End XCConfigurationList section */
	};
	rootObject = CD4F3E0B17153337008A250D /* Project object */;
}
