// !$*UTF8*$!
{
	archiveVersion = 1;
	classes = {
	};
	objectVersion = 46;
	objects = {

/* Begin PBXBuildFile section */
		CD0857F118408C88005DEB14 /* Images.xcassets in Resources */ = {isa = PBXBuildFile; fileRef = CD0857F018408C88005DEB14 /* Images.xcassets */; };
		CD0857F718408D2E005DEB14 /* StorageModel.xcdatamodeld in Sources */ = {isa = PBXBuildFile; fileRef = CD0857F518408D2E005DEB14 /* StorageModel.xcdatamodeld */; };
		CD0857FD18409CA1005DEB14 /* CommonModelInterface.m in Sources */ = {isa = PBXBuildFile; fileRef = CD0857FC18409CA1005DEB14 /* CommonModelInterface.m */; };
		CD0858301841DE96005DEB14 /* SpeedTestViewController.m in Sources */ = {isa = PBXBuildFile; fileRef = CD08582F1841DE96005DEB14 /* SpeedTestViewController.m */; };
		CD08583A1844DA0D005DEB14 /* PostRetriever.m in Sources */ = {isa = PBXBuildFile; fileRef = CD0858391844DA0D005DEB14 /* PostRetriever.m */; };
		CD0858771845A611005DEB14 /* MagicalImportFunctions.m in Sources */ = {isa = PBXBuildFile; fileRef = CD08583F1845A611005DEB14 /* MagicalImportFunctions.m */; };
		CD0858781845A611005DEB14 /* NSAttributeDescription+MagicalDataImport.m in Sources */ = {isa = PBXBuildFile; fileRef = CD0858411845A611005DEB14 /* NSAttributeDescription+MagicalDataImport.m */; };
		CD0858791845A611005DEB14 /* NSEntityDescription+MagicalDataImport.m in Sources */ = {isa = PBXBuildFile; fileRef = CD0858431845A611005DEB14 /* NSEntityDescription+MagicalDataImport.m */; };
		CD08587A1845A611005DEB14 /* NSNumber+MagicalDataImport.m in Sources */ = {isa = PBXBuildFile; fileRef = CD0858451845A611005DEB14 /* NSNumber+MagicalDataImport.m */; };
		CD08587B1845A611005DEB14 /* NSObject+MagicalDataImport.m in Sources */ = {isa = PBXBuildFile; fileRef = CD0858471845A611005DEB14 /* NSObject+MagicalDataImport.m */; };
		CD08587C1845A611005DEB14 /* NSRelationshipDescription+MagicalDataImport.m in Sources */ = {isa = PBXBuildFile; fileRef = CD0858491845A611005DEB14 /* NSRelationshipDescription+MagicalDataImport.m */; };
		CD08587D1845A611005DEB14 /* NSString+MagicalDataImport.m in Sources */ = {isa = PBXBuildFile; fileRef = CD08584B1845A611005DEB14 /* NSString+MagicalDataImport.m */; };
		CD08587E1845A611005DEB14 /* NSManagedObject+MagicalAggregation.m in Sources */ = {isa = PBXBuildFile; fileRef = CD08584E1845A611005DEB14 /* NSManagedObject+MagicalAggregation.m */; };
		CD08587F1845A611005DEB14 /* NSManagedObject+MagicalDataImport.m in Sources */ = {isa = PBXBuildFile; fileRef = CD0858501845A611005DEB14 /* NSManagedObject+MagicalDataImport.m */; };
		CD0858801845A611005DEB14 /* NSManagedObject+MagicalFinders.m in Sources */ = {isa = PBXBuildFile; fileRef = CD0858521845A611005DEB14 /* NSManagedObject+MagicalFinders.m */; };
		CD0858811845A611005DEB14 /* NSManagedObject+MagicalRecord.m in Sources */ = {isa = PBXBuildFile; fileRef = CD0858541845A611005DEB14 /* NSManagedObject+MagicalRecord.m */; };
		CD0858821845A611005DEB14 /* NSManagedObject+MagicalRequests.m in Sources */ = {isa = PBXBuildFile; fileRef = CD0858561845A611005DEB14 /* NSManagedObject+MagicalRequests.m */; };
		CD0858831845A611005DEB14 /* NSManagedObjectContext+MagicalObserving.m in Sources */ = {isa = PBXBuildFile; fileRef = CD0858591845A611005DEB14 /* NSManagedObjectContext+MagicalObserving.m */; };
		CD0858841845A611005DEB14 /* NSManagedObjectContext+MagicalRecord.m in Sources */ = {isa = PBXBuildFile; fileRef = CD08585B1845A611005DEB14 /* NSManagedObjectContext+MagicalRecord.m */; };
		CD0858851845A611005DEB14 /* NSManagedObjectContext+MagicalSaves.m in Sources */ = {isa = PBXBuildFile; fileRef = CD08585D1845A611005DEB14 /* NSManagedObjectContext+MagicalSaves.m */; };
		CD0858861845A611005DEB14 /* NSManagedObjectContext+MagicalThreading.m in Sources */ = {isa = PBXBuildFile; fileRef = CD08585F1845A611005DEB14 /* NSManagedObjectContext+MagicalThreading.m */; };
		CD0858871845A611005DEB14 /* NSManagedObjectModel+MagicalRecord.m in Sources */ = {isa = PBXBuildFile; fileRef = CD0858611845A611005DEB14 /* NSManagedObjectModel+MagicalRecord.m */; };
		CD0858881845A611005DEB14 /* NSPersistentStore+MagicalRecord.m in Sources */ = {isa = PBXBuildFile; fileRef = CD0858631845A611005DEB14 /* NSPersistentStore+MagicalRecord.m */; };
		CD0858891845A611005DEB14 /* NSPersistentStoreCoordinator+MagicalRecord.m in Sources */ = {isa = PBXBuildFile; fileRef = CD0858651845A611005DEB14 /* NSPersistentStoreCoordinator+MagicalRecord.m */; };
		CD08588A1845A611005DEB14 /* MagicalRecord+Actions.m in Sources */ = {isa = PBXBuildFile; fileRef = CD0858681845A611005DEB14 /* MagicalRecord+Actions.m */; };
		CD08588B1845A611005DEB14 /* MagicalRecord+ErrorHandling.m in Sources */ = {isa = PBXBuildFile; fileRef = CD08586A1845A611005DEB14 /* MagicalRecord+ErrorHandling.m */; };
		CD08588C1845A611005DEB14 /* MagicalRecord+iCloud.m in Sources */ = {isa = PBXBuildFile; fileRef = CD08586C1845A611005DEB14 /* MagicalRecord+iCloud.m */; };
		CD08588D1845A611005DEB14 /* MagicalRecord+Options.m in Sources */ = {isa = PBXBuildFile; fileRef = CD08586E1845A611005DEB14 /* MagicalRecord+Options.m */; };
		CD08588E1845A611005DEB14 /* MagicalRecord+Setup.m in Sources */ = {isa = PBXBuildFile; fileRef = CD0858701845A611005DEB14 /* MagicalRecord+Setup.m */; };
		CD08588F1845A611005DEB14 /* MagicalRecord+ShorthandSupport.m in Sources */ = {isa = PBXBuildFile; fileRef = CD0858721845A611005DEB14 /* MagicalRecord+ShorthandSupport.m */; };
		CD0858901845A611005DEB14 /* MagicalRecord.m in Sources */ = {isa = PBXBuildFile; fileRef = CD0858741845A611005DEB14 /* MagicalRecord.m */; };
		CD0858921845A66B005DEB14 /* CoreData.framework in Frameworks */ = {isa = PBXBuildFile; fileRef = CD0858911845A66B005DEB14 /* CoreData.framework */; };
		CD085898184629CD005DEB14 /* ImageData.m in Sources */ = {isa = PBXBuildFile; fileRef = CD085897184629CD005DEB14 /* ImageData.m */; };
		CD08589B184629CE005DEB14 /* Comment.m in Sources */ = {isa = PBXBuildFile; fileRef = CD08589A184629CE005DEB14 /* Comment.m */; };
		CD08589E184629CE005DEB14 /* Attachment.m in Sources */ = {isa = PBXBuildFile; fileRef = CD08589D184629CE005DEB14 /* Attachment.m */; };
		CD0858A1184629CE005DEB14 /* Author.m in Sources */ = {isa = PBXBuildFile; fileRef = CD0858A0184629CE005DEB14 /* Author.m */; };
		CD0858A4184629CE005DEB14 /* Tag.m in Sources */ = {isa = PBXBuildFile; fileRef = CD0858A3184629CE005DEB14 /* Tag.m */; };
		CD0858A7184629CE005DEB14 /* CommonInterface.m in Sources */ = {isa = PBXBuildFile; fileRef = CD0858A6184629CE005DEB14 /* CommonInterface.m */; };
		CD0858AA184629CE005DEB14 /* Category.m in Sources */ = {isa = PBXBuildFile; fileRef = CD0858A9184629CE005DEB14 /* Category.m */; };
		CD0858AD184629CE005DEB14 /* Post.m in Sources */ = {isa = PBXBuildFile; fileRef = CD0858AC184629CE005DEB14 /* Post.m */; };
		CD0858B0184629CE005DEB14 /* Image.m in Sources */ = {isa = PBXBuildFile; fileRef = CD0858AF184629CE005DEB14 /* Image.m */; };
		CDADD91B184077A80047EA0A /* PostModel.m in Sources */ = {isa = PBXBuildFile; fileRef = CDADD91A184077A80047EA0A /* PostModel.m */; };
		CDADD91E184077BC0047EA0A /* AuthorModel.m in Sources */ = {isa = PBXBuildFile; fileRef = CDADD91D184077BC0047EA0A /* AuthorModel.m */; };
		CDADD921184077C60047EA0A /* TagModel.m in Sources */ = {isa = PBXBuildFile; fileRef = CDADD920184077C60047EA0A /* TagModel.m */; };
		CDADD924184077D40047EA0A /* ImageModel.m in Sources */ = {isa = PBXBuildFile; fileRef = CDADD923184077D40047EA0A /* ImageModel.m */; };
		CDADD927184077E30047EA0A /* ImageDataModel.m in Sources */ = {isa = PBXBuildFile; fileRef = CDADD926184077E30047EA0A /* ImageDataModel.m */; };
		CDADD92A184077EC0047EA0A /* CategoryModel.m in Sources */ = {isa = PBXBuildFile; fileRef = CDADD929184077EC0047EA0A /* CategoryModel.m */; };
		CDADD92D184077F70047EA0A /* CommentModel.m in Sources */ = {isa = PBXBuildFile; fileRef = CDADD92C184077F70047EA0A /* CommentModel.m */; };
		CDADD930184078010047EA0A /* AttachmentModel.m in Sources */ = {isa = PBXBuildFile; fileRef = CDADD92F184078010047EA0A /* AttachmentModel.m */; };
		CDAF7BA518328D3D00F8098B /* PostViewController.m in Sources */ = {isa = PBXBuildFile; fileRef = CDAF7BA318328D3D00F8098B /* PostViewController.m */; };
		CDAF7BEE183504C900F8098B /* MediaPlayer.framework in Frameworks */ = {isa = PBXBuildFile; fileRef = CDAF7BED183504C900F8098B /* MediaPlayer.framework */; };
		CDAF7C44183526BB00F8098B /* Storyboard.storyboard in Resources */ = {isa = PBXBuildFile; fileRef = CDAF7C43183526BB00F8098B /* Storyboard.storyboard */; };
		CDAF7C491838D5DC00F8098B /* FBLoginViewController.m in Sources */ = {isa = PBXBuildFile; fileRef = CDAF7C481838D5DC00F8098B /* FBLoginViewController.m */; };
		CDAF7C4C1839201600F8098B /* FBLoginViewController2.m in Sources */ = {isa = PBXBuildFile; fileRef = CDAF7C4B1839201600F8098B /* FBLoginViewController2.m */; };
		CDB0FB9617ACED16005024DE /* UIKit.framework in Frameworks */ = {isa = PBXBuildFile; fileRef = CDB0FB9517ACED16005024DE /* UIKit.framework */; };
		CDB0FB9817ACED16005024DE /* Foundation.framework in Frameworks */ = {isa = PBXBuildFile; fileRef = CDB0FB9717ACED16005024DE /* Foundation.framework */; };
		CDB0FB9A17ACED16005024DE /* CoreGraphics.framework in Frameworks */ = {isa = PBXBuildFile; fileRef = CDB0FB9917ACED16005024DE /* CoreGraphics.framework */; };
		CDB0FBA017ACED16005024DE /* InfoPlist.strings in Resources */ = {isa = PBXBuildFile; fileRef = CDB0FB9E17ACED16005024DE /* InfoPlist.strings */; };
		CDB0FBA217ACED17005024DE /* main.m in Sources */ = {isa = PBXBuildFile; fileRef = CDB0FBA117ACED16005024DE /* main.m */; };
		CDB0FBA617ACED17005024DE /* AppDelegate.m in Sources */ = {isa = PBXBuildFile; fileRef = CDB0FBA517ACED17005024DE /* AppDelegate.m */; };
		CDB0FBAF17ACED17005024DE /* PostTableViewController.m in Sources */ = {isa = PBXBuildFile; fileRef = CDB0FBAE17ACED17005024DE /* PostTableViewController.m */; };
		CDB0FBBE17AE8624005024DE /* PostCollection.m in Sources */ = {isa = PBXBuildFile; fileRef = CDB0FBBD17AE8624005024DE /* PostCollection.m */; };
		CDB0FBC617AFD4AB005024DE /* MyCell.m in Sources */ = {isa = PBXBuildFile; fileRef = CDB0FBC517AFD4AB005024DE /* MyCell.m */; };
		CDB0FBC817AFD4FB005024DE /* MyCell.xib in Resources */ = {isa = PBXBuildFile; fileRef = CDB0FBC717AFD4FB005024DE /* MyCell.xib */; };
		CDB0FBF817AFF050005024DE /* ImageIO.framework in Frameworks */ = {isa = PBXBuildFile; fileRef = CDB0FBF717AFF050005024DE /* ImageIO.framework */; };
		CDB0FC0B17B0EB33005024DE /* MapKit.framework in Frameworks */ = {isa = PBXBuildFile; fileRef = CDB0FC0A17B0EB33005024DE /* MapKit.framework */; };
		E0C563E74B24415DA9F698BB /* libPods.a in Frameworks */ = {isa = PBXBuildFile; fileRef = 6F761ABD99944187A6FD620E /* libPods.a */; };
/* End PBXBuildFile section */

/* Begin PBXFileReference section */
		5E3F1B6FBE514A88BE32D8B9 /* Pods.xcconfig */ = {isa = PBXFileReference; includeInIndex = 1; lastKnownFileType = text.xcconfig; name = Pods.xcconfig; path = Pods/Pods.xcconfig; sourceTree = SOURCE_ROOT; };
		6F761ABD99944187A6FD620E /* libPods.a */ = {isa = PBXFileReference; explicitFileType = archive.ar; includeInIndex = 0; path = libPods.a; sourceTree = BUILT_PRODUCTS_DIR; };
		CD0857F018408C88005DEB14 /* Images.xcassets */ = {isa = PBXFileReference; lastKnownFileType = folder.assetcatalog; name = Images.xcassets; path = "Supporting Files/Images.xcassets"; sourceTree = "<group>"; };
		CD0857F618408D2E005DEB14 /* StorageModel.xcdatamodel */ = {isa = PBXFileReference; lastKnownFileType = wrapper.xcdatamodel; path = StorageModel.xcdatamodel; sourceTree = "<group>"; };
		CD0857FB18409CA1005DEB14 /* CommonModelInterface.h */ = {isa = PBXFileReference; fileEncoding = 4; lastKnownFileType = sourcecode.c.h; name = CommonModelInterface.h; path = JsonModels/CommonModelInterface.h; sourceTree = "<group>"; };
		CD0857FC18409CA1005DEB14 /* CommonModelInterface.m */ = {isa = PBXFileReference; fileEncoding = 4; lastKnownFileType = sourcecode.c.objc; name = CommonModelInterface.m; path = JsonModels/CommonModelInterface.m; sourceTree = "<group>"; };
		CD08582E1841DE96005DEB14 /* SpeedTestViewController.h */ = {isa = PBXFileReference; fileEncoding = 4; lastKnownFileType = sourcecode.c.h; name = SpeedTestViewController.h; path = ViewControllers/SpeedTestViewController.h; sourceTree = "<group>"; };
		CD08582F1841DE96005DEB14 /* SpeedTestViewController.m */ = {isa = PBXFileReference; fileEncoding = 4; lastKnownFileType = sourcecode.c.objc; name = SpeedTestViewController.m; path = ViewControllers/SpeedTestViewController.m; sourceTree = "<group>"; };
		CD0858381844DA0D005DEB14 /* PostRetriever.h */ = {isa = PBXFileReference; fileEncoding = 4; lastKnownFileType = sourcecode.c.h; name = PostRetriever.h; path = Singletons/PostRetriever.h; sourceTree = "<group>"; };
		CD0858391844DA0D005DEB14 /* PostRetriever.m */ = {isa = PBXFileReference; fileEncoding = 4; lastKnownFileType = sourcecode.c.objc; name = PostRetriever.m; path = Singletons/PostRetriever.m; sourceTree = "<group>"; };
		CD08583E1845A611005DEB14 /* MagicalImportFunctions.h */ = {isa = PBXFileReference; fileEncoding = 4; lastKnownFileType = sourcecode.c.h; path = MagicalImportFunctions.h; sourceTree = "<group>"; };
		CD08583F1845A611005DEB14 /* MagicalImportFunctions.m */ = {isa = PBXFileReference; fileEncoding = 4; lastKnownFileType = sourcecode.c.objc; path = MagicalImportFunctions.m; sourceTree = "<group>"; };
		CD0858401845A611005DEB14 /* NSAttributeDescription+MagicalDataImport.h */ = {isa = PBXFileReference; fileEncoding = 4; lastKnownFileType = sourcecode.c.h; path = "NSAttributeDescription+MagicalDataImport.h"; sourceTree = "<group>"; };
		CD0858411845A611005DEB14 /* NSAttributeDescription+MagicalDataImport.m */ = {isa = PBXFileReference; fileEncoding = 4; lastKnownFileType = sourcecode.c.objc; path = "NSAttributeDescription+MagicalDataImport.m"; sourceTree = "<group>"; };
		CD0858421845A611005DEB14 /* NSEntityDescription+MagicalDataImport.h */ = {isa = PBXFileReference; fileEncoding = 4; lastKnownFileType = sourcecode.c.h; path = "NSEntityDescription+MagicalDataImport.h"; sourceTree = "<group>"; };
		CD0858431845A611005DEB14 /* NSEntityDescription+MagicalDataImport.m */ = {isa = PBXFileReference; fileEncoding = 4; lastKnownFileType = sourcecode.c.objc; path = "NSEntityDescription+MagicalDataImport.m"; sourceTree = "<group>"; };
		CD0858441845A611005DEB14 /* NSNumber+MagicalDataImport.h */ = {isa = PBXFileReference; fileEncoding = 4; lastKnownFileType = sourcecode.c.h; path = "NSNumber+MagicalDataImport.h"; sourceTree = "<group>"; };
		CD0858451845A611005DEB14 /* NSNumber+MagicalDataImport.m */ = {isa = PBXFileReference; fileEncoding = 4; lastKnownFileType = sourcecode.c.objc; path = "NSNumber+MagicalDataImport.m"; sourceTree = "<group>"; };
		CD0858461845A611005DEB14 /* NSObject+MagicalDataImport.h */ = {isa = PBXFileReference; fileEncoding = 4; lastKnownFileType = sourcecode.c.h; path = "NSObject+MagicalDataImport.h"; sourceTree = "<group>"; };
		CD0858471845A611005DEB14 /* NSObject+MagicalDataImport.m */ = {isa = PBXFileReference; fileEncoding = 4; lastKnownFileType = sourcecode.c.objc; path = "NSObject+MagicalDataImport.m"; sourceTree = "<group>"; };
		CD0858481845A611005DEB14 /* NSRelationshipDescription+MagicalDataImport.h */ = {isa = PBXFileReference; fileEncoding = 4; lastKnownFileType = sourcecode.c.h; path = "NSRelationshipDescription+MagicalDataImport.h"; sourceTree = "<group>"; };
		CD0858491845A611005DEB14 /* NSRelationshipDescription+MagicalDataImport.m */ = {isa = PBXFileReference; fileEncoding = 4; lastKnownFileType = sourcecode.c.objc; path = "NSRelationshipDescription+MagicalDataImport.m"; sourceTree = "<group>"; };
		CD08584A1845A611005DEB14 /* NSString+MagicalDataImport.h */ = {isa = PBXFileReference; fileEncoding = 4; lastKnownFileType = sourcecode.c.h; path = "NSString+MagicalDataImport.h"; sourceTree = "<group>"; };
		CD08584B1845A611005DEB14 /* NSString+MagicalDataImport.m */ = {isa = PBXFileReference; fileEncoding = 4; lastKnownFileType = sourcecode.c.objc; path = "NSString+MagicalDataImport.m"; sourceTree = "<group>"; };
		CD08584D1845A611005DEB14 /* NSManagedObject+MagicalAggregation.h */ = {isa = PBXFileReference; fileEncoding = 4; lastKnownFileType = sourcecode.c.h; path = "NSManagedObject+MagicalAggregation.h"; sourceTree = "<group>"; };
		CD08584E1845A611005DEB14 /* NSManagedObject+MagicalAggregation.m */ = {isa = PBXFileReference; fileEncoding = 4; lastKnownFileType = sourcecode.c.objc; path = "NSManagedObject+MagicalAggregation.m"; sourceTree = "<group>"; };
		CD08584F1845A611005DEB14 /* NSManagedObject+MagicalDataImport.h */ = {isa = PBXFileReference; fileEncoding = 4; lastKnownFileType = sourcecode.c.h; path = "NSManagedObject+MagicalDataImport.h"; sourceTree = "<group>"; };
		CD0858501845A611005DEB14 /* NSManagedObject+MagicalDataImport.m */ = {isa = PBXFileReference; fileEncoding = 4; lastKnownFileType = sourcecode.c.objc; path = "NSManagedObject+MagicalDataImport.m"; sourceTree = "<group>"; };
		CD0858511845A611005DEB14 /* NSManagedObject+MagicalFinders.h */ = {isa = PBXFileReference; fileEncoding = 4; lastKnownFileType = sourcecode.c.h; path = "NSManagedObject+MagicalFinders.h"; sourceTree = "<group>"; };
		CD0858521845A611005DEB14 /* NSManagedObject+MagicalFinders.m */ = {isa = PBXFileReference; fileEncoding = 4; lastKnownFileType = sourcecode.c.objc; path = "NSManagedObject+MagicalFinders.m"; sourceTree = "<group>"; };
		CD0858531845A611005DEB14 /* NSManagedObject+MagicalRecord.h */ = {isa = PBXFileReference; fileEncoding = 4; lastKnownFileType = sourcecode.c.h; path = "NSManagedObject+MagicalRecord.h"; sourceTree = "<group>"; };
		CD0858541845A611005DEB14 /* NSManagedObject+MagicalRecord.m */ = {isa = PBXFileReference; fileEncoding = 4; lastKnownFileType = sourcecode.c.objc; path = "NSManagedObject+MagicalRecord.m"; sourceTree = "<group>"; };
		CD0858551845A611005DEB14 /* NSManagedObject+MagicalRequests.h */ = {isa = PBXFileReference; fileEncoding = 4; lastKnownFileType = sourcecode.c.h; path = "NSManagedObject+MagicalRequests.h"; sourceTree = "<group>"; };
		CD0858561845A611005DEB14 /* NSManagedObject+MagicalRequests.m */ = {isa = PBXFileReference; fileEncoding = 4; lastKnownFileType = sourcecode.c.objc; path = "NSManagedObject+MagicalRequests.m"; sourceTree = "<group>"; };
		CD0858581845A611005DEB14 /* NSManagedObjectContext+MagicalObserving.h */ = {isa = PBXFileReference; fileEncoding = 4; lastKnownFileType = sourcecode.c.h; path = "NSManagedObjectContext+MagicalObserving.h"; sourceTree = "<group>"; };
		CD0858591845A611005DEB14 /* NSManagedObjectContext+MagicalObserving.m */ = {isa = PBXFileReference; fileEncoding = 4; lastKnownFileType = sourcecode.c.objc; path = "NSManagedObjectContext+MagicalObserving.m"; sourceTree = "<group>"; };
		CD08585A1845A611005DEB14 /* NSManagedObjectContext+MagicalRecord.h */ = {isa = PBXFileReference; fileEncoding = 4; lastKnownFileType = sourcecode.c.h; path = "NSManagedObjectContext+MagicalRecord.h"; sourceTree = "<group>"; };
		CD08585B1845A611005DEB14 /* NSManagedObjectContext+MagicalRecord.m */ = {isa = PBXFileReference; fileEncoding = 4; lastKnownFileType = sourcecode.c.objc; path = "NSManagedObjectContext+MagicalRecord.m"; sourceTree = "<group>"; };
		CD08585C1845A611005DEB14 /* NSManagedObjectContext+MagicalSaves.h */ = {isa = PBXFileReference; fileEncoding = 4; lastKnownFileType = sourcecode.c.h; path = "NSManagedObjectContext+MagicalSaves.h"; sourceTree = "<group>"; };
		CD08585D1845A611005DEB14 /* NSManagedObjectContext+MagicalSaves.m */ = {isa = PBXFileReference; fileEncoding = 4; lastKnownFileType = sourcecode.c.objc; path = "NSManagedObjectContext+MagicalSaves.m"; sourceTree = "<group>"; };
		CD08585E1845A611005DEB14 /* NSManagedObjectContext+MagicalThreading.h */ = {isa = PBXFileReference; fileEncoding = 4; lastKnownFileType = sourcecode.c.h; path = "NSManagedObjectContext+MagicalThreading.h"; sourceTree = "<group>"; };
		CD08585F1845A611005DEB14 /* NSManagedObjectContext+MagicalThreading.m */ = {isa = PBXFileReference; fileEncoding = 4; lastKnownFileType = sourcecode.c.objc; path = "NSManagedObjectContext+MagicalThreading.m"; sourceTree = "<group>"; };
		CD0858601845A611005DEB14 /* NSManagedObjectModel+MagicalRecord.h */ = {isa = PBXFileReference; fileEncoding = 4; lastKnownFileType = sourcecode.c.h; path = "NSManagedObjectModel+MagicalRecord.h"; sourceTree = "<group>"; };
		CD0858611845A611005DEB14 /* NSManagedObjectModel+MagicalRecord.m */ = {isa = PBXFileReference; fileEncoding = 4; lastKnownFileType = sourcecode.c.objc; path = "NSManagedObjectModel+MagicalRecord.m"; sourceTree = "<group>"; };
		CD0858621845A611005DEB14 /* NSPersistentStore+MagicalRecord.h */ = {isa = PBXFileReference; fileEncoding = 4; lastKnownFileType = sourcecode.c.h; path = "NSPersistentStore+MagicalRecord.h"; sourceTree = "<group>"; };
		CD0858631845A611005DEB14 /* NSPersistentStore+MagicalRecord.m */ = {isa = PBXFileReference; fileEncoding = 4; lastKnownFileType = sourcecode.c.objc; path = "NSPersistentStore+MagicalRecord.m"; sourceTree = "<group>"; };
		CD0858641845A611005DEB14 /* NSPersistentStoreCoordinator+MagicalRecord.h */ = {isa = PBXFileReference; fileEncoding = 4; lastKnownFileType = sourcecode.c.h; path = "NSPersistentStoreCoordinator+MagicalRecord.h"; sourceTree = "<group>"; };
		CD0858651845A611005DEB14 /* NSPersistentStoreCoordinator+MagicalRecord.m */ = {isa = PBXFileReference; fileEncoding = 4; lastKnownFileType = sourcecode.c.objc; path = "NSPersistentStoreCoordinator+MagicalRecord.m"; sourceTree = "<group>"; };
		CD0858671845A611005DEB14 /* MagicalRecord+Actions.h */ = {isa = PBXFileReference; fileEncoding = 4; lastKnownFileType = sourcecode.c.h; path = "MagicalRecord+Actions.h"; sourceTree = "<group>"; };
		CD0858681845A611005DEB14 /* MagicalRecord+Actions.m */ = {isa = PBXFileReference; fileEncoding = 4; lastKnownFileType = sourcecode.c.objc; path = "MagicalRecord+Actions.m"; sourceTree = "<group>"; };
		CD0858691845A611005DEB14 /* MagicalRecord+ErrorHandling.h */ = {isa = PBXFileReference; fileEncoding = 4; lastKnownFileType = sourcecode.c.h; path = "MagicalRecord+ErrorHandling.h"; sourceTree = "<group>"; };
		CD08586A1845A611005DEB14 /* MagicalRecord+ErrorHandling.m */ = {isa = PBXFileReference; fileEncoding = 4; lastKnownFileType = sourcecode.c.objc; path = "MagicalRecord+ErrorHandling.m"; sourceTree = "<group>"; };
		CD08586B1845A611005DEB14 /* MagicalRecord+iCloud.h */ = {isa = PBXFileReference; fileEncoding = 4; lastKnownFileType = sourcecode.c.h; path = "MagicalRecord+iCloud.h"; sourceTree = "<group>"; };
		CD08586C1845A611005DEB14 /* MagicalRecord+iCloud.m */ = {isa = PBXFileReference; fileEncoding = 4; lastKnownFileType = sourcecode.c.objc; path = "MagicalRecord+iCloud.m"; sourceTree = "<group>"; };
		CD08586D1845A611005DEB14 /* MagicalRecord+Options.h */ = {isa = PBXFileReference; fileEncoding = 4; lastKnownFileType = sourcecode.c.h; path = "MagicalRecord+Options.h"; sourceTree = "<group>"; };
		CD08586E1845A611005DEB14 /* MagicalRecord+Options.m */ = {isa = PBXFileReference; fileEncoding = 4; lastKnownFileType = sourcecode.c.objc; path = "MagicalRecord+Options.m"; sourceTree = "<group>"; };
		CD08586F1845A611005DEB14 /* MagicalRecord+Setup.h */ = {isa = PBXFileReference; fileEncoding = 4; lastKnownFileType = sourcecode.c.h; path = "MagicalRecord+Setup.h"; sourceTree = "<group>"; };
		CD0858701845A611005DEB14 /* MagicalRecord+Setup.m */ = {isa = PBXFileReference; fileEncoding = 4; lastKnownFileType = sourcecode.c.objc; path = "MagicalRecord+Setup.m"; sourceTree = "<group>"; };
		CD0858711845A611005DEB14 /* MagicalRecord+ShorthandSupport.h */ = {isa = PBXFileReference; fileEncoding = 4; lastKnownFileType = sourcecode.c.h; path = "MagicalRecord+ShorthandSupport.h"; sourceTree = "<group>"; };
		CD0858721845A611005DEB14 /* MagicalRecord+ShorthandSupport.m */ = {isa = PBXFileReference; fileEncoding = 4; lastKnownFileType = sourcecode.c.objc; path = "MagicalRecord+ShorthandSupport.m"; sourceTree = "<group>"; };
		CD0858731845A611005DEB14 /* MagicalRecord.h */ = {isa = PBXFileReference; fileEncoding = 4; lastKnownFileType = sourcecode.c.h; path = MagicalRecord.h; sourceTree = "<group>"; };
		CD0858741845A611005DEB14 /* MagicalRecord.m */ = {isa = PBXFileReference; fileEncoding = 4; lastKnownFileType = sourcecode.c.objc; path = MagicalRecord.m; sourceTree = "<group>"; };
		CD0858751845A611005DEB14 /* MagicalRecordShorthand.h */ = {isa = PBXFileReference; fileEncoding = 4; lastKnownFileType = sourcecode.c.h; path = MagicalRecordShorthand.h; sourceTree = "<group>"; };
		CD0858761845A611005DEB14 /* CoreData+MagicalRecord.h */ = {isa = PBXFileReference; fileEncoding = 4; lastKnownFileType = sourcecode.c.h; path = "CoreData+MagicalRecord.h"; sourceTree = "<group>"; };
		CD0858911845A66B005DEB14 /* CoreData.framework */ = {isa = PBXFileReference; lastKnownFileType = wrapper.framework; name = CoreData.framework; path = System/Library/Frameworks/CoreData.framework; sourceTree = SDKROOT; };
		CD085896184629CD005DEB14 /* ImageData.h */ = {isa = PBXFileReference; fileEncoding = 4; lastKnownFileType = sourcecode.c.h; name = ImageData.h; path = CoreDataModels/ImageData.h; sourceTree = "<group>"; };
		CD085897184629CD005DEB14 /* ImageData.m */ = {isa = PBXFileReference; fileEncoding = 4; lastKnownFileType = sourcecode.c.objc; name = ImageData.m; path = CoreDataModels/ImageData.m; sourceTree = "<group>"; };
		CD085899184629CE005DEB14 /* Comment.h */ = {isa = PBXFileReference; fileEncoding = 4; lastKnownFileType = sourcecode.c.h; name = Comment.h; path = CoreDataModels/Comment.h; sourceTree = "<group>"; };
		CD08589A184629CE005DEB14 /* Comment.m */ = {isa = PBXFileReference; fileEncoding = 4; lastKnownFileType = sourcecode.c.objc; name = Comment.m; path = CoreDataModels/Comment.m; sourceTree = "<group>"; };
		CD08589C184629CE005DEB14 /* Attachment.h */ = {isa = PBXFileReference; fileEncoding = 4; lastKnownFileType = sourcecode.c.h; name = Attachment.h; path = CoreDataModels/Attachment.h; sourceTree = "<group>"; };
		CD08589D184629CE005DEB14 /* Attachment.m */ = {isa = PBXFileReference; fileEncoding = 4; lastKnownFileType = sourcecode.c.objc; name = Attachment.m; path = CoreDataModels/Attachment.m; sourceTree = "<group>"; };
		CD08589F184629CE005DEB14 /* Author.h */ = {isa = PBXFileReference; fileEncoding = 4; lastKnownFileType = sourcecode.c.h; name = Author.h; path = CoreDataModels/Author.h; sourceTree = "<group>"; };
		CD0858A0184629CE005DEB14 /* Author.m */ = {isa = PBXFileReference; fileEncoding = 4; lastKnownFileType = sourcecode.c.objc; name = Author.m; path = CoreDataModels/Author.m; sourceTree = "<group>"; };
		CD0858A2184629CE005DEB14 /* Tag.h */ = {isa = PBXFileReference; fileEncoding = 4; lastKnownFileType = sourcecode.c.h; name = Tag.h; path = CoreDataModels/Tag.h; sourceTree = "<group>"; };
		CD0858A3184629CE005DEB14 /* Tag.m */ = {isa = PBXFileReference; fileEncoding = 4; lastKnownFileType = sourcecode.c.objc; name = Tag.m; path = CoreDataModels/Tag.m; sourceTree = "<group>"; };
		CD0858A5184629CE005DEB14 /* CommonInterface.h */ = {isa = PBXFileReference; fileEncoding = 4; lastKnownFileType = sourcecode.c.h; name = CommonInterface.h; path = CoreDataModels/CommonInterface.h; sourceTree = "<group>"; };
		CD0858A6184629CE005DEB14 /* CommonInterface.m */ = {isa = PBXFileReference; fileEncoding = 4; lastKnownFileType = sourcecode.c.objc; name = CommonInterface.m; path = CoreDataModels/CommonInterface.m; sourceTree = "<group>"; };
		CD0858A8184629CE005DEB14 /* Category.h */ = {isa = PBXFileReference; fileEncoding = 4; lastKnownFileType = sourcecode.c.h; name = Category.h; path = CoreDataModels/Category.h; sourceTree = "<group>"; };
		CD0858A9184629CE005DEB14 /* Category.m */ = {isa = PBXFileReference; fileEncoding = 4; lastKnownFileType = sourcecode.c.objc; name = Category.m; path = CoreDataModels/Category.m; sourceTree = "<group>"; };
		CD0858AB184629CE005DEB14 /* Post.h */ = {isa = PBXFileReference; fileEncoding = 4; lastKnownFileType = sourcecode.c.h; name = Post.h; path = CoreDataModels/Post.h; sourceTree = "<group>"; };
		CD0858AC184629CE005DEB14 /* Post.m */ = {isa = PBXFileReference; fileEncoding = 4; lastKnownFileType = sourcecode.c.objc; name = Post.m; path = CoreDataModels/Post.m; sourceTree = "<group>"; };
		CD0858AE184629CE005DEB14 /* Image.h */ = {isa = PBXFileReference; fileEncoding = 4; lastKnownFileType = sourcecode.c.h; name = Image.h; path = CoreDataModels/Image.h; sourceTree = "<group>"; };
		CD0858AF184629CE005DEB14 /* Image.m */ = {isa = PBXFileReference; fileEncoding = 4; lastKnownFileType = sourcecode.c.objc; name = Image.m; path = CoreDataModels/Image.m; sourceTree = "<group>"; };
		CDADD919184077A80047EA0A /* PostModel.h */ = {isa = PBXFileReference; fileEncoding = 4; lastKnownFileType = sourcecode.c.h; name = PostModel.h; path = JsonModels/PostModel.h; sourceTree = "<group>"; };
		CDADD91A184077A80047EA0A /* PostModel.m */ = {isa = PBXFileReference; fileEncoding = 4; lastKnownFileType = sourcecode.c.objc; name = PostModel.m; path = JsonModels/PostModel.m; sourceTree = "<group>"; };
		CDADD91C184077BC0047EA0A /* AuthorModel.h */ = {isa = PBXFileReference; fileEncoding = 4; lastKnownFileType = sourcecode.c.h; name = AuthorModel.h; path = JsonModels/AuthorModel.h; sourceTree = "<group>"; };
		CDADD91D184077BC0047EA0A /* AuthorModel.m */ = {isa = PBXFileReference; fileEncoding = 4; lastKnownFileType = sourcecode.c.objc; name = AuthorModel.m; path = JsonModels/AuthorModel.m; sourceTree = "<group>"; };
		CDADD91F184077C60047EA0A /* TagModel.h */ = {isa = PBXFileReference; fileEncoding = 4; lastKnownFileType = sourcecode.c.h; name = TagModel.h; path = JsonModels/TagModel.h; sourceTree = "<group>"; };
		CDADD920184077C60047EA0A /* TagModel.m */ = {isa = PBXFileReference; fileEncoding = 4; lastKnownFileType = sourcecode.c.objc; name = TagModel.m; path = JsonModels/TagModel.m; sourceTree = "<group>"; };
		CDADD922184077D40047EA0A /* ImageModel.h */ = {isa = PBXFileReference; fileEncoding = 4; lastKnownFileType = sourcecode.c.h; name = ImageModel.h; path = JsonModels/ImageModel.h; sourceTree = "<group>"; };
		CDADD923184077D40047EA0A /* ImageModel.m */ = {isa = PBXFileReference; fileEncoding = 4; lastKnownFileType = sourcecode.c.objc; name = ImageModel.m; path = JsonModels/ImageModel.m; sourceTree = "<group>"; };
		CDADD925184077E30047EA0A /* ImageDataModel.h */ = {isa = PBXFileReference; fileEncoding = 4; lastKnownFileType = sourcecode.c.h; name = ImageDataModel.h; path = JsonModels/ImageDataModel.h; sourceTree = "<group>"; };
		CDADD926184077E30047EA0A /* ImageDataModel.m */ = {isa = PBXFileReference; fileEncoding = 4; lastKnownFileType = sourcecode.c.objc; name = ImageDataModel.m; path = JsonModels/ImageDataModel.m; sourceTree = "<group>"; };
		CDADD928184077EC0047EA0A /* CategoryModel.h */ = {isa = PBXFileReference; fileEncoding = 4; lastKnownFileType = sourcecode.c.h; name = CategoryModel.h; path = JsonModels/CategoryModel.h; sourceTree = "<group>"; };
		CDADD929184077EC0047EA0A /* CategoryModel.m */ = {isa = PBXFileReference; fileEncoding = 4; lastKnownFileType = sourcecode.c.objc; name = CategoryModel.m; path = JsonModels/CategoryModel.m; sourceTree = "<group>"; };
		CDADD92B184077F70047EA0A /* CommentModel.h */ = {isa = PBXFileReference; fileEncoding = 4; lastKnownFileType = sourcecode.c.h; name = CommentModel.h; path = JsonModels/CommentModel.h; sourceTree = "<group>"; };
		CDADD92C184077F70047EA0A /* CommentModel.m */ = {isa = PBXFileReference; fileEncoding = 4; lastKnownFileType = sourcecode.c.objc; name = CommentModel.m; path = JsonModels/CommentModel.m; sourceTree = "<group>"; };
		CDADD92E184078010047EA0A /* AttachmentModel.h */ = {isa = PBXFileReference; fileEncoding = 4; lastKnownFileType = sourcecode.c.h; name = AttachmentModel.h; path = JsonModels/AttachmentModel.h; sourceTree = "<group>"; };
		CDADD92F184078010047EA0A /* AttachmentModel.m */ = {isa = PBXFileReference; fileEncoding = 4; lastKnownFileType = sourcecode.c.objc; name = AttachmentModel.m; path = JsonModels/AttachmentModel.m; sourceTree = "<group>"; };
		CDAF7BA218328D3D00F8098B /* PostViewController.h */ = {isa = PBXFileReference; fileEncoding = 4; lastKnownFileType = sourcecode.c.h; name = PostViewController.h; path = ViewControllers/PostViewController.h; sourceTree = "<group>"; };
		CDAF7BA318328D3D00F8098B /* PostViewController.m */ = {isa = PBXFileReference; fileEncoding = 4; lastKnownFileType = sourcecode.c.objc; name = PostViewController.m; path = ViewControllers/PostViewController.m; sourceTree = "<group>"; };
		CDAF7BED183504C900F8098B /* MediaPlayer.framework */ = {isa = PBXFileReference; lastKnownFileType = wrapper.framework; name = MediaPlayer.framework; path = System/Library/Frameworks/MediaPlayer.framework; sourceTree = SDKROOT; };
		CDAF7C43183526BB00F8098B /* Storyboard.storyboard */ = {isa = PBXFileReference; fileEncoding = 4; lastKnownFileType = file.storyboard; path = Storyboard.storyboard; sourceTree = "<group>"; };
		CDAF7C471838D5DC00F8098B /* FBLoginViewController.h */ = {isa = PBXFileReference; fileEncoding = 4; lastKnownFileType = sourcecode.c.h; name = FBLoginViewController.h; path = ViewControllers/FBLoginViewController.h; sourceTree = "<group>"; };
		CDAF7C481838D5DC00F8098B /* FBLoginViewController.m */ = {isa = PBXFileReference; fileEncoding = 4; lastKnownFileType = sourcecode.c.objc; name = FBLoginViewController.m; path = ViewControllers/FBLoginViewController.m; sourceTree = "<group>"; };
		CDAF7C4A1839201600F8098B /* FBLoginViewController2.h */ = {isa = PBXFileReference; fileEncoding = 4; lastKnownFileType = sourcecode.c.h; name = FBLoginViewController2.h; path = ViewControllers/FBLoginViewController2.h; sourceTree = "<group>"; };
		CDAF7C4B1839201600F8098B /* FBLoginViewController2.m */ = {isa = PBXFileReference; fileEncoding = 4; lastKnownFileType = sourcecode.c.objc; name = FBLoginViewController2.m; path = ViewControllers/FBLoginViewController2.m; sourceTree = "<group>"; };
		CDB0FB9217ACED16005024DE /* json.app */ = {isa = PBXFileReference; explicitFileType = wrapper.application; includeInIndex = 0; path = json.app; sourceTree = BUILT_PRODUCTS_DIR; };
		CDB0FB9517ACED16005024DE /* UIKit.framework */ = {isa = PBXFileReference; lastKnownFileType = wrapper.framework; name = UIKit.framework; path = System/Library/Frameworks/UIKit.framework; sourceTree = SDKROOT; };
		CDB0FB9717ACED16005024DE /* Foundation.framework */ = {isa = PBXFileReference; lastKnownFileType = wrapper.framework; name = Foundation.framework; path = System/Library/Frameworks/Foundation.framework; sourceTree = SDKROOT; };
		CDB0FB9917ACED16005024DE /* CoreGraphics.framework */ = {isa = PBXFileReference; lastKnownFileType = wrapper.framework; name = CoreGraphics.framework; path = System/Library/Frameworks/CoreGraphics.framework; sourceTree = SDKROOT; };
		CDB0FB9D17ACED16005024DE /* json-Info.plist */ = {isa = PBXFileReference; lastKnownFileType = text.plist.xml; name = "json-Info.plist"; path = "Supporting Files/json-Info.plist"; sourceTree = "<group>"; };
		CDB0FB9F17ACED16005024DE /* en */ = {isa = PBXFileReference; lastKnownFileType = text.plist.strings; name = en; path = en.lproj/InfoPlist.strings; sourceTree = "<group>"; };
		CDB0FBA117ACED16005024DE /* main.m */ = {isa = PBXFileReference; lastKnownFileType = sourcecode.c.objc; path = main.m; sourceTree = "<group>"; };
		CDB0FBA317ACED17005024DE /* json-Prefix.pch */ = {isa = PBXFileReference; lastKnownFileType = sourcecode.c.h; name = "json-Prefix.pch"; path = "Supporting Files/json-Prefix.pch"; sourceTree = "<group>"; };
		CDB0FBA417ACED17005024DE /* AppDelegate.h */ = {isa = PBXFileReference; lastKnownFileType = sourcecode.c.h; path = AppDelegate.h; sourceTree = "<group>"; };
		CDB0FBA517ACED17005024DE /* AppDelegate.m */ = {isa = PBXFileReference; lastKnownFileType = sourcecode.c.objc; path = AppDelegate.m; sourceTree = "<group>"; };
		CDB0FBAD17ACED17005024DE /* PostTableViewController.h */ = {isa = PBXFileReference; lastKnownFileType = sourcecode.c.h; name = PostTableViewController.h; path = ViewControllers/PostTableViewController.h; sourceTree = "<group>"; };
		CDB0FBAE17ACED17005024DE /* PostTableViewController.m */ = {isa = PBXFileReference; lastKnownFileType = sourcecode.c.objc; name = PostTableViewController.m; path = ViewControllers/PostTableViewController.m; sourceTree = "<group>"; };
		CDB0FBBC17AE8624005024DE /* PostCollection.h */ = {isa = PBXFileReference; fileEncoding = 4; lastKnownFileType = sourcecode.c.h; path = PostCollection.h; sourceTree = "<group>"; };
		CDB0FBBD17AE8624005024DE /* PostCollection.m */ = {isa = PBXFileReference; fileEncoding = 4; lastKnownFileType = sourcecode.c.objc; path = PostCollection.m; sourceTree = "<group>"; };
		CDB0FBC417AFD4AB005024DE /* MyCell.h */ = {isa = PBXFileReference; fileEncoding = 4; lastKnownFileType = sourcecode.c.h; name = MyCell.h; path = Details/MyCell.h; sourceTree = "<group>"; };
		CDB0FBC517AFD4AB005024DE /* MyCell.m */ = {isa = PBXFileReference; fileEncoding = 4; lastKnownFileType = sourcecode.c.objc; name = MyCell.m; path = Details/MyCell.m; sourceTree = "<group>"; };
		CDB0FBC717AFD4FB005024DE /* MyCell.xib */ = {isa = PBXFileReference; fileEncoding = 4; lastKnownFileType = file.xib; name = MyCell.xib; path = Details/MyCell.xib; sourceTree = "<group>"; };
		CDB0FBF717AFF050005024DE /* ImageIO.framework */ = {isa = PBXFileReference; lastKnownFileType = wrapper.framework; name = ImageIO.framework; path = System/Library/Frameworks/ImageIO.framework; sourceTree = SDKROOT; };
		CDB0FC0A17B0EB33005024DE /* MapKit.framework */ = {isa = PBXFileReference; lastKnownFileType = wrapper.framework; name = MapKit.framework; path = System/Library/Frameworks/MapKit.framework; sourceTree = SDKROOT; };
/* End PBXFileReference section */

/* Begin PBXFrameworksBuildPhase section */
		CDB0FB8F17ACED16005024DE /* Frameworks */ = {
			isa = PBXFrameworksBuildPhase;
			buildActionMask = 2147483647;
			files = (
				CD0858921845A66B005DEB14 /* CoreData.framework in Frameworks */,
				CDAF7BEE183504C900F8098B /* MediaPlayer.framework in Frameworks */,
				CDB0FC0B17B0EB33005024DE /* MapKit.framework in Frameworks */,
				CDB0FBF817AFF050005024DE /* ImageIO.framework in Frameworks */,
				CDB0FB9617ACED16005024DE /* UIKit.framework in Frameworks */,
				CDB0FB9817ACED16005024DE /* Foundation.framework in Frameworks */,
				CDB0FB9A17ACED16005024DE /* CoreGraphics.framework in Frameworks */,
				E0C563E74B24415DA9F698BB /* libPods.a in Frameworks */,
			);
			runOnlyForDeploymentPostprocessing = 0;
		};
/* End PBXFrameworksBuildPhase section */

/* Begin PBXGroup section */
		CD0857F218408CB0005DEB14 /* ViewControllers */ = {
			isa = PBXGroup;
			children = (
				CDAF7C471838D5DC00F8098B /* FBLoginViewController.h */,
				CDAF7C481838D5DC00F8098B /* FBLoginViewController.m */,
				CDAF7C4A1839201600F8098B /* FBLoginViewController2.h */,
				CDAF7C4B1839201600F8098B /* FBLoginViewController2.m */,
				CDB0FBAD17ACED17005024DE /* PostTableViewController.h */,
				CDB0FBAE17ACED17005024DE /* PostTableViewController.m */,
				CDAF7BA218328D3D00F8098B /* PostViewController.h */,
				CDAF7BA318328D3D00F8098B /* PostViewController.m */,
				CD08582E1841DE96005DEB14 /* SpeedTestViewController.h */,
				CD08582F1841DE96005DEB14 /* SpeedTestViewController.m */,
			);
			name = ViewControllers;
			sourceTree = "<group>";
		};
		CD0858361844D126005DEB14 /* DataRetrieveSingletons */ = {
			isa = PBXGroup;
			children = (
				CDB0FBBC17AE8624005024DE /* PostCollection.h */,
				CDB0FBBD17AE8624005024DE /* PostCollection.m */,
				CD0858381844DA0D005DEB14 /* PostRetriever.h */,
				CD0858391844DA0D005DEB14 /* PostRetriever.m */,
			);
			name = DataRetrieveSingletons;
			sourceTree = "<group>";
		};
		CD0858371844D131005DEB14 /* TableViewCell */ = {
			isa = PBXGroup;
			children = (
				CDB0FBC417AFD4AB005024DE /* MyCell.h */,
				CDB0FBC517AFD4AB005024DE /* MyCell.m */,
				CDB0FBC717AFD4FB005024DE /* MyCell.xib */,
			);
			name = TableViewCell;
			sourceTree = "<group>";
		};
		CD08583B1845A611005DEB14 /* MagicalRecord */ = {
			isa = PBXGroup;
			children = (
				CD08583C1845A611005DEB14 /* Categories */,
				CD0858661845A611005DEB14 /* Core */,
				CD0858761845A611005DEB14 /* CoreData+MagicalRecord.h */,
			);
			name = MagicalRecord;
			path = modules/magicalrecord/MagicalRecord;
			sourceTree = "<group>";
		};
		CD08583C1845A611005DEB14 /* Categories */ = {
			isa = PBXGroup;
			children = (
				CD08583D1845A611005DEB14 /* DataImport */,
				CD08584C1845A611005DEB14 /* NSManagedObject */,
				CD0858571845A611005DEB14 /* NSManagedObjectContext */,
				CD0858601845A611005DEB14 /* NSManagedObjectModel+MagicalRecord.h */,
				CD0858611845A611005DEB14 /* NSManagedObjectModel+MagicalRecord.m */,
				CD0858621845A611005DEB14 /* NSPersistentStore+MagicalRecord.h */,
				CD0858631845A611005DEB14 /* NSPersistentStore+MagicalRecord.m */,
				CD0858641845A611005DEB14 /* NSPersistentStoreCoordinator+MagicalRecord.h */,
				CD0858651845A611005DEB14 /* NSPersistentStoreCoordinator+MagicalRecord.m */,
			);
			path = Categories;
			sourceTree = "<group>";
		};
		CD08583D1845A611005DEB14 /* DataImport */ = {
			isa = PBXGroup;
			children = (
				CD08583E1845A611005DEB14 /* MagicalImportFunctions.h */,
				CD08583F1845A611005DEB14 /* MagicalImportFunctions.m */,
				CD0858401845A611005DEB14 /* NSAttributeDescription+MagicalDataImport.h */,
				CD0858411845A611005DEB14 /* NSAttributeDescription+MagicalDataImport.m */,
				CD0858421845A611005DEB14 /* NSEntityDescription+MagicalDataImport.h */,
				CD0858431845A611005DEB14 /* NSEntityDescription+MagicalDataImport.m */,
				CD0858441845A611005DEB14 /* NSNumber+MagicalDataImport.h */,
				CD0858451845A611005DEB14 /* NSNumber+MagicalDataImport.m */,
				CD0858461845A611005DEB14 /* NSObject+MagicalDataImport.h */,
				CD0858471845A611005DEB14 /* NSObject+MagicalDataImport.m */,
				CD0858481845A611005DEB14 /* NSRelationshipDescription+MagicalDataImport.h */,
				CD0858491845A611005DEB14 /* NSRelationshipDescription+MagicalDataImport.m */,
				CD08584A1845A611005DEB14 /* NSString+MagicalDataImport.h */,
				CD08584B1845A611005DEB14 /* NSString+MagicalDataImport.m */,
			);
			path = DataImport;
			sourceTree = "<group>";
		};
		CD08584C1845A611005DEB14 /* NSManagedObject */ = {
			isa = PBXGroup;
			children = (
				CD08584D1845A611005DEB14 /* NSManagedObject+MagicalAggregation.h */,
				CD08584E1845A611005DEB14 /* NSManagedObject+MagicalAggregation.m */,
				CD08584F1845A611005DEB14 /* NSManagedObject+MagicalDataImport.h */,
				CD0858501845A611005DEB14 /* NSManagedObject+MagicalDataImport.m */,
				CD0858511845A611005DEB14 /* NSManagedObject+MagicalFinders.h */,
				CD0858521845A611005DEB14 /* NSManagedObject+MagicalFinders.m */,
				CD0858531845A611005DEB14 /* NSManagedObject+MagicalRecord.h */,
				CD0858541845A611005DEB14 /* NSManagedObject+MagicalRecord.m */,
				CD0858551845A611005DEB14 /* NSManagedObject+MagicalRequests.h */,
				CD0858561845A611005DEB14 /* NSManagedObject+MagicalRequests.m */,
			);
			path = NSManagedObject;
			sourceTree = "<group>";
		};
		CD0858571845A611005DEB14 /* NSManagedObjectContext */ = {
			isa = PBXGroup;
			children = (
				CD0858581845A611005DEB14 /* NSManagedObjectContext+MagicalObserving.h */,
				CD0858591845A611005DEB14 /* NSManagedObjectContext+MagicalObserving.m */,
				CD08585A1845A611005DEB14 /* NSManagedObjectContext+MagicalRecord.h */,
				CD08585B1845A611005DEB14 /* NSManagedObjectContext+MagicalRecord.m */,
				CD08585C1845A611005DEB14 /* NSManagedObjectContext+MagicalSaves.h */,
				CD08585D1845A611005DEB14 /* NSManagedObjectContext+MagicalSaves.m */,
				CD08585E1845A611005DEB14 /* NSManagedObjectContext+MagicalThreading.h */,
				CD08585F1845A611005DEB14 /* NSManagedObjectContext+MagicalThreading.m */,
			);
			path = NSManagedObjectContext;
			sourceTree = "<group>";
		};
		CD0858661845A611005DEB14 /* Core */ = {
			isa = PBXGroup;
			children = (
				CD0858671845A611005DEB14 /* MagicalRecord+Actions.h */,
				CD0858681845A611005DEB14 /* MagicalRecord+Actions.m */,
				CD0858691845A611005DEB14 /* MagicalRecord+ErrorHandling.h */,
				CD08586A1845A611005DEB14 /* MagicalRecord+ErrorHandling.m */,
				CD08586B1845A611005DEB14 /* MagicalRecord+iCloud.h */,
				CD08586C1845A611005DEB14 /* MagicalRecord+iCloud.m */,
				CD08586D1845A611005DEB14 /* MagicalRecord+Options.h */,
				CD08586E1845A611005DEB14 /* MagicalRecord+Options.m */,
				CD08586F1845A611005DEB14 /* MagicalRecord+Setup.h */,
				CD0858701845A611005DEB14 /* MagicalRecord+Setup.m */,
				CD0858711845A611005DEB14 /* MagicalRecord+ShorthandSupport.h */,
				CD0858721845A611005DEB14 /* MagicalRecord+ShorthandSupport.m */,
				CD0858731845A611005DEB14 /* MagicalRecord.h */,
				CD0858741845A611005DEB14 /* MagicalRecord.m */,
				CD0858751845A611005DEB14 /* MagicalRecordShorthand.h */,
			);
			path = Core;
			sourceTree = "<group>";
		};
		CDADD918184077140047EA0A /* JsonModels */ = {
			isa = PBXGroup;
			children = (
				CDADD919184077A80047EA0A /* PostModel.h */,
				CDADD91A184077A80047EA0A /* PostModel.m */,
				CDADD91C184077BC0047EA0A /* AuthorModel.h */,
				CDADD91D184077BC0047EA0A /* AuthorModel.m */,
				CDADD91F184077C60047EA0A /* TagModel.h */,
				CDADD920184077C60047EA0A /* TagModel.m */,
				CDADD922184077D40047EA0A /* ImageModel.h */,
				CDADD923184077D40047EA0A /* ImageModel.m */,
				CDADD925184077E30047EA0A /* ImageDataModel.h */,
				CDADD926184077E30047EA0A /* ImageDataModel.m */,
				CDADD928184077EC0047EA0A /* CategoryModel.h */,
				CDADD929184077EC0047EA0A /* CategoryModel.m */,
				CDADD92B184077F70047EA0A /* CommentModel.h */,
				CDADD92C184077F70047EA0A /* CommentModel.m */,
				CDADD92E184078010047EA0A /* AttachmentModel.h */,
				CDADD92F184078010047EA0A /* AttachmentModel.m */,
				CD0857FB18409CA1005DEB14 /* CommonModelInterface.h */,
				CD0857FC18409CA1005DEB14 /* CommonModelInterface.m */,
			);
			name = JsonModels;
			sourceTree = "<group>";
		};
		CDADD9311840897B0047EA0A /* CoreDataModels */ = {
			isa = PBXGroup;
			children = (
				CD0857F518408D2E005DEB14 /* StorageModel.xcdatamodeld */,
				CD0858AE184629CE005DEB14 /* Image.h */,
				CD0858AF184629CE005DEB14 /* Image.m */,
				CD0858AB184629CE005DEB14 /* Post.h */,
				CD0858AC184629CE005DEB14 /* Post.m */,
				CD0858A8184629CE005DEB14 /* Category.h */,
				CD0858A9184629CE005DEB14 /* Category.m */,
				CD0858A5184629CE005DEB14 /* CommonInterface.h */,
				CD0858A6184629CE005DEB14 /* CommonInterface.m */,
				CD0858A2184629CE005DEB14 /* Tag.h */,
				CD0858A3184629CE005DEB14 /* Tag.m */,
				CD08589F184629CE005DEB14 /* Author.h */,
				CD0858A0184629CE005DEB14 /* Author.m */,
				CD08589C184629CE005DEB14 /* Attachment.h */,
				CD08589D184629CE005DEB14 /* Attachment.m */,
				CD085899184629CE005DEB14 /* Comment.h */,
				CD08589A184629CE005DEB14 /* Comment.m */,
				CD085896184629CD005DEB14 /* ImageData.h */,
				CD085897184629CD005DEB14 /* ImageData.m */,
			);
			name = CoreDataModels;
			sourceTree = "<group>";
		};
		CDB0FB8917ACED16005024DE = {
			isa = PBXGroup;
			children = (
				CD08583B1845A611005DEB14 /* MagicalRecord */,
				CDB0FB9B17ACED16005024DE /* json */,
				CDB0FB9417ACED16005024DE /* Frameworks */,
				CDB0FB9317ACED16005024DE /* Products */,
				5E3F1B6FBE514A88BE32D8B9 /* Pods.xcconfig */,
			);
			sourceTree = "<group>";
		};
		CDB0FB9317ACED16005024DE /* Products */ = {
			isa = PBXGroup;
			children = (
				CDB0FB9217ACED16005024DE /* json.app */,
			);
			name = Products;
			sourceTree = "<group>";
		};
		CDB0FB9417ACED16005024DE /* Frameworks */ = {
			isa = PBXGroup;
			children = (
				CD0858911845A66B005DEB14 /* CoreData.framework */,
				CDAF7BED183504C900F8098B /* MediaPlayer.framework */,
				CDB0FC0A17B0EB33005024DE /* MapKit.framework */,
				CDB0FBF717AFF050005024DE /* ImageIO.framework */,
				CDB0FB9517ACED16005024DE /* UIKit.framework */,
				CDB0FB9717ACED16005024DE /* Foundation.framework */,
				CDB0FB9917ACED16005024DE /* CoreGraphics.framework */,
				6F761ABD99944187A6FD620E /* libPods.a */,
			);
			name = Frameworks;
			sourceTree = "<group>";
		};
		CDB0FB9B17ACED16005024DE /* json */ = {
			isa = PBXGroup;
			children = (
				CD0858371844D131005DEB14 /* TableViewCell */,
				CDB0FBA417ACED17005024DE /* AppDelegate.h */,
				CDB0FBA517ACED17005024DE /* AppDelegate.m */,
				CDAF7C43183526BB00F8098B /* Storyboard.storyboard */,
				CD0857F218408CB0005DEB14 /* ViewControllers */,
				CD0858361844D126005DEB14 /* DataRetrieveSingletons */,
				CDADD9311840897B0047EA0A /* CoreDataModels */,
				CDADD918184077140047EA0A /* JsonModels */,
				CDB0FB9C17ACED16005024DE /* Supporting Files */,
			);
			path = json;
			sourceTree = "<group>";
		};
		CDB0FB9C17ACED16005024DE /* Supporting Files */ = {
			isa = PBXGroup;
			children = (
				CD0857F018408C88005DEB14 /* Images.xcassets */,
				CDB0FB9D17ACED16005024DE /* json-Info.plist */,
				CDB0FB9E17ACED16005024DE /* InfoPlist.strings */,
				CDB0FBA117ACED16005024DE /* main.m */,
				CDB0FBA317ACED17005024DE /* json-Prefix.pch */,
			);
			name = "Supporting Files";
			sourceTree = "<group>";
		};
/* End PBXGroup section */

/* Begin PBXNativeTarget section */
		CDB0FB9117ACED16005024DE /* json */ = {
			isa = PBXNativeTarget;
			buildConfigurationList = CDB0FBB517ACED17005024DE /* Build configuration list for PBXNativeTarget "json" */;
			buildPhases = (
				6355FDB688EC49F29C7E3DFC /* Check Pods Manifest.lock */,
				CDB0FB8F17ACED16005024DE /* Frameworks */,
				CDB0FB8E17ACED16005024DE /* Sources */,
				CDB0FB9017ACED16005024DE /* Resources */,
				A6809473C33B48F8B21C4DA2 /* Copy Pods Resources */,
			);
			buildRules = (
			);
			dependencies = (
			);
			name = json;
			productName = json;
			productReference = CDB0FB9217ACED16005024DE /* json.app */;
			productType = "com.apple.product-type.application";
		};
/* End PBXNativeTarget section */

/* Begin PBXProject section */
		CDB0FB8A17ACED16005024DE /* Project object */ = {
			isa = PBXProject;
			attributes = {
				LastUpgradeCheck = 0500;
				ORGANIZATIONNAME = "Patrick Ziegler";
				TargetAttributes = {
					CDB0FB9117ACED16005024DE = {
						SystemCapabilities = {
							com.apple.BackgroundModes = {
								enabled = 0;
							};
							com.apple.iOS = {
								enabled = 0;
							};
						};
					};
				};
			};
			buildConfigurationList = CDB0FB8D17ACED16005024DE /* Build configuration list for PBXProject "json" */;
			compatibilityVersion = "Xcode 3.2";
			developmentRegion = English;
			hasScannedForEncodings = 0;
			knownRegions = (
				en,
			);
			mainGroup = CDB0FB8917ACED16005024DE;
			productRefGroup = CDB0FB9317ACED16005024DE /* Products */;
			projectDirPath = "";
			projectRoot = "";
			targets = (
				CDB0FB9117ACED16005024DE /* json */,
			);
		};
/* End PBXProject section */

/* Begin PBXResourcesBuildPhase section */
		CDB0FB9017ACED16005024DE /* Resources */ = {
			isa = PBXResourcesBuildPhase;
			buildActionMask = 2147483647;
			files = (
				CDB0FBA017ACED16005024DE /* InfoPlist.strings in Resources */,
				CD0857F118408C88005DEB14 /* Images.xcassets in Resources */,
				CDB0FBC817AFD4FB005024DE /* MyCell.xib in Resources */,
				CDAF7C44183526BB00F8098B /* Storyboard.storyboard in Resources */,
			);
			runOnlyForDeploymentPostprocessing = 0;
		};
/* End PBXResourcesBuildPhase section */

/* Begin PBXShellScriptBuildPhase section */
		6355FDB688EC49F29C7E3DFC /* Check Pods Manifest.lock */ = {
			isa = PBXShellScriptBuildPhase;
			buildActionMask = 2147483647;
			files = (
			);
			inputPaths = (
			);
			name = "Check Pods Manifest.lock";
			outputPaths = (
			);
			runOnlyForDeploymentPostprocessing = 0;
			shellPath = /bin/sh;
			shellScript = "diff \"${PODS_ROOT}/../Podfile.lock\" \"${PODS_ROOT}/Manifest.lock\" > /dev/null\nif [[ $? != 0 ]] ; then\n    cat << EOM\nerror: The sandbox is not in sync with the Podfile.lock. Run 'pod install' or update your CocoaPods installation.\nEOM\n    exit 1\nfi\n";
			showEnvVarsInLog = 0;
		};
		A6809473C33B48F8B21C4DA2 /* Copy Pods Resources */ = {
			isa = PBXShellScriptBuildPhase;
			buildActionMask = 2147483647;
			files = (
			);
			inputPaths = (
			);
			name = "Copy Pods Resources";
			outputPaths = (
			);
			runOnlyForDeploymentPostprocessing = 0;
			shellPath = /bin/sh;
			shellScript = "\"${SRCROOT}/Pods/Pods-resources.sh\"\n";
			showEnvVarsInLog = 0;
		};
/* End PBXShellScriptBuildPhase section */

/* Begin PBXSourcesBuildPhase section */
		CDB0FB8E17ACED16005024DE /* Sources */ = {
			isa = PBXSourcesBuildPhase;
			buildActionMask = 2147483647;
			files = (
				CD08583A1844DA0D005DEB14 /* PostRetriever.m in Sources */,
				CDADD930184078010047EA0A /* AttachmentModel.m in Sources */,
				CD08588D1845A611005DEB14 /* MagicalRecord+Options.m in Sources */,
				CDB0FBA217ACED17005024DE /* main.m in Sources */,
				CD0858A1184629CE005DEB14 /* Author.m in Sources */,
				CDAF7C4C1839201600F8098B /* FBLoginViewController2.m in Sources */,
				CD0857F718408D2E005DEB14 /* StorageModel.xcdatamodeld in Sources */,
				CD08587D1845A611005DEB14 /* NSString+MagicalDataImport.m in Sources */,
				CD08589B184629CE005DEB14 /* Comment.m in Sources */,
				CDADD921184077C60047EA0A /* TagModel.m in Sources */,
				CD0858881845A611005DEB14 /* NSPersistentStore+MagicalRecord.m in Sources */,
				CD08589E184629CE005DEB14 /* Attachment.m in Sources */,
				CD0858831845A611005DEB14 /* NSManagedObjectContext+MagicalObserving.m in Sources */,
				CD0858AD184629CE005DEB14 /* Post.m in Sources */,
				CD0858861845A611005DEB14 /* NSManagedObjectContext+MagicalThreading.m in Sources */,
				CD0858851845A611005DEB14 /* NSManagedObjectContext+MagicalSaves.m in Sources */,
				CD0858901845A611005DEB14 /* MagicalRecord.m in Sources */,
				CDADD91B184077A80047EA0A /* PostModel.m in Sources */,
				CDB0FBA617ACED17005024DE /* AppDelegate.m in Sources */,
				CD0858771845A611005DEB14 /* MagicalImportFunctions.m in Sources */,
				CD0858781845A611005DEB14 /* NSAttributeDescription+MagicalDataImport.m in Sources */,
				CDADD927184077E30047EA0A /* ImageDataModel.m in Sources */,
				CD085898184629CD005DEB14 /* ImageData.m in Sources */,
				CD0858A7184629CE005DEB14 /* CommonInterface.m in Sources */,
				CD08587A1845A611005DEB14 /* NSNumber+MagicalDataImport.m in Sources */,
				CD0858791845A611005DEB14 /* NSEntityDescription+MagicalDataImport.m in Sources */,
				CD0858A4184629CE005DEB14 /* Tag.m in Sources */,
				CDAF7C491838D5DC00F8098B /* FBLoginViewController.m in Sources */,
				CD08587E1845A611005DEB14 /* NSManagedObject+MagicalAggregation.m in Sources */,
				CD08587B1845A611005DEB14 /* NSObject+MagicalDataImport.m in Sources */,
				CD0858301841DE96005DEB14 /* SpeedTestViewController.m in Sources */,
				CD08588E1845A611005DEB14 /* MagicalRecord+Setup.m in Sources */,
				CD0857FD18409CA1005DEB14 /* CommonModelInterface.m in Sources */,
				CD0858891845A611005DEB14 /* NSPersistentStoreCoordinator+MagicalRecord.m in Sources */,
				CD08587C1845A611005DEB14 /* NSRelationshipDescription+MagicalDataImport.m in Sources */,
				CD08588C1845A611005DEB14 /* MagicalRecord+iCloud.m in Sources */,
				CD0858821845A611005DEB14 /* NSManagedObject+MagicalRequests.m in Sources */,
				CD0858871845A611005DEB14 /* NSManagedObjectModel+MagicalRecord.m in Sources */,
				CD08587F1845A611005DEB14 /* NSManagedObject+MagicalDataImport.m in Sources */,
				CD08588F1845A611005DEB14 /* MagicalRecord+ShorthandSupport.m in Sources */,
				CDB0FBAF17ACED17005024DE /* PostTableViewController.m in Sources */,
				CDADD91E184077BC0047EA0A /* AuthorModel.m in Sources */,
				CD08588B1845A611005DEB14 /* MagicalRecord+ErrorHandling.m in Sources */,
				CDADD924184077D40047EA0A /* ImageModel.m in Sources */,
				CD0858B0184629CE005DEB14 /* Image.m in Sources */,
				CD0858841845A611005DEB14 /* NSManagedObjectContext+MagicalRecord.m in Sources */,
				CDADD92A184077EC0047EA0A /* CategoryModel.m in Sources */,
				CDAF7BA518328D3D00F8098B /* PostViewController.m in Sources */,
				CD0858811845A611005DEB14 /* NSManagedObject+MagicalRecord.m in Sources */,
				CDADD92D184077F70047EA0A /* CommentModel.m in Sources */,
				CD08588A1845A611005DEB14 /* MagicalRecord+Actions.m in Sources */,
				CDB0FBBE17AE8624005024DE /* PostCollection.m in Sources */,
				CD0858801845A611005DEB14 /* NSManagedObject+MagicalFinders.m in Sources */,
				CD0858AA184629CE005DEB14 /* Category.m in Sources */,
				CDB0FBC617AFD4AB005024DE /* MyCell.m in Sources */,
			);
			runOnlyForDeploymentPostprocessing = 0;
		};
/* End PBXSourcesBuildPhase section */

/* Begin PBXVariantGroup section */
		CDB0FB9E17ACED16005024DE /* InfoPlist.strings */ = {
			isa = PBXVariantGroup;
			children = (
				CDB0FB9F17ACED16005024DE /* en */,
			);
			name = InfoPlist.strings;
			path = "Supporting Files";
			sourceTree = "<group>";
		};
/* End PBXVariantGroup section */

/* Begin XCBuildConfiguration section */
		CDB0FBB317ACED17005024DE /* Debug */ = {
			isa = XCBuildConfiguration;
			buildSettings = {
				ALWAYS_SEARCH_USER_PATHS = NO;
				ARCHS = "$(ARCHS_STANDARD_INCLUDING_64_BIT)";
				CLANG_CXX_LANGUAGE_STANDARD = "gnu++0x";
				CLANG_CXX_LIBRARY = "libc++";
				CLANG_ENABLE_OBJC_ARC = YES;
				CLANG_WARN_CONSTANT_CONVERSION = YES;
				CLANG_WARN_EMPTY_BODY = YES;
				CLANG_WARN_ENUM_CONVERSION = YES;
				CLANG_WARN_INT_CONVERSION = YES;
				CLANG_WARN__DUPLICATE_METHOD_MATCH = YES;
				"CODE_SIGN_IDENTITY[sdk=iphoneos*]" = "iPhone Developer";
				COPY_PHASE_STRIP = NO;
				GCC_C_LANGUAGE_STANDARD = gnu99;
				GCC_DYNAMIC_NO_PIC = NO;
				GCC_OPTIMIZATION_LEVEL = 0;
				GCC_PREPROCESSOR_DEFINITIONS = (
					"DEBUG=1",
					"$(inherited)",
				);
				GCC_SYMBOLS_PRIVATE_EXTERN = NO;
				GCC_WARN_ABOUT_RETURN_TYPE = YES;
				GCC_WARN_UNINITIALIZED_AUTOS = YES;
				GCC_WARN_UNUSED_VARIABLE = YES;
				IPHONEOS_DEPLOYMENT_TARGET = 6.1;
				ONLY_ACTIVE_ARCH = YES;
				SDKROOT = iphoneos;
				VALID_ARCHS = "armv7 armv7s arm64";
			};
			name = Debug;
		};
		CDB0FBB417ACED17005024DE /* Release */ = {
			isa = XCBuildConfiguration;
			buildSettings = {
				ALWAYS_SEARCH_USER_PATHS = NO;
				ARCHS = "$(ARCHS_STANDARD_INCLUDING_64_BIT)";
				CLANG_CXX_LANGUAGE_STANDARD = "gnu++0x";
				CLANG_CXX_LIBRARY = "libc++";
				CLANG_ENABLE_OBJC_ARC = YES;
				CLANG_WARN_CONSTANT_CONVERSION = YES;
				CLANG_WARN_EMPTY_BODY = YES;
				CLANG_WARN_ENUM_CONVERSION = YES;
				CLANG_WARN_INT_CONVERSION = YES;
				CLANG_WARN__DUPLICATE_METHOD_MATCH = YES;
				"CODE_SIGN_IDENTITY[sdk=iphoneos*]" = "iPhone Developer";
				COPY_PHASE_STRIP = YES;
				GCC_C_LANGUAGE_STANDARD = gnu99;
				GCC_WARN_ABOUT_RETURN_TYPE = YES;
				GCC_WARN_UNINITIALIZED_AUTOS = YES;
				GCC_WARN_UNUSED_VARIABLE = YES;
				IPHONEOS_DEPLOYMENT_TARGET = 6.1;
				ONLY_ACTIVE_ARCH = YES;
				OTHER_CFLAGS = "-DNS_BLOCK_ASSERTIONS=1";
				SDKROOT = iphoneos;
				VALIDATE_PRODUCT = YES;
				VALID_ARCHS = "armv7 armv7s arm64";
			};
			name = Release;
		};
		CDB0FBB617ACED17005024DE /* Debug */ = {
			isa = XCBuildConfiguration;
			baseConfigurationReference = 5E3F1B6FBE514A88BE32D8B9 /* Pods.xcconfig */;
			buildSettings = {
				ARCHS = "$(ARCHS_STANDARD_INCLUDING_64_BIT)";
				ASSETCATALOG_COMPILER_APPICON_NAME = AppIcon;
				ASSETCATALOG_COMPILER_LAUNCHIMAGE_NAME = LaunchImage;
				FRAMEWORK_SEARCH_PATHS = (
					"$(inherited)",
					"\"$(SRCROOT)\"",
				);
				GCC_PRECOMPILE_PREFIX_HEADER = YES;
				GCC_PREFIX_HEADER = "json/Supporting Files/json-Prefix.pch";
				INFOPLIST_FILE = "$(SRCROOT)/json/Supporting Files/json-Info.plist";
				IPHONEOS_DEPLOYMENT_TARGET = 7.0;
				ONLY_ACTIVE_ARCH = YES;
				PRODUCT_NAME = "$(TARGET_NAME)";
				VALID_ARCHS = "armv7 armv7s arm64";
				WRAPPER_EXTENSION = app;
			};
			name = Debug;
		};
		CDB0FBB717ACED17005024DE /* Release */ = {
			isa = XCBuildConfiguration;
			baseConfigurationReference = 5E3F1B6FBE514A88BE32D8B9 /* Pods.xcconfig */;
			buildSettings = {
				ARCHS = "$(ARCHS_STANDARD_INCLUDING_64_BIT)";
				ASSETCATALOG_COMPILER_APPICON_NAME = AppIcon;
				ASSETCATALOG_COMPILER_LAUNCHIMAGE_NAME = LaunchImage;
				FRAMEWORK_SEARCH_PATHS = (
					"$(inherited)",
					"\"$(SRCROOT)\"",
				);
				GCC_PRECOMPILE_PREFIX_HEADER = YES;
				GCC_PREFIX_HEADER = "json/Supporting Files/json-Prefix.pch";
				INFOPLIST_FILE = "$(SRCROOT)/json/Supporting Files/json-Info.plist";
				IPHONEOS_DEPLOYMENT_TARGET = 7.0;
				ONLY_ACTIVE_ARCH = YES;
				PRODUCT_NAME = "$(TARGET_NAME)";
				VALID_ARCHS = "armv7 armv7s arm64";
				WRAPPER_EXTENSION = app;
			};
			name = Release;
		};
/* End XCBuildConfiguration section */

/* Begin XCConfigurationList section */
		CDB0FB8D17ACED16005024DE /* Build configuration list for PBXProject "json" */ = {
			isa = XCConfigurationList;
			buildConfigurations = (
				CDB0FBB317ACED17005024DE /* Debug */,
				CDB0FBB417ACED17005024DE /* Release */,
			);
			defaultConfigurationIsVisible = 0;
			defaultConfigurationName = Release;
		};
		CDB0FBB517ACED17005024DE /* Build configuration list for PBXNativeTarget "json" */ = {
			isa = XCConfigurationList;
			buildConfigurations = (
				CDB0FBB617ACED17005024DE /* Debug */,
				CDB0FBB717ACED17005024DE /* Release */,
			);
			defaultConfigurationIsVisible = 0;
			defaultConfigurationName = Release;
		};
/* End XCConfigurationList section */

/* Begin XCVersionGroup section */
		CD0857F518408D2E005DEB14 /* StorageModel.xcdatamodeld */ = {
			isa = XCVersionGroup;
			children = (
				CD0857F618408D2E005DEB14 /* StorageModel.xcdatamodel */,
			);
			currentVersion = CD0857F618408D2E005DEB14 /* StorageModel.xcdatamodel */;
			name = StorageModel.xcdatamodeld;
			path = CoreDataModels/StorageModel.xcdatamodeld;
			sourceTree = "<group>";
			versionGroupType = wrapper.xcdatamodel;
		};
/* End XCVersionGroup section */
	};
	rootObject = CDB0FB8A17ACED16005024DE /* Project object */;
}
