// !$*UTF8*$!
{
	archiveVersion = 1;
	classes = {
	};
	objectVersion = 46;
	objects = {

/* Begin PBXBuildFile section */
		CD0857F118408C88005DEB14 /* Images.xcassets in Resources */ = {isa = PBXBuildFile; fileRef = CD0857F018408C88005DEB14 /* Images.xcassets */; };
		CD0857F718408D2E005DEB14 /* StorageModel.xcdatamodeld in Sources */ = {isa = PBXBuildFile; fileRef = CD0857F518408D2E005DEB14 /* StorageModel.xcdatamodeld */; };
		CD0857FD18409CA1005DEB14 /* CommonModelInterface.m in Sources */ = {isa = PBXBuildFile; fileRef = CD0857FC18409CA1005DEB14 /* CommonModelInterface.m */; };
		CD0858301841DE96005DEB14 /* SpeedTestViewController.m in Sources */ = {isa = PBXBuildFile; fileRef = CD08582F1841DE96005DEB14 /* SpeedTestViewController.m */; };
		CD08583A1844DA0D005DEB14 /* PostRetriever.m in Sources */ = {isa = PBXBuildFile; fileRef = CD0858391844DA0D005DEB14 /* PostRetriever.m */; };
		CD08589B184629CE005DEB14 /* Comment.m in Sources */ = {isa = PBXBuildFile; fileRef = CD08589A184629CE005DEB14 /* Comment.m */; };
		CD08589E184629CE005DEB14 /* Attachment.m in Sources */ = {isa = PBXBuildFile; fileRef = CD08589D184629CE005DEB14 /* Attachment.m */; };
		CD0858A1184629CE005DEB14 /* Author.m in Sources */ = {isa = PBXBuildFile; fileRef = CD0858A0184629CE005DEB14 /* Author.m */; };
		CD0858A4184629CE005DEB14 /* Tag.m in Sources */ = {isa = PBXBuildFile; fileRef = CD0858A3184629CE005DEB14 /* Tag.m */; };
		CD0858AA184629CE005DEB14 /* Category.m in Sources */ = {isa = PBXBuildFile; fileRef = CD0858A9184629CE005DEB14 /* Category.m */; };
		CD0858B318477487005DEB14 /* Image.m in Sources */ = {isa = PBXBuildFile; fileRef = CD0858B218477487005DEB14 /* Image.m */; };
		CD0858BA1847855F005DEB14 /* ImageData.m in Sources */ = {isa = PBXBuildFile; fileRef = CD0858B91847855F005DEB14 /* ImageData.m */; };
		CD0858BD18478D06005DEB14 /* CommonInterface.m in Sources */ = {isa = PBXBuildFile; fileRef = CD0858BC18478D06005DEB14 /* CommonInterface.m */; };
		CD108423184CD61E006FFCBD /* Post.m in Sources */ = {isa = PBXBuildFile; fileRef = CD108422184CD61E006FFCBD /* Post.m */; };
		CDADD91B184077A80047EA0A /* PostModel.m in Sources */ = {isa = PBXBuildFile; fileRef = CDADD91A184077A80047EA0A /* PostModel.m */; };
		CDADD91E184077BC0047EA0A /* AuthorModel.m in Sources */ = {isa = PBXBuildFile; fileRef = CDADD91D184077BC0047EA0A /* AuthorModel.m */; };
		CDADD921184077C60047EA0A /* TagModel.m in Sources */ = {isa = PBXBuildFile; fileRef = CDADD920184077C60047EA0A /* TagModel.m */; };
		CDADD924184077D40047EA0A /* ImageModel.m in Sources */ = {isa = PBXBuildFile; fileRef = CDADD923184077D40047EA0A /* ImageModel.m */; };
		CDADD927184077E30047EA0A /* ImageDataModel.m in Sources */ = {isa = PBXBuildFile; fileRef = CDADD926184077E30047EA0A /* ImageDataModel.m */; };
		CDADD92A184077EC0047EA0A /* CategoryModel.m in Sources */ = {isa = PBXBuildFile; fileRef = CDADD929184077EC0047EA0A /* CategoryModel.m */; };
		CDADD92D184077F70047EA0A /* CommentModel.m in Sources */ = {isa = PBXBuildFile; fileRef = CDADD92C184077F70047EA0A /* CommentModel.m */; };
		CDADD930184078010047EA0A /* AttachmentModel.m in Sources */ = {isa = PBXBuildFile; fileRef = CDADD92F184078010047EA0A /* AttachmentModel.m */; };
		CDAF7BA518328D3D00F8098B /* PostViewController.m in Sources */ = {isa = PBXBuildFile; fileRef = CDAF7BA318328D3D00F8098B /* PostViewController.m */; };
		CDAF7BEE183504C900F8098B /* MediaPlayer.framework in Frameworks */ = {isa = PBXBuildFile; fileRef = CDAF7BED183504C900F8098B /* MediaPlayer.framework */; };
		CDAF7C44183526BB00F8098B /* Storyboard.storyboard in Resources */ = {isa = PBXBuildFile; fileRef = CDAF7C43183526BB00F8098B /* Storyboard.storyboard */; };
		CDAF7C491838D5DC00F8098B /* FBLoginViewController.m in Sources */ = {isa = PBXBuildFile; fileRef = CDAF7C481838D5DC00F8098B /* FBLoginViewController.m */; };
		CDAF7C4C1839201600F8098B /* FBLoginViewController2.m in Sources */ = {isa = PBXBuildFile; fileRef = CDAF7C4B1839201600F8098B /* FBLoginViewController2.m */; };
		CDB0FB9617ACED16005024DE /* UIKit.framework in Frameworks */ = {isa = PBXBuildFile; fileRef = CDB0FB9517ACED16005024DE /* UIKit.framework */; };
		CDB0FB9817ACED16005024DE /* Foundation.framework in Frameworks */ = {isa = PBXBuildFile; fileRef = CDB0FB9717ACED16005024DE /* Foundation.framework */; };
		CDB0FB9A17ACED16005024DE /* CoreGraphics.framework in Frameworks */ = {isa = PBXBuildFile; fileRef = CDB0FB9917ACED16005024DE /* CoreGraphics.framework */; };
		CDB0FBA017ACED16005024DE /* InfoPlist.strings in Resources */ = {isa = PBXBuildFile; fileRef = CDB0FB9E17ACED16005024DE /* InfoPlist.strings */; };
		CDB0FBA217ACED17005024DE /* main.m in Sources */ = {isa = PBXBuildFile; fileRef = CDB0FBA117ACED16005024DE /* main.m */; };
		CDB0FBA617ACED17005024DE /* AppDelegate.m in Sources */ = {isa = PBXBuildFile; fileRef = CDB0FBA517ACED17005024DE /* AppDelegate.m */; };
		CDB0FBAF17ACED17005024DE /* PostTableViewController.m in Sources */ = {isa = PBXBuildFile; fileRef = CDB0FBAE17ACED17005024DE /* PostTableViewController.m */; };
		CDB0FBBE17AE8624005024DE /* PostCollection.m in Sources */ = {isa = PBXBuildFile; fileRef = CDB0FBBD17AE8624005024DE /* PostCollection.m */; };
		CDB0FBC617AFD4AB005024DE /* MyCell.m in Sources */ = {isa = PBXBuildFile; fileRef = CDB0FBC517AFD4AB005024DE /* MyCell.m */; };
		CDB0FBF817AFF050005024DE /* ImageIO.framework in Frameworks */ = {isa = PBXBuildFile; fileRef = CDB0FBF717AFF050005024DE /* ImageIO.framework */; };
		CDB0FC0B17B0EB33005024DE /* MapKit.framework in Frameworks */ = {isa = PBXBuildFile; fileRef = CDB0FC0A17B0EB33005024DE /* MapKit.framework */; };
		CDD49603184A18F100C1D362 /* FBActionBlock.m in Sources */ = {isa = PBXBuildFile; fileRef = CDD49602184A18F100C1D362 /* FBActionBlock.m */; };
		CDD49609184B3E0300C1D362 /* ErrorAlert.m in Sources */ = {isa = PBXBuildFile; fileRef = CDD49608184B3E0300C1D362 /* ErrorAlert.m */; };
		CDD4960C184B42D700C1D362 /* SetupInitializer.m in Sources */ = {isa = PBXBuildFile; fileRef = CDD4960B184B42D700C1D362 /* SetupInitializer.m */; };
		E0C563E74B24415DA9F698BB /* libPods.a in Frameworks */ = {isa = PBXBuildFile; fileRef = 6F761ABD99944187A6FD620E /* libPods.a */; };
/* End PBXBuildFile section */

/* Begin PBXFileReference section */
		5E3F1B6FBE514A88BE32D8B9 /* Pods.xcconfig */ = {isa = PBXFileReference; includeInIndex = 1; lastKnownFileType = text.xcconfig; name = Pods.xcconfig; path = Pods/Pods.xcconfig; sourceTree = SOURCE_ROOT; };
		6F761ABD99944187A6FD620E /* libPods.a */ = {isa = PBXFileReference; explicitFileType = archive.ar; includeInIndex = 0; path = libPods.a; sourceTree = BUILT_PRODUCTS_DIR; };
		CD0857F018408C88005DEB14 /* Images.xcassets */ = {isa = PBXFileReference; lastKnownFileType = folder.assetcatalog; name = Images.xcassets; path = "Supporting Files/Images.xcassets"; sourceTree = "<group>"; };
		CD0857F618408D2E005DEB14 /* StorageModel.xcdatamodel */ = {isa = PBXFileReference; lastKnownFileType = wrapper.xcdatamodel; path = StorageModel.xcdatamodel; sourceTree = "<group>"; };
		CD0857FB18409CA1005DEB14 /* CommonModelInterface.h */ = {isa = PBXFileReference; fileEncoding = 4; lastKnownFileType = sourcecode.c.h; name = CommonModelInterface.h; path = JsonModels/CommonModelInterface.h; sourceTree = "<group>"; };
		CD0857FC18409CA1005DEB14 /* CommonModelInterface.m */ = {isa = PBXFileReference; fileEncoding = 4; lastKnownFileType = sourcecode.c.objc; name = CommonModelInterface.m; path = JsonModels/CommonModelInterface.m; sourceTree = "<group>"; };
		CD08582E1841DE96005DEB14 /* SpeedTestViewController.h */ = {isa = PBXFileReference; fileEncoding = 4; lastKnownFileType = sourcecode.c.h; name = SpeedTestViewController.h; path = ViewControllers/SpeedTestViewController.h; sourceTree = "<group>"; };
		CD08582F1841DE96005DEB14 /* SpeedTestViewController.m */ = {isa = PBXFileReference; fileEncoding = 4; lastKnownFileType = sourcecode.c.objc; name = SpeedTestViewController.m; path = ViewControllers/SpeedTestViewController.m; sourceTree = "<group>"; };
		CD0858381844DA0D005DEB14 /* PostRetriever.h */ = {isa = PBXFileReference; fileEncoding = 4; lastKnownFileType = sourcecode.c.h; name = PostRetriever.h; path = Singletons/PostRetriever.h; sourceTree = "<group>"; };
		CD0858391844DA0D005DEB14 /* PostRetriever.m */ = {isa = PBXFileReference; fileEncoding = 4; lastKnownFileType = sourcecode.c.objc; name = PostRetriever.m; path = Singletons/PostRetriever.m; sourceTree = "<group>"; };
		CD085899184629CE005DEB14 /* Comment.h */ = {isa = PBXFileReference; fileEncoding = 4; lastKnownFileType = sourcecode.c.h; name = Comment.h; path = CoreDataModels/Comment.h; sourceTree = "<group>"; };
		CD08589A184629CE005DEB14 /* Comment.m */ = {isa = PBXFileReference; fileEncoding = 4; lastKnownFileType = sourcecode.c.objc; name = Comment.m; path = CoreDataModels/Comment.m; sourceTree = "<group>"; };
		CD08589C184629CE005DEB14 /* Attachment.h */ = {isa = PBXFileReference; fileEncoding = 4; lastKnownFileType = sourcecode.c.h; name = Attachment.h; path = CoreDataModels/Attachment.h; sourceTree = "<group>"; };
		CD08589D184629CE005DEB14 /* Attachment.m */ = {isa = PBXFileReference; fileEncoding = 4; lastKnownFileType = sourcecode.c.objc; name = Attachment.m; path = CoreDataModels/Attachment.m; sourceTree = "<group>"; };
		CD08589F184629CE005DEB14 /* Author.h */ = {isa = PBXFileReference; fileEncoding = 4; lastKnownFileType = sourcecode.c.h; name = Author.h; path = CoreDataModels/Author.h; sourceTree = "<group>"; };
		CD0858A0184629CE005DEB14 /* Author.m */ = {isa = PBXFileReference; fileEncoding = 4; lastKnownFileType = sourcecode.c.objc; name = Author.m; path = CoreDataModels/Author.m; sourceTree = "<group>"; };
		CD0858A2184629CE005DEB14 /* Tag.h */ = {isa = PBXFileReference; fileEncoding = 4; lastKnownFileType = sourcecode.c.h; name = Tag.h; path = CoreDataModels/Tag.h; sourceTree = "<group>"; };
		CD0858A3184629CE005DEB14 /* Tag.m */ = {isa = PBXFileReference; fileEncoding = 4; lastKnownFileType = sourcecode.c.objc; name = Tag.m; path = CoreDataModels/Tag.m; sourceTree = "<group>"; };
		CD0858A8184629CE005DEB14 /* Category.h */ = {isa = PBXFileReference; fileEncoding = 4; lastKnownFileType = sourcecode.c.h; name = Category.h; path = CoreDataModels/Category.h; sourceTree = "<group>"; };
		CD0858A9184629CE005DEB14 /* Category.m */ = {isa = PBXFileReference; fileEncoding = 4; lastKnownFileType = sourcecode.c.objc; name = Category.m; path = CoreDataModels/Category.m; sourceTree = "<group>"; };
		CD0858B118477487005DEB14 /* Image.h */ = {isa = PBXFileReference; fileEncoding = 4; lastKnownFileType = sourcecode.c.h; name = Image.h; path = CoreDataModels/Image.h; sourceTree = "<group>"; };
		CD0858B218477487005DEB14 /* Image.m */ = {isa = PBXFileReference; fileEncoding = 4; lastKnownFileType = sourcecode.c.objc; name = Image.m; path = CoreDataModels/Image.m; sourceTree = "<group>"; };
		CD0858B81847855F005DEB14 /* ImageData.h */ = {isa = PBXFileReference; fileEncoding = 4; lastKnownFileType = sourcecode.c.h; name = ImageData.h; path = CoreDataModels/ImageData.h; sourceTree = "<group>"; };
		CD0858B91847855F005DEB14 /* ImageData.m */ = {isa = PBXFileReference; fileEncoding = 4; lastKnownFileType = sourcecode.c.objc; name = ImageData.m; path = CoreDataModels/ImageData.m; sourceTree = "<group>"; };
		CD0858BB18478D06005DEB14 /* CommonInterface.h */ = {isa = PBXFileReference; fileEncoding = 4; lastKnownFileType = sourcecode.c.h; name = CommonInterface.h; path = CoreDataModels/CommonInterface.h; sourceTree = "<group>"; };
		CD0858BC18478D06005DEB14 /* CommonInterface.m */ = {isa = PBXFileReference; fileEncoding = 4; lastKnownFileType = sourcecode.c.objc; name = CommonInterface.m; path = CoreDataModels/CommonInterface.m; sourceTree = "<group>"; };
		CD108421184CD61E006FFCBD /* Post.h */ = {isa = PBXFileReference; fileEncoding = 4; lastKnownFileType = sourcecode.c.h; name = Post.h; path = CoreDataModels/Post.h; sourceTree = "<group>"; };
		CD108422184CD61E006FFCBD /* Post.m */ = {isa = PBXFileReference; fileEncoding = 4; lastKnownFileType = sourcecode.c.objc; name = Post.m; path = CoreDataModels/Post.m; sourceTree = "<group>"; };
		CDADD919184077A80047EA0A /* PostModel.h */ = {isa = PBXFileReference; fileEncoding = 4; lastKnownFileType = sourcecode.c.h; name = PostModel.h; path = JsonModels/PostModel.h; sourceTree = "<group>"; };
		CDADD91A184077A80047EA0A /* PostModel.m */ = {isa = PBXFileReference; fileEncoding = 4; lastKnownFileType = sourcecode.c.objc; name = PostModel.m; path = JsonModels/PostModel.m; sourceTree = "<group>"; };
		CDADD91C184077BC0047EA0A /* AuthorModel.h */ = {isa = PBXFileReference; fileEncoding = 4; lastKnownFileType = sourcecode.c.h; name = AuthorModel.h; path = JsonModels/AuthorModel.h; sourceTree = "<group>"; };
		CDADD91D184077BC0047EA0A /* AuthorModel.m */ = {isa = PBXFileReference; fileEncoding = 4; lastKnownFileType = sourcecode.c.objc; name = AuthorModel.m; path = JsonModels/AuthorModel.m; sourceTree = "<group>"; };
		CDADD91F184077C60047EA0A /* TagModel.h */ = {isa = PBXFileReference; fileEncoding = 4; lastKnownFileType = sourcecode.c.h; name = TagModel.h; path = JsonModels/TagModel.h; sourceTree = "<group>"; };
		CDADD920184077C60047EA0A /* TagModel.m */ = {isa = PBXFileReference; fileEncoding = 4; lastKnownFileType = sourcecode.c.objc; name = TagModel.m; path = JsonModels/TagModel.m; sourceTree = "<group>"; };
		CDADD922184077D40047EA0A /* ImageModel.h */ = {isa = PBXFileReference; fileEncoding = 4; lastKnownFileType = sourcecode.c.h; name = ImageModel.h; path = JsonModels/ImageModel.h; sourceTree = "<group>"; };
		CDADD923184077D40047EA0A /* ImageModel.m */ = {isa = PBXFileReference; fileEncoding = 4; lastKnownFileType = sourcecode.c.objc; name = ImageModel.m; path = JsonModels/ImageModel.m; sourceTree = "<group>"; };
		CDADD925184077E30047EA0A /* ImageDataModel.h */ = {isa = PBXFileReference; fileEncoding = 4; lastKnownFileType = sourcecode.c.h; name = ImageDataModel.h; path = JsonModels/ImageDataModel.h; sourceTree = "<group>"; };
		CDADD926184077E30047EA0A /* ImageDataModel.m */ = {isa = PBXFileReference; fileEncoding = 4; lastKnownFileType = sourcecode.c.objc; name = ImageDataModel.m; path = JsonModels/ImageDataModel.m; sourceTree = "<group>"; };
		CDADD928184077EC0047EA0A /* CategoryModel.h */ = {isa = PBXFileReference; fileEncoding = 4; lastKnownFileType = sourcecode.c.h; name = CategoryModel.h; path = JsonModels/CategoryModel.h; sourceTree = "<group>"; };
		CDADD929184077EC0047EA0A /* CategoryModel.m */ = {isa = PBXFileReference; fileEncoding = 4; lastKnownFileType = sourcecode.c.objc; name = CategoryModel.m; path = JsonModels/CategoryModel.m; sourceTree = "<group>"; };
		CDADD92B184077F70047EA0A /* CommentModel.h */ = {isa = PBXFileReference; fileEncoding = 4; lastKnownFileType = sourcecode.c.h; name = CommentModel.h; path = JsonModels/CommentModel.h; sourceTree = "<group>"; };
		CDADD92C184077F70047EA0A /* CommentModel.m */ = {isa = PBXFileReference; fileEncoding = 4; lastKnownFileType = sourcecode.c.objc; name = CommentModel.m; path = JsonModels/CommentModel.m; sourceTree = "<group>"; };
		CDADD92E184078010047EA0A /* AttachmentModel.h */ = {isa = PBXFileReference; fileEncoding = 4; lastKnownFileType = sourcecode.c.h; name = AttachmentModel.h; path = JsonModels/AttachmentModel.h; sourceTree = "<group>"; };
		CDADD92F184078010047EA0A /* AttachmentModel.m */ = {isa = PBXFileReference; fileEncoding = 4; lastKnownFileType = sourcecode.c.objc; name = AttachmentModel.m; path = JsonModels/AttachmentModel.m; sourceTree = "<group>"; };
		CDAF7BA218328D3D00F8098B /* PostViewController.h */ = {isa = PBXFileReference; fileEncoding = 4; lastKnownFileType = sourcecode.c.h; name = PostViewController.h; path = ViewControllers/PostViewController.h; sourceTree = "<group>"; };
		CDAF7BA318328D3D00F8098B /* PostViewController.m */ = {isa = PBXFileReference; fileEncoding = 4; lastKnownFileType = sourcecode.c.objc; name = PostViewController.m; path = ViewControllers/PostViewController.m; sourceTree = "<group>"; };
		CDAF7BED183504C900F8098B /* MediaPlayer.framework */ = {isa = PBXFileReference; lastKnownFileType = wrapper.framework; name = MediaPlayer.framework; path = System/Library/Frameworks/MediaPlayer.framework; sourceTree = SDKROOT; };
		CDAF7C43183526BB00F8098B /* Storyboard.storyboard */ = {isa = PBXFileReference; fileEncoding = 4; lastKnownFileType = file.storyboard; path = Storyboard.storyboard; sourceTree = "<group>"; };
		CDAF7C471838D5DC00F8098B /* FBLoginViewController.h */ = {isa = PBXFileReference; fileEncoding = 4; lastKnownFileType = sourcecode.c.h; name = FBLoginViewController.h; path = ViewControllers/FBLoginViewController.h; sourceTree = "<group>"; };
		CDAF7C481838D5DC00F8098B /* FBLoginViewController.m */ = {isa = PBXFileReference; fileEncoding = 4; lastKnownFileType = sourcecode.c.objc; name = FBLoginViewController.m; path = ViewControllers/FBLoginViewController.m; sourceTree = "<group>"; };
		CDAF7C4A1839201600F8098B /* FBLoginViewController2.h */ = {isa = PBXFileReference; fileEncoding = 4; lastKnownFileType = sourcecode.c.h; name = FBLoginViewController2.h; path = ViewControllers/FBLoginViewController2.h; sourceTree = "<group>"; };
		CDAF7C4B1839201600F8098B /* FBLoginViewController2.m */ = {isa = PBXFileReference; fileEncoding = 4; lastKnownFileType = sourcecode.c.objc; name = FBLoginViewController2.m; path = ViewControllers/FBLoginViewController2.m; sourceTree = "<group>"; };
		CDB0FB9217ACED16005024DE /* json.app */ = {isa = PBXFileReference; explicitFileType = wrapper.application; includeInIndex = 0; path = json.app; sourceTree = BUILT_PRODUCTS_DIR; };
		CDB0FB9517ACED16005024DE /* UIKit.framework */ = {isa = PBXFileReference; lastKnownFileType = wrapper.framework; name = UIKit.framework; path = System/Library/Frameworks/UIKit.framework; sourceTree = SDKROOT; };
		CDB0FB9717ACED16005024DE /* Foundation.framework */ = {isa = PBXFileReference; lastKnownFileType = wrapper.framework; name = Foundation.framework; path = System/Library/Frameworks/Foundation.framework; sourceTree = SDKROOT; };
		CDB0FB9917ACED16005024DE /* CoreGraphics.framework */ = {isa = PBXFileReference; lastKnownFileType = wrapper.framework; name = CoreGraphics.framework; path = System/Library/Frameworks/CoreGraphics.framework; sourceTree = SDKROOT; };
		CDB0FB9D17ACED16005024DE /* json-Info.plist */ = {isa = PBXFileReference; lastKnownFileType = text.plist.xml; name = "json-Info.plist"; path = "Supporting Files/json-Info.plist"; sourceTree = "<group>"; };
		CDB0FB9F17ACED16005024DE /* en */ = {isa = PBXFileReference; lastKnownFileType = text.plist.strings; name = en; path = en.lproj/InfoPlist.strings; sourceTree = "<group>"; };
		CDB0FBA117ACED16005024DE /* main.m */ = {isa = PBXFileReference; lastKnownFileType = sourcecode.c.objc; path = main.m; sourceTree = "<group>"; };
		CDB0FBA317ACED17005024DE /* json-Prefix.pch */ = {isa = PBXFileReference; lastKnownFileType = sourcecode.c.h; name = "json-Prefix.pch"; path = "Supporting Files/json-Prefix.pch"; sourceTree = "<group>"; };
		CDB0FBA417ACED17005024DE /* AppDelegate.h */ = {isa = PBXFileReference; lastKnownFileType = sourcecode.c.h; path = AppDelegate.h; sourceTree = "<group>"; };
		CDB0FBA517ACED17005024DE /* AppDelegate.m */ = {isa = PBXFileReference; lastKnownFileType = sourcecode.c.objc; path = AppDelegate.m; sourceTree = "<group>"; };
		CDB0FBAD17ACED17005024DE /* PostTableViewController.h */ = {isa = PBXFileReference; lastKnownFileType = sourcecode.c.h; name = PostTableViewController.h; path = ViewControllers/PostTableViewController.h; sourceTree = "<group>"; };
		CDB0FBAE17ACED17005024DE /* PostTableViewController.m */ = {isa = PBXFileReference; lastKnownFileType = sourcecode.c.objc; name = PostTableViewController.m; path = ViewControllers/PostTableViewController.m; sourceTree = "<group>"; };
		CDB0FBBC17AE8624005024DE /* PostCollection.h */ = {isa = PBXFileReference; fileEncoding = 4; lastKnownFileType = sourcecode.c.h; path = PostCollection.h; sourceTree = "<group>"; };
		CDB0FBBD17AE8624005024DE /* PostCollection.m */ = {isa = PBXFileReference; fileEncoding = 4; lastKnownFileType = sourcecode.c.objc; path = PostCollection.m; sourceTree = "<group>"; };
		CDB0FBC417AFD4AB005024DE /* MyCell.h */ = {isa = PBXFileReference; fileEncoding = 4; lastKnownFileType = sourcecode.c.h; name = MyCell.h; path = Details/MyCell.h; sourceTree = "<group>"; };
		CDB0FBC517AFD4AB005024DE /* MyCell.m */ = {isa = PBXFileReference; fileEncoding = 4; lastKnownFileType = sourcecode.c.objc; name = MyCell.m; path = Details/MyCell.m; sourceTree = "<group>"; };
		CDB0FBF717AFF050005024DE /* ImageIO.framework */ = {isa = PBXFileReference; lastKnownFileType = wrapper.framework; name = ImageIO.framework; path = System/Library/Frameworks/ImageIO.framework; sourceTree = SDKROOT; };
		CDB0FC0A17B0EB33005024DE /* MapKit.framework */ = {isa = PBXFileReference; lastKnownFileType = wrapper.framework; name = MapKit.framework; path = System/Library/Frameworks/MapKit.framework; sourceTree = SDKROOT; };
		CDD49601184A18F100C1D362 /* FBActionBlock.h */ = {isa = PBXFileReference; fileEncoding = 4; lastKnownFileType = sourcecode.c.h; name = FBActionBlock.h; path = Tools/FBActionBlock.h; sourceTree = "<group>"; };
		CDD49602184A18F100C1D362 /* FBActionBlock.m */ = {isa = PBXFileReference; fileEncoding = 4; lastKnownFileType = sourcecode.c.objc; name = FBActionBlock.m; path = Tools/FBActionBlock.m; sourceTree = "<group>"; };
		CDD49607184B3E0300C1D362 /* ErrorAlert.h */ = {isa = PBXFileReference; fileEncoding = 4; lastKnownFileType = sourcecode.c.h; name = ErrorAlert.h; path = Tools/ErrorAlert.h; sourceTree = "<group>"; };
		CDD49608184B3E0300C1D362 /* ErrorAlert.m */ = {isa = PBXFileReference; fileEncoding = 4; lastKnownFileType = sourcecode.c.objc; name = ErrorAlert.m; path = Tools/ErrorAlert.m; sourceTree = "<group>"; };
		CDD4960A184B42D700C1D362 /* SetupInitializer.h */ = {isa = PBXFileReference; fileEncoding = 4; lastKnownFileType = sourcecode.c.h; name = SetupInitializer.h; path = Tools/SetupInitializer.h; sourceTree = "<group>"; };
		CDD4960B184B42D700C1D362 /* SetupInitializer.m */ = {isa = PBXFileReference; fileEncoding = 4; lastKnownFileType = sourcecode.c.objc; name = SetupInitializer.m; path = Tools/SetupInitializer.m; sourceTree = "<group>"; };
/* End PBXFileReference section */

/* Begin PBXFrameworksBuildPhase section */
		CDB0FB8F17ACED16005024DE /* Frameworks */ = {
			isa = PBXFrameworksBuildPhase;
			buildActionMask = 2147483647;
			files = (
				CDAF7BEE183504C900F8098B /* MediaPlayer.framework in Frameworks */,
				CDB0FC0B17B0EB33005024DE /* MapKit.framework in Frameworks */,
				CDB0FBF817AFF050005024DE /* ImageIO.framework in Frameworks */,
				CDB0FB9617ACED16005024DE /* UIKit.framework in Frameworks */,
				CDB0FB9817ACED16005024DE /* Foundation.framework in Frameworks */,
				CDB0FB9A17ACED16005024DE /* CoreGraphics.framework in Frameworks */,
				E0C563E74B24415DA9F698BB /* libPods.a in Frameworks */,
			);
			runOnlyForDeploymentPostprocessing = 0;
		};
/* End PBXFrameworksBuildPhase section */

/* Begin PBXGroup section */
		CD0857F218408CB0005DEB14 /* ViewControllers */ = {
			isa = PBXGroup;
			children = (
				CDB0FBAD17ACED17005024DE /* PostTableViewController.h */,
				CDB0FBAE17ACED17005024DE /* PostTableViewController.m */,
				CDAF7BA218328D3D00F8098B /* PostViewController.h */,
				CDAF7BA318328D3D00F8098B /* PostViewController.m */,
			);
			name = ViewControllers;
			sourceTree = "<group>";
		};
		CD0858361844D126005DEB14 /* DataRetrieveSingletons */ = {
			isa = PBXGroup;
			children = (
				CDB0FBBC17AE8624005024DE /* PostCollection.h */,
				CDB0FBBD17AE8624005024DE /* PostCollection.m */,
				CD0858381844DA0D005DEB14 /* PostRetriever.h */,
				CD0858391844DA0D005DEB14 /* PostRetriever.m */,
			);
			name = DataRetrieveSingletons;
			sourceTree = "<group>";
		};
		CD0858371844D131005DEB14 /* TableViewCell */ = {
			isa = PBXGroup;
			children = (
				CDB0FBC417AFD4AB005024DE /* MyCell.h */,
				CDB0FBC517AFD4AB005024DE /* MyCell.m */,
			);
			name = TableViewCell;
			sourceTree = "<group>";
		};
		CDADD918184077140047EA0A /* JsonModels */ = {
			isa = PBXGroup;
			children = (
				CDADD919184077A80047EA0A /* PostModel.h */,
				CDADD91A184077A80047EA0A /* PostModel.m */,
				CDADD91C184077BC0047EA0A /* AuthorModel.h */,
				CDADD91D184077BC0047EA0A /* AuthorModel.m */,
				CDADD91F184077C60047EA0A /* TagModel.h */,
				CDADD920184077C60047EA0A /* TagModel.m */,
				CDADD922184077D40047EA0A /* ImageModel.h */,
				CDADD923184077D40047EA0A /* ImageModel.m */,
				CDADD925184077E30047EA0A /* ImageDataModel.h */,
				CDADD926184077E30047EA0A /* ImageDataModel.m */,
				CDADD928184077EC0047EA0A /* CategoryModel.h */,
				CDADD929184077EC0047EA0A /* CategoryModel.m */,
				CDADD92B184077F70047EA0A /* CommentModel.h */,
				CDADD92C184077F70047EA0A /* CommentModel.m */,
				CDADD92E184078010047EA0A /* AttachmentModel.h */,
				CDADD92F184078010047EA0A /* AttachmentModel.m */,
				CD0857FB18409CA1005DEB14 /* CommonModelInterface.h */,
				CD0857FC18409CA1005DEB14 /* CommonModelInterface.m */,
			);
			name = JsonModels;
			sourceTree = "<group>";
		};
		CDADD9311840897B0047EA0A /* CoreDataModels */ = {
			isa = PBXGroup;
			children = (
				CD0857F518408D2E005DEB14 /* StorageModel.xcdatamodeld */,
				CD108421184CD61E006FFCBD /* Post.h */,
				CD108422184CD61E006FFCBD /* Post.m */,
				CD0858BB18478D06005DEB14 /* CommonInterface.h */,
				CD0858BC18478D06005DEB14 /* CommonInterface.m */,
				CD0858B81847855F005DEB14 /* ImageData.h */,
				CD0858B91847855F005DEB14 /* ImageData.m */,
				CD0858B118477487005DEB14 /* Image.h */,
				CD0858B218477487005DEB14 /* Image.m */,
				CD0858A8184629CE005DEB14 /* Category.h */,
				CD0858A9184629CE005DEB14 /* Category.m */,
				CD0858A2184629CE005DEB14 /* Tag.h */,
				CD0858A3184629CE005DEB14 /* Tag.m */,
				CD08589F184629CE005DEB14 /* Author.h */,
				CD0858A0184629CE005DEB14 /* Author.m */,
				CD08589C184629CE005DEB14 /* Attachment.h */,
				CD08589D184629CE005DEB14 /* Attachment.m */,
				CD085899184629CE005DEB14 /* Comment.h */,
				CD08589A184629CE005DEB14 /* Comment.m */,
			);
			name = CoreDataModels;
			sourceTree = "<group>";
		};
		CDB0FB8917ACED16005024DE = {
			isa = PBXGroup;
			children = (
				CDB0FB9B17ACED16005024DE /* json */,
				CDB0FB9417ACED16005024DE /* Frameworks */,
				CDB0FB9317ACED16005024DE /* Products */,
				5E3F1B6FBE514A88BE32D8B9 /* Pods.xcconfig */,
			);
			sourceTree = "<group>";
		};
		CDB0FB9317ACED16005024DE /* Products */ = {
			isa = PBXGroup;
			children = (
				CDB0FB9217ACED16005024DE /* json.app */,
			);
			name = Products;
			sourceTree = "<group>";
		};
		CDB0FB9417ACED16005024DE /* Frameworks */ = {
			isa = PBXGroup;
			children = (
				CDAF7BED183504C900F8098B /* MediaPlayer.framework */,
				CDB0FC0A17B0EB33005024DE /* MapKit.framework */,
				CDB0FBF717AFF050005024DE /* ImageIO.framework */,
				CDB0FB9517ACED16005024DE /* UIKit.framework */,
				CDB0FB9717ACED16005024DE /* Foundation.framework */,
				CDB0FB9917ACED16005024DE /* CoreGraphics.framework */,
				6F761ABD99944187A6FD620E /* libPods.a */,
			);
			name = Frameworks;
			sourceTree = "<group>";
		};
		CDB0FB9B17ACED16005024DE /* json */ = {
			isa = PBXGroup;
			children = (
				CDB0FBA417ACED17005024DE /* AppDelegate.h */,
				CDB0FBA517ACED17005024DE /* AppDelegate.m */,
				CDD49604184A190E00C1D362 /* Tools */,
				CD0858361844D126005DEB14 /* DataRetrieveSingletons */,
				CDD49605184AF41300C1D362 /* UI items */,
				CDADD9311840897B0047EA0A /* CoreDataModels */,
				CDADD918184077140047EA0A /* JsonModels */,
				CDB0FB9C17ACED16005024DE /* Supporting Files */,
			);
			path = json;
			sourceTree = "<group>";
		};
		CDB0FB9C17ACED16005024DE /* Supporting Files */ = {
			isa = PBXGroup;
			children = (
				CD0857F018408C88005DEB14 /* Images.xcassets */,
				CDB0FB9D17ACED16005024DE /* json-Info.plist */,
				CDB0FB9E17ACED16005024DE /* InfoPlist.strings */,
				CDB0FBA117ACED16005024DE /* main.m */,
				CDB0FBA317ACED17005024DE /* json-Prefix.pch */,
			);
			name = "Supporting Files";
			sourceTree = "<group>";
		};
		CDD49604184A190E00C1D362 /* Tools */ = {
			isa = PBXGroup;
			children = (
				CDD49601184A18F100C1D362 /* FBActionBlock.h */,
				CDD49602184A18F100C1D362 /* FBActionBlock.m */,
				CDD49607184B3E0300C1D362 /* ErrorAlert.h */,
				CDD49608184B3E0300C1D362 /* ErrorAlert.m */,
				CDD4960A184B42D700C1D362 /* SetupInitializer.h */,
				CDD4960B184B42D700C1D362 /* SetupInitializer.m */,
			);
			name = Tools;
			sourceTree = "<group>";
		};
		CDD49605184AF41300C1D362 /* UI items */ = {
			isa = PBXGroup;
			children = (
				CDAF7C43183526BB00F8098B /* Storyboard.storyboard */,
				CD0858371844D131005DEB14 /* TableViewCell */,
				CD0857F218408CB0005DEB14 /* ViewControllers */,
				CDD49606184B372600C1D362 /* TestControllers */,
			);
			name = "UI items";
			sourceTree = "<group>";
		};
		CDD49606184B372600C1D362 /* TestControllers */ = {
			isa = PBXGroup;
			children = (
				CD08582E1841DE96005DEB14 /* SpeedTestViewController.h */,
				CD08582F1841DE96005DEB14 /* SpeedTestViewController.m */,
				CDAF7C471838D5DC00F8098B /* FBLoginViewController.h */,
				CDAF7C481838D5DC00F8098B /* FBLoginViewController.m */,
				CDAF7C4A1839201600F8098B /* FBLoginViewController2.h */,
				CDAF7C4B1839201600F8098B /* FBLoginViewController2.m */,
			);
			name = TestControllers;
			sourceTree = "<group>";
		};
/* End PBXGroup section */

/* Begin PBXNativeTarget section */
		CDB0FB9117ACED16005024DE /* json */ = {
			isa = PBXNativeTarget;
			buildConfigurationList = CDB0FBB517ACED17005024DE /* Build configuration list for PBXNativeTarget "json" */;
			buildPhases = (
				6355FDB688EC49F29C7E3DFC /* Check Pods Manifest.lock */,
				CDB0FB8F17ACED16005024DE /* Frameworks */,
				CDB0FB8E17ACED16005024DE /* Sources */,
				CDB0FB9017ACED16005024DE /* Resources */,
				A6809473C33B48F8B21C4DA2 /* Copy Pods Resources */,
			);
			buildRules = (
			);
			dependencies = (
			);
			name = json;
			productName = json;
			productReference = CDB0FB9217ACED16005024DE /* json.app */;
			productType = "com.apple.product-type.application";
		};
/* End PBXNativeTarget section */

/* Begin PBXProject section */
		CDB0FB8A17ACED16005024DE /* Project object */ = {
			isa = PBXProject;
			attributes = {
				LastUpgradeCheck = 0500;
				ORGANIZATIONNAME = "Patrick Ziegler";
				TargetAttributes = {
					CDB0FB9117ACED16005024DE = {
						SystemCapabilities = {
							com.apple.BackgroundModes = {
								enabled = 0;
							};
							com.apple.iOS = {
								enabled = 0;
							};
						};
					};
				};
			};
			buildConfigurationList = CDB0FB8D17ACED16005024DE /* Build configuration list for PBXProject "json" */;
			compatibilityVersion = "Xcode 3.2";
			developmentRegion = English;
			hasScannedForEncodings = 0;
			knownRegions = (
				en,
			);
			mainGroup = CDB0FB8917ACED16005024DE;
			productRefGroup = CDB0FB9317ACED16005024DE /* Products */;
			projectDirPath = "";
			projectRoot = "";
			targets = (
				CDB0FB9117ACED16005024DE /* json */,
			);
		};
/* End PBXProject section */

/* Begin PBXResourcesBuildPhase section */
		CDB0FB9017ACED16005024DE /* Resources */ = {
			isa = PBXResourcesBuildPhase;
			buildActionMask = 2147483647;
			files = (
				CDB0FBA017ACED16005024DE /* InfoPlist.strings in Resources */,
				CD0857F118408C88005DEB14 /* Images.xcassets in Resources */,
				CDAF7C44183526BB00F8098B /* Storyboard.storyboard in Resources */,
			);
			runOnlyForDeploymentPostprocessing = 0;
		};
/* End PBXResourcesBuildPhase section */

/* Begin PBXShellScriptBuildPhase section */
		6355FDB688EC49F29C7E3DFC /* Check Pods Manifest.lock */ = {
			isa = PBXShellScriptBuildPhase;
			buildActionMask = 2147483647;
			files = (
			);
			inputPaths = (
			);
			name = "Check Pods Manifest.lock";
			outputPaths = (
			);
			runOnlyForDeploymentPostprocessing = 0;
			shellPath = /bin/sh;
			shellScript = "diff \"${PODS_ROOT}/../Podfile.lock\" \"${PODS_ROOT}/Manifest.lock\" > /dev/null\nif [[ $? != 0 ]] ; then\n    cat << EOM\nerror: The sandbox is not in sync with the Podfile.lock. Run 'pod install' or update your CocoaPods installation.\nEOM\n    exit 1\nfi\n";
			showEnvVarsInLog = 0;
		};
		A6809473C33B48F8B21C4DA2 /* Copy Pods Resources */ = {
			isa = PBXShellScriptBuildPhase;
			buildActionMask = 2147483647;
			files = (
			);
			inputPaths = (
			);
			name = "Copy Pods Resources";
			outputPaths = (
			);
			runOnlyForDeploymentPostprocessing = 0;
			shellPath = /bin/sh;
			shellScript = "\"${SRCROOT}/Pods/Pods-resources.sh\"\n";
			showEnvVarsInLog = 0;
		};
/* End PBXShellScriptBuildPhase section */

/* Begin PBXSourcesBuildPhase section */
		CDB0FB8E17ACED16005024DE /* Sources */ = {
			isa = PBXSourcesBuildPhase;
			buildActionMask = 2147483647;
			files = (
				CD08583A1844DA0D005DEB14 /* PostRetriever.m in Sources */,
				CDADD930184078010047EA0A /* AttachmentModel.m in Sources */,
				CDD4960C184B42D700C1D362 /* SetupInitializer.m in Sources */,
				CDD49609184B3E0300C1D362 /* ErrorAlert.m in Sources */,
				CDB0FBA217ACED17005024DE /* main.m in Sources */,
				CD0858A1184629CE005DEB14 /* Author.m in Sources */,
				CDAF7C4C1839201600F8098B /* FBLoginViewController2.m in Sources */,
				CD108423184CD61E006FFCBD /* Post.m in Sources */,
				CD0857F718408D2E005DEB14 /* StorageModel.xcdatamodeld in Sources */,
				CD08589B184629CE005DEB14 /* Comment.m in Sources */,
				CDADD921184077C60047EA0A /* TagModel.m in Sources */,
				CD08589E184629CE005DEB14 /* Attachment.m in Sources */,
				CDADD91B184077A80047EA0A /* PostModel.m in Sources */,
				CDB0FBA617ACED17005024DE /* AppDelegate.m in Sources */,
				CDADD927184077E30047EA0A /* ImageDataModel.m in Sources */,
				CD0858A4184629CE005DEB14 /* Tag.m in Sources */,
				CDAF7C491838D5DC00F8098B /* FBLoginViewController.m in Sources */,
				CD0858301841DE96005DEB14 /* SpeedTestViewController.m in Sources */,
				CD0857FD18409CA1005DEB14 /* CommonModelInterface.m in Sources */,
				CDB0FBAF17ACED17005024DE /* PostTableViewController.m in Sources */,
				CDADD91E184077BC0047EA0A /* AuthorModel.m in Sources */,
				CDADD924184077D40047EA0A /* ImageModel.m in Sources */,
				CD0858B318477487005DEB14 /* Image.m in Sources */,
				CDADD92A184077EC0047EA0A /* CategoryModel.m in Sources */,
				CD0858BD18478D06005DEB14 /* CommonInterface.m in Sources */,
				CDAF7BA518328D3D00F8098B /* PostViewController.m in Sources */,
				CDADD92D184077F70047EA0A /* CommentModel.m in Sources */,
				CDB0FBBE17AE8624005024DE /* PostCollection.m in Sources */,
				CD0858AA184629CE005DEB14 /* Category.m in Sources */,
				CDD49603184A18F100C1D362 /* FBActionBlock.m in Sources */,
				CD0858BA1847855F005DEB14 /* ImageData.m in Sources */,
				CDB0FBC617AFD4AB005024DE /* MyCell.m in Sources */,
			);
			runOnlyForDeploymentPostprocessing = 0;
		};
/* End PBXSourcesBuildPhase section */

/* Begin PBXVariantGroup section */
		CDB0FB9E17ACED16005024DE /* InfoPlist.strings */ = {
			isa = PBXVariantGroup;
			children = (
				CDB0FB9F17ACED16005024DE /* en */,
			);
			name = InfoPlist.strings;
			path = "Supporting Files";
			sourceTree = "<group>";
		};
/* End PBXVariantGroup section */

/* Begin XCBuildConfiguration section */
		CDB0FBB317ACED17005024DE /* Debug */ = {
			isa = XCBuildConfiguration;
			buildSettings = {
				ALWAYS_SEARCH_USER_PATHS = NO;
				ARCHS = "$(ARCHS_STANDARD_INCLUDING_64_BIT)";
				CLANG_CXX_LANGUAGE_STANDARD = "gnu++0x";
				CLANG_CXX_LIBRARY = "libc++";
				CLANG_ENABLE_OBJC_ARC = YES;
				CLANG_WARN_CONSTANT_CONVERSION = YES;
				CLANG_WARN_EMPTY_BODY = YES;
				CLANG_WARN_ENUM_CONVERSION = YES;
				CLANG_WARN_INT_CONVERSION = YES;
				CLANG_WARN__DUPLICATE_METHOD_MATCH = YES;
				"CODE_SIGN_IDENTITY[sdk=iphoneos*]" = "iPhone Developer";
				COPY_PHASE_STRIP = NO;
				GCC_C_LANGUAGE_STANDARD = gnu99;
				GCC_DYNAMIC_NO_PIC = NO;
				GCC_OPTIMIZATION_LEVEL = 0;
				GCC_PREPROCESSOR_DEFINITIONS = (
					"DEBUG=1",
					"$(inherited)",
				);
				GCC_SYMBOLS_PRIVATE_EXTERN = NO;
				GCC_WARN_ABOUT_RETURN_TYPE = YES;
				GCC_WARN_UNINITIALIZED_AUTOS = YES;
				GCC_WARN_UNUSED_VARIABLE = YES;
				IPHONEOS_DEPLOYMENT_TARGET = 7.1;
				ONLY_ACTIVE_ARCH = YES;
				SDKROOT = iphoneos;
				VALID_ARCHS = "armv7 armv7s arm64";
			};
			name = Debug;
		};
		CDB0FBB417ACED17005024DE /* Release */ = {
			isa = XCBuildConfiguration;
			buildSettings = {
				ALWAYS_SEARCH_USER_PATHS = NO;
				ARCHS = "$(ARCHS_STANDARD_INCLUDING_64_BIT)";
				CLANG_CXX_LANGUAGE_STANDARD = "gnu++0x";
				CLANG_CXX_LIBRARY = "libc++";
				CLANG_ENABLE_OBJC_ARC = YES;
				CLANG_WARN_CONSTANT_CONVERSION = YES;
				CLANG_WARN_EMPTY_BODY = YES;
				CLANG_WARN_ENUM_CONVERSION = YES;
				CLANG_WARN_INT_CONVERSION = YES;
				CLANG_WARN__DUPLICATE_METHOD_MATCH = YES;
				"CODE_SIGN_IDENTITY[sdk=iphoneos*]" = "iPhone Developer";
				COPY_PHASE_STRIP = YES;
				GCC_C_LANGUAGE_STANDARD = gnu99;
				GCC_WARN_ABOUT_RETURN_TYPE = YES;
				GCC_WARN_UNINITIALIZED_AUTOS = YES;
				GCC_WARN_UNUSED_VARIABLE = YES;
				IPHONEOS_DEPLOYMENT_TARGET = 7.1;
				ONLY_ACTIVE_ARCH = YES;
				OTHER_CFLAGS = "-DNS_BLOCK_ASSERTIONS=1";
				SDKROOT = iphoneos;
				VALIDATE_PRODUCT = YES;
				VALID_ARCHS = "armv7 armv7s arm64";
			};
			name = Release;
		};
		CDB0FBB617ACED17005024DE /* Debug */ = {
			isa = XCBuildConfiguration;
			baseConfigurationReference = 5E3F1B6FBE514A88BE32D8B9 /* Pods.xcconfig */;
			buildSettings = {
				ARCHS = "$(ARCHS_STANDARD_INCLUDING_64_BIT)";
				ASSETCATALOG_COMPILER_APPICON_NAME = AppIcon;
				ASSETCATALOG_COMPILER_LAUNCHIMAGE_NAME = LaunchImage;
				FRAMEWORK_SEARCH_PATHS = (
					"$(inherited)",
					"\"$(SRCROOT)\"",
				);
				GCC_PRECOMPILE_PREFIX_HEADER = YES;
				GCC_PREFIX_HEADER = "json/Supporting Files/json-Prefix.pch";
				INFOPLIST_FILE = "$(SRCROOT)/json/Supporting Files/json-Info.plist";
				IPHONEOS_DEPLOYMENT_TARGET = 7.0;
				ONLY_ACTIVE_ARCH = YES;
				PRODUCT_NAME = "$(TARGET_NAME)";
				VALID_ARCHS = "armv7 armv7s arm64";
				WRAPPER_EXTENSION = app;
			};
			name = Debug;
		};
		CDB0FBB717ACED17005024DE /* Release */ = {
			isa = XCBuildConfiguration;
			baseConfigurationReference = 5E3F1B6FBE514A88BE32D8B9 /* Pods.xcconfig */;
			buildSettings = {
				ARCHS = "$(ARCHS_STANDARD_INCLUDING_64_BIT)";
				ASSETCATALOG_COMPILER_APPICON_NAME = AppIcon;
				ASSETCATALOG_COMPILER_LAUNCHIMAGE_NAME = LaunchImage;
				FRAMEWORK_SEARCH_PATHS = (
					"$(inherited)",
					"\"$(SRCROOT)\"",
				);
				GCC_PRECOMPILE_PREFIX_HEADER = YES;
				GCC_PREFIX_HEADER = "json/Supporting Files/json-Prefix.pch";
				INFOPLIST_FILE = "$(SRCROOT)/json/Supporting Files/json-Info.plist";
				IPHONEOS_DEPLOYMENT_TARGET = 7.0;
				ONLY_ACTIVE_ARCH = YES;
				PRODUCT_NAME = "$(TARGET_NAME)";
				VALID_ARCHS = "armv7 armv7s arm64";
				WRAPPER_EXTENSION = app;
			};
			name = Release;
		};
/* End XCBuildConfiguration section */

/* Begin XCConfigurationList section */
		CDB0FB8D17ACED16005024DE /* Build configuration list for PBXProject "json" */ = {
			isa = XCConfigurationList;
			buildConfigurations = (
				CDB0FBB317ACED17005024DE /* Debug */,
				CDB0FBB417ACED17005024DE /* Release */,
			);
			defaultConfigurationIsVisible = 0;
			defaultConfigurationName = Release;
		};
		CDB0FBB517ACED17005024DE /* Build configuration list for PBXNativeTarget "json" */ = {
			isa = XCConfigurationList;
			buildConfigurations = (
				CDB0FBB617ACED17005024DE /* Debug */,
				CDB0FBB717ACED17005024DE /* Release */,
			);
			defaultConfigurationIsVisible = 0;
			defaultConfigurationName = Release;
		};
/* End XCConfigurationList section */

/* Begin XCVersionGroup section */
		CD0857F518408D2E005DEB14 /* StorageModel.xcdatamodeld */ = {
			isa = XCVersionGroup;
			children = (
				CD0857F618408D2E005DEB14 /* StorageModel.xcdatamodel */,
			);
			currentVersion = CD0857F618408D2E005DEB14 /* StorageModel.xcdatamodel */;
			name = StorageModel.xcdatamodeld;
			path = CoreDataModels/StorageModel.xcdatamodeld;
			sourceTree = "<group>";
			versionGroupType = wrapper.xcdatamodel;
		};
/* End XCVersionGroup section */
	};
	rootObject = CDB0FB8A17ACED16005024DE /* Project object */;
}
